// !$*UTF8*$!
{
	archiveVersion = 1;
	classes = {
	};
	objectVersion = 46;
	objects = {

/* Begin PBXBuildFile section */
		006215D69E864D667BE2659E /* StreamHTTPRouter.swift in Sources */ = {isa = PBXBuildFile; fileRef = 7D5938A97D59D6913A09B93B /* StreamHTTPRouter.swift */; };
		05D993BEF1AB2092A9739941 /* LanguageSettingsView.swift in Sources */ = {isa = PBXBuildFile; fileRef = E2FED04070E82A8510991F65 /* LanguageSettingsView.swift */; };
		062AFB06EB81CA403E768CBD /* BrandIdentity.swift in Sources */ = {isa = PBXBuildFile; fileRef = D45142CA7F68E46FB8ABE531 /* BrandIdentity.swift */; };
		0C00A41FA0B2F308F6A0E716 /* Localizable.strings in Resources */ = {isa = PBXBuildFile; fileRef = F37A3020A949100E2A75EB5B /* Localizable.strings */; };
		0D5C604887FA5CD995075702 /* Foundation.framework in Frameworks */ = {isa = PBXBuildFile; fileRef = 8D454D37DE99ECFD71E30007 /* Foundation.framework */; };
		10AD737383941EFDA99E4D25 /* PCMUtilities.swift in Sources */ = {isa = PBXBuildFile; fileRef = 8B248F2F9E9A17FD86B0BDC5 /* PCMUtilities.swift */; };
		13FED8D8637A47434806DE43 /* CastPlayback.swift in Sources */ = {isa = PBXBuildFile; fileRef = 21EE53074467A560ADEA56A1 /* CastPlayback.swift */; };
		145D2563C631F23E9F49891C /* FirebaseCore in Frameworks */ = {isa = PBXBuildFile; productRef = A053C1312CC6F998A956BDB8 /* FirebaseCore */; };
		14B52FC6D2093B1BE1213F21 /* GoogleSansMedium.bundle in Copy Cast SDK resources */ = {isa = PBXBuildFile; fileRef = B8161C96F35D7B41D61D3DEA /* GoogleSansMedium.bundle */; };
		155ACA0306E85D5ACFE7872C /* TVConnectionView.swift in Sources */ = {isa = PBXBuildFile; fileRef = AB3F745153019983BA3FD738 /* TVConnectionView.swift */; };
		17E6908676C3390E7D331A97 /* MirivoRootView.swift in Sources */ = {isa = PBXBuildFile; fileRef = 1BD138F2771677E0266A634A /* MirivoRootView.swift */; };
		1B3E7A4CBBC1C34F62E4CA4E /* AppLanguage.swift in Sources */ = {isa = PBXBuildFile; fileRef = 787046BD7F1A20B94421966A /* AppLanguage.swift */; };
		1BC1067F754DAB6EDFA35313 /* TVPlaybackTests.swift in Sources */ = {isa = PBXBuildFile; fileRef = EF6C924F50B8303DC45957B3 /* TVPlaybackTests.swift */; };
		1D0A79EBE581B9A6A64512B5 /* InfoPlist.strings in Resources */ = {isa = PBXBuildFile; fileRef = CB32B97378C090A9206ED191 /* InfoPlist.strings */; };
		20758F50B6F09DCA2FD7C90C /* Foundation.framework in Frameworks */ = {isa = PBXBuildFile; fileRef = 8D454D37DE99ECFD71E30007 /* Foundation.framework */; };
		217AC66AE9F84A258F360448 /* ProductPolicy.swift in Sources */ = {isa = PBXBuildFile; fileRef = 9FDE7CF99F3A1DCD9735A8CF /* ProductPolicy.swift */; };
		25562C234FBA22057FEB9C58 /* GoogleCastOptionalUIResources.bundle in Copy Cast SDK resources */ = {isa = PBXBuildFile; fileRef = BA76B3B4B36C3BC49D21AE13 /* GoogleCastOptionalUIResources.bundle */; };
		2576F52964973E0EC39B3833 /* FirebaseAnalyticsCore in Frameworks */ = {isa = PBXBuildFile; productRef = 3B4F86625654F84E84CE71FB /* FirebaseAnalyticsCore */; };
		27117EDC48D1645BDBFECC92 /* MaterialDialogs.bundle in Copy Cast SDK resources */ = {isa = PBXBuildFile; fileRef = F2CDC9C23EEEC6FBCCF5BC9A /* MaterialDialogs.bundle */; };
		2915164D2882D81C1830E7A4 /* CaptionRenderer.swift in Sources */ = {isa = PBXBuildFile; fileRef = 8B420E696B5AE25804665DF3 /* CaptionRenderer.swift */; };
		2955DB7E8ED2AC1EC25E7169 /* MirivoEntryView.swift in Sources */ = {isa = PBXBuildFile; fileRef = 87D3EAA2AFB239E65065D973 /* MirivoEntryView.swift */; };
		29E31FE1926268BC1782964C /* Preferences.swift in Sources */ = {isa = PBXBuildFile; fileRef = 8C6CFB82569E3E762C4A23BC /* Preferences.swift */; };
		2D11F68A3345D4F7FE977F65 /* GoogleCast in Frameworks */ = {isa = PBXBuildFile; productRef = 26017F0CE09C1ECEF5E57F0F /* GoogleCast */; };
		2F7F047237A9D0B1BADCE6F9 /* SampleHandler.swift in Sources */ = {isa = PBXBuildFile; fileRef = CCDFD08F086D71EF7F89670C /* SampleHandler.swift */; };
		31CEC2509C36DAFD8E2E6858 /* PlaybackController.swift in Sources */ = {isa = PBXBuildFile; fileRef = ABD0E1EBF50E2E9AB49A64D3 /* PlaybackController.swift */; };
		34CD342378EC8881A3372D79 /* PushRegistration.swift in Sources */ = {isa = PBXBuildFile; fileRef = 46FCE71F0743D7DC9135097E /* PushRegistration.swift */; };
		368488AED34FCCB443AB3466 /* HLSBuffer.swift in Sources */ = {isa = PBXBuildFile; fileRef = 065C0CB1578CC200E9B27345 /* HLSBuffer.swift */; };
		3F0336C934E7FA3902406B79 /* MirrorStyle.swift in Sources */ = {isa = PBXBuildFile; fileRef = 75317F6BE00DF2DABF380FFF /* MirrorStyle.swift */; };
		423DF0893E354E9AAA596E9A /* GoogleSansBold.bundle in Copy Cast SDK resources */ = {isa = PBXBuildFile; fileRef = 20A6FC640DEC8B88E8868824 /* GoogleSansBold.bundle */; };
		447B73F45C960BBF4894409E /* GoogleCastCoreResources.bundle in Copy Cast SDK resources */ = {isa = PBXBuildFile; fileRef = 69CC0D3515AD1D63D34135EF /* GoogleCastCoreResources.bundle */; };
		46B2B21FF775B260CDFFD0EA /* FirebaseServices.swift in Sources */ = {isa = PBXBuildFile; fileRef = 695D18E78587A62A4C757B0A /* FirebaseServices.swift */; };
		483C3C3A7439473C281EC001 /* CompatibilityPlayback.swift in Sources */ = {isa = PBXBuildFile; fileRef = 236E1BC038141A8CAE325968 /* CompatibilityPlayback.swift */; };
		48D12C0B87AE15A0F250CEE5 /* CaptionSettingsView.swift in Sources */ = {isa = PBXBuildFile; fileRef = 1006A7B485240CAD8E8BD8F9 /* CaptionSettingsView.swift */; };
		4A0889E3D783E66887003F02 /* BrandIdentity.swift in Sources */ = {isa = PBXBuildFile; fileRef = D45142CA7F68E46FB8ABE531 /* BrandIdentity.swift */; };
		4DF190941AC4B10E8F63C262 /* SessionDiagnostics.swift in Sources */ = {isa = PBXBuildFile; fileRef = ED66F3170A125869565F40AD /* SessionDiagnostics.swift */; };
		4F3D1C2414D5E1080866C282 /* Mirivo.storekit in Resources */ = {isa = PBXBuildFile; fileRef = 5DB7F759BDCF25D093DDE9AE /* Mirivo.storekit */; };
		5264B0B0D11EA9207BD73BF7 /* ProductUITests.swift in Sources */ = {isa = PBXBuildFile; fileRef = 1290E078A907F5C847B3F135 /* ProductUITests.swift */; };
		58792016A32A933939C98DE0 /* HLSBuffer.swift in Sources */ = {isa = PBXBuildFile; fileRef = 065C0CB1578CC200E9B27345 /* HLSBuffer.swift */; };
		59250381DDD15DEBE9488094 /* CaptureStatus.swift in Sources */ = {isa = PBXBuildFile; fileRef = D1582D1C372DF3729F4EE241 /* CaptureStatus.swift */; };
		593946CCB053A5A8D5C87F94 /* ProductPolicy.swift in Sources */ = {isa = PBXBuildFile; fileRef = 9FDE7CF99F3A1DCD9735A8CF /* ProductPolicy.swift */; };
		5CBC013F2F79DC8DB5D72653 /* AudioTimeline.swift in Sources */ = {isa = PBXBuildFile; fileRef = A495B4F17F132168381EC7B2 /* AudioTimeline.swift */; };
		5F0CC84BB38D66BC61052EC2 /* NotificationStore.swift in Sources */ = {isa = PBXBuildFile; fileRef = 523B44B1D293EDE29B6C4486 /* NotificationStore.swift */; };
		636029A8F492862A8E9F1F5E /* CarMirrorApp.swift in Sources */ = {isa = PBXBuildFile; fileRef = 9CC27384A207CF04E76A644C /* CarMirrorApp.swift */; };
		67B74D603D7604C5B5F9313D /* StreamHTTPRouter.swift in Sources */ = {isa = PBXBuildFile; fileRef = 7D5938A97D59D6913A09B93B /* StreamHTTPRouter.swift */; };
		68D82D94DEE11BE5A40F2F59 /* SessionDiagnostics.swift in Sources */ = {isa = PBXBuildFile; fileRef = ED66F3170A125869565F40AD /* SessionDiagnostics.swift */; };
		690A81578A4DBF96DD8EBEAB /* AudioTimeline.swift in Sources */ = {isa = PBXBuildFile; fileRef = A495B4F17F132168381EC7B2 /* AudioTimeline.swift */; };
		6C82372B0449837D3793FCA3 /* ConnectionProbe.mp4 in Resources */ = {isa = PBXBuildFile; fileRef = 8A0DD61C668E4531EBEE5DE0 /* ConnectionProbe.mp4 */; };
		6E2F6841432932FF4BC45F3C /* FirebaseMessaging in Frameworks */ = {isa = PBXBuildFile; productRef = 7DACC8FC588C75A0A432921E /* FirebaseMessaging */; };
		72C1299184A21949B498EF15 /* Foundation.framework in Frameworks */ = {isa = PBXBuildFile; fileRef = 8D454D37DE99ECFD71E30007 /* Foundation.framework */; };
		72EE0791F7B84D54365869A2 /* MediaSharingUITests.swift in Sources */ = {isa = PBXBuildFile; fileRef = 0DDF13724AE1A130A94B34FD /* MediaSharingUITests.swift */; };
		7469312474370CFF112FA9F8 /* Notices in Resources */ = {isa = PBXBuildFile; fileRef = BD31D138DE5E176D782C1A16 /* Notices */; };
		74D5B53B0F355914718F38EF /* FirebaseAuth in Frameworks */ = {isa = PBXBuildFile; productRef = 5CA813C5FC533AEEA53438F2 /* FirebaseAuth */; };
		7942F99AD60894BE4173ED4A /* LiveCaptionTranscriber.swift in Sources */ = {isa = PBXBuildFile; fileRef = 4115CD7ACB9CF6A0A13D372B /* LiveCaptionTranscriber.swift */; };
		795A74E432EF0013333A6A3C /* MediaLibrary.swift in Sources */ = {isa = PBXBuildFile; fileRef = FB2A145AC8D58E238F6790CD /* MediaLibrary.swift */; };
		7BD91A08C7921C9F3C1E98DF /* AppUpdatePolicy.swift in Sources */ = {isa = PBXBuildFile; fileRef = 4D2BD4B234B87621B8CD8561 /* AppUpdatePolicy.swift */; };
		81EF36ED572F7934F6331B2B /* Localizable.strings in Resources */ = {isa = PBXBuildFile; fileRef = F37A3020A949100E2A75EB5B /* Localizable.strings */; };
		83DE3A1CA611B3A60A9C8D4F /* Preferences.swift in Sources */ = {isa = PBXBuildFile; fileRef = 8C6CFB82569E3E762C4A23BC /* Preferences.swift */; };
		8447CB51C6AC6BFF3ABA910D /* CaptureStatus.swift in Sources */ = {isa = PBXBuildFile; fileRef = D1582D1C372DF3729F4EE241 /* CaptureStatus.swift */; };
		84CFB12C01F50BE21DB57063 /* PersonalMediaServer.swift in Sources */ = {isa = PBXBuildFile; fileRef = 47866555EB62CCE628F48AF5 /* PersonalMediaServer.swift */; };
		875D8358C94C509CBD8DD1BD /* SystemControls.swift in Sources */ = {isa = PBXBuildFile; fileRef = C83343150B97ADF84EDAAFC3 /* SystemControls.swift */; };
		8BE4E345941C542492C398F3 /* GoogleSansRegular.bundle in Copy Cast SDK resources */ = {isa = PBXBuildFile; fileRef = 81822991F9A562367471798A /* GoogleSansRegular.bundle */; };
		8D33F4EAA399684054A7727D /* AppLanguage.swift in Sources */ = {isa = PBXBuildFile; fileRef = 787046BD7F1A20B94421966A /* AppLanguage.swift */; };
		90834CE646B4F302A31679E8 /* MirrorSessionState.swift in Sources */ = {isa = PBXBuildFile; fileRef = CF176CDEDF6C90EC55AE84F4 /* MirrorSessionState.swift */; };
		93157948E3C22F41F0C3DDE5 /* PersonalMediaIntegrationTests.swift in Sources */ = {isa = PBXBuildFile; fileRef = 8FC1A0405961F6E21B40E4BD /* PersonalMediaIntegrationTests.swift */; };
		98BD2B3205F44F9B7CD94E8C /* AppServicesTests.swift in Sources */ = {isa = PBXBuildFile; fileRef = 3FFF856AF321A4E5EA0FDDCC /* AppServicesTests.swift */; };
		9921F145CCAA93633D6B856B /* ThirdPartyNoticesView.swift in Sources */ = {isa = PBXBuildFile; fileRef = FEFF2CBC49F8B8092E1CC711 /* ThirdPartyNoticesView.swift */; };
		99A62BADE62E39D806070573 /* FirebaseAppCheck in Frameworks */ = {isa = PBXBuildFile; productRef = 3FBF0ADB18B2325991BE03C8 /* FirebaseAppCheck */; };
		99D87A23E58FA3D42C560AC1 /* BroadcastSessionStore.swift in Sources */ = {isa = PBXBuildFile; fileRef = E2582CA012F86023833A39E6 /* BroadcastSessionStore.swift */; };
		9D9E7E55F41A6FEBE89152B8 /* Foundation.framework in Frameworks */ = {isa = PBXBuildFile; fileRef = 8D454D37DE99ECFD71E30007 /* Foundation.framework */; };
		9E568C12DFF88F449B3A8778 /* AppUpdateStore.swift in Sources */ = {isa = PBXBuildFile; fileRef = 903106E8A0203BE3CFF42F5E /* AppUpdateStore.swift */; };
		A00663FB722B7ED5225DCB63 /* MediaSharingView.swift in Sources */ = {isa = PBXBuildFile; fileRef = F14AE7000EADE05CA59E51FB /* MediaSharingView.swift */; };
		A025A5A0DB41B45D1DEC3435 /* ProEntitlements.swift in Sources */ = {isa = PBXBuildFile; fileRef = D3FFCC09E0EC9B50B271A2FF /* ProEntitlements.swift */; };
		A4FFC75E2AE1BA2E6E3F8FA0 /* PlayerTests.swift in Sources */ = {isa = PBXBuildFile; fileRef = DB9F39748C0338B798ED65CE /* PlayerTests.swift */; };
		A6147C6CF1737DA53B841CEB /* TVDiscovery.swift in Sources */ = {isa = PBXBuildFile; fileRef = 3A78EDCBFDDC857C7DC5212F /* TVDiscovery.swift */; };
		A6970F79D2F27B44226ABFB6 /* InfoPlist.strings in Resources */ = {isa = PBXBuildFile; fileRef = CB32B97378C090A9206ED191 /* InfoPlist.strings */; };
		A8FBDEF94C194B17A55838EF /* FirebaseFunctions in Frameworks */ = {isa = PBXBuildFile; productRef = A52466E0D650D4D00837E5CA /* FirebaseFunctions */; };
		ADF3D5B7A8ECA6C203110E83 /* ProView.swift in Sources */ = {isa = PBXBuildFile; fileRef = 5E3CD2142BFA547D5B5A4DC6 /* ProView.swift */; };
		ADF6437F69538D8DC0FB6E88 /* PurchaseStore.swift in Sources */ = {isa = PBXBuildFile; fileRef = 95C0D0C6E43F5A25A3716B2D /* PurchaseStore.swift */; };
		AE7586412925804E0D65087D /* MediaPlaybackPresentation.swift in Sources */ = {isa = PBXBuildFile; fileRef = 7F0483BFAB45937B9EABFCE4 /* MediaPlaybackPresentation.swift */; };
		B3D591B1A375053440D0ABE7 /* RequiredUpdateView.swift in Sources */ = {isa = PBXBuildFile; fileRef = FCA4D5D17A1701DA8238FE48 /* RequiredUpdateView.swift */; };
		B584CC835A0CD92E056A282A /* PrivacyInfo.xcprivacy in Resources */ = {isa = PBXBuildFile; fileRef = E73F1875B1A37A0849D090B5 /* PrivacyInfo.xcprivacy */; };
		B6CFA1563EE84FBA3C5DB1D6 /* NotificationSettingsView.swift in Sources */ = {isa = PBXBuildFile; fileRef = E8C62948157C316902053870 /* NotificationSettingsView.swift */; };
		B805546FAD82D822581265E0 /* MediaByteRange.swift in Sources */ = {isa = PBXBuildFile; fileRef = 1C631F318501B0C07C56F9DC /* MediaByteRange.swift */; };
		BA19B5F41981FB4680473BCC /* FirebaseRemoteConfig in Frameworks */ = {isa = PBXBuildFile; productRef = 07E294FD337D09BB5CE7E031 /* FirebaseRemoteConfig */; };
		BA47F5EBE0FB89DC453CD0A3 /* MediaPlaybackPresentation.swift in Sources */ = {isa = PBXBuildFile; fileRef = 7F0483BFAB45937B9EABFCE4 /* MediaPlaybackPresentation.swift */; };
		BEEF787B92629ABA2F7F90FC /* Assets.xcassets in Resources */ = {isa = PBXBuildFile; fileRef = 4700D28B61D71AF4E75DB84C /* Assets.xcassets */; };
		C1E50487B6774D0F594D1004 /* BroadcastSessionStore.swift in Sources */ = {isa = PBXBuildFile; fileRef = E2582CA012F86023833A39E6 /* BroadcastSessionStore.swift */; };
		C252B3BED5FA370F18C0BDCB /* SourceLibrary.swift in Sources */ = {isa = PBXBuildFile; fileRef = FD673ABA76992E2F20B9A6A4 /* SourceLibrary.swift */; };
		C32C885565156A58AB5B2714 /* GoogleCastUIResources.bundle in Copy Cast SDK resources */ = {isa = PBXBuildFile; fileRef = AB145282A77AD063F4182460 /* GoogleCastUIResources.bundle */; };
		C6F5BF07905EAAB93A53F2B9 /* AppUpdatePolicy.swift in Sources */ = {isa = PBXBuildFile; fileRef = 4D2BD4B234B87621B8CD8561 /* AppUpdatePolicy.swift */; };
		C716F5C77A1836C1B4AAE227 /* MirrorModel.swift in Sources */ = {isa = PBXBuildFile; fileRef = 87CBD591BD61B512A78650B2 /* MirrorModel.swift */; };
		CE0BF6799B3216B84AEBEC5A /* CarMirrorBroadcast.appex in Embed Broadcast Extension */ = {isa = PBXBuildFile; fileRef = D08E6DF8ED5E32736B0C84A0 /* CarMirrorBroadcast.appex */; settings = {ATTRIBUTES = (RemoveHeadersOnCopy, ); }; };
		D4CBCA0F6C1682A5C2EB35E1 /* PrivacyInfo.xcprivacy in Resources */ = {isa = PBXBuildFile; fileRef = E73F1875B1A37A0849D090B5 /* PrivacyInfo.xcprivacy */; };
		D675F7106417E57B4F242268 /* MediaByteRange.swift in Sources */ = {isa = PBXBuildFile; fileRef = 1C631F318501B0C07C56F9DC /* MediaByteRange.swift */; };
		D90F424347B933794D6ECD03 /* RevenueCat in Frameworks */ = {isa = PBXBuildFile; productRef = A945294AF8D841F64A9C319E /* RevenueCat */; };
		D927D51FE5A45FB99AC4CF56 /* MirrorHomeView.swift in Sources */ = {isa = PBXBuildFile; fileRef = 9E17D39F1F6C75063752168C /* MirrorHomeView.swift */; };
		DAB949AE6E23B30FD978CE99 /* ExternalDisplaySceneDelegate.swift in Sources */ = {isa = PBXBuildFile; fileRef = 9702A4AD50F27133B50818AD /* ExternalDisplaySceneDelegate.swift */; };
		DB8326EF100B88513640288A /* Diagnostics.swift in Sources */ = {isa = PBXBuildFile; fileRef = 87E9FE9B6D90AAB41D2AE589 /* Diagnostics.swift */; };
		DE0D858C91E5876B6B06825A /* VLCKit in Frameworks */ = {isa = PBXBuildFile; productRef = BADED5D07145DC3C196B0CB7 /* VLCKit */; };
		E033ACB97454B39BA8AF0067 /* GoogleService-Info.plist in Resources */ = {isa = PBXBuildFile; fileRef = 94E4E4446C8E871F9F2B67D0 /* GoogleService-Info.plist */; };
		E2839140E3EB5B7454A3DEA9 /* PrivacyInfo.xcprivacy in Copy Cast privacy manifest */ = {isa = PBXBuildFile; fileRef = A66660AFE381DD319C917399 /* PrivacyInfo.xcprivacy */; };
		E29DA906E182FD220FB9719F /* ProEntitlements.swift in Sources */ = {isa = PBXBuildFile; fileRef = D3FFCC09E0EC9B50B271A2FF /* ProEntitlements.swift */; };
		E69BEC7C85E695CC201243CD /* MirrorSettingsView.swift in Sources */ = {isa = PBXBuildFile; fileRef = 3AB525DAF5F30915AA083910 /* MirrorSettingsView.swift */; };
		E8B9EA8D6553ED7E7FD9B357 /* LibraryView.swift in Sources */ = {isa = PBXBuildFile; fileRef = 825FD54AE7D3E782CEE7E792 /* LibraryView.swift */; };
		E97D8074607F594D641BB573 /* ScreenStreamEncoder.swift in Sources */ = {isa = PBXBuildFile; fileRef = A223875FD763E4D38A3B6F70 /* ScreenStreamEncoder.swift */; };
		EBABA16D5CF3DE060075E9C4 /* Diagnostics.swift in Sources */ = {isa = PBXBuildFile; fileRef = 87E9FE9B6D90AAB41D2AE589 /* Diagnostics.swift */; };
		ED2CA347E2F76C686611DE3E /* MirrorSessionState.swift in Sources */ = {isa = PBXBuildFile; fileRef = CF176CDEDF6C90EC55AE84F4 /* MirrorSessionState.swift */; };
		F0A1F5AF3636550631763325 /* StoreKitIntegrationTests.swift in Sources */ = {isa = PBXBuildFile; fileRef = 17E54D5E8B38A424BC102B3B /* StoreKitIntegrationTests.swift */; };
		F570CEB4E196DA269ADC92C6 /* InlineVideo.mkv in Resources */ = {isa = PBXBuildFile; fileRef = F92DB0AD085454D56724C9E5 /* InlineVideo.mkv */; };
		F88E616E0856458447F55F4F /* AppServicesUITests.swift in Sources */ = {isa = PBXBuildFile; fileRef = D59E2188FDE2E668FD4A2323 /* AppServicesUITests.swift */; };
		F9604A7873D6EAA75D75F076 /* PersonalMedia.swift in Sources */ = {isa = PBXBuildFile; fileRef = 05C3288AEE210BCC71EAA233 /* PersonalMedia.swift */; };
		F990ACA268F06EE45D25B158 /* LocalStreamServer.swift in Sources */ = {isa = PBXBuildFile; fileRef = 0497989DB3110FD8F642CDCD /* LocalStreamServer.swift */; };
		FE704DDD0C8175BC0420BE4D /* MediaLibrary.swift in Sources */ = {isa = PBXBuildFile; fileRef = FB2A145AC8D58E238F6790CD /* MediaLibrary.swift */; };
/* End PBXBuildFile section */

/* Begin PBXContainerItemProxy section */
		100065F26CF14C0C0662FC6B /* PBXContainerItemProxy */ = {
			isa = PBXContainerItemProxy;
			containerPortal = 6DD45F36E2726FC5B55CACCA /* Project object */;
			proxyType = 1;
			remoteGlobalIDString = DB0C6253335BE662A63F41B9;
			remoteInfo = CarMirror;
		};
		BCFFD7B777BB5FA0A0F2510D /* PBXContainerItemProxy */ = {
			isa = PBXContainerItemProxy;
			containerPortal = 6DD45F36E2726FC5B55CACCA /* Project object */;
			proxyType = 1;
			remoteGlobalIDString = BBC4EBCB166466A58FD5356D;
			remoteInfo = CarMirrorBroadcast;
		};
		EAF86D90B3DDB039C4A9556C /* PBXContainerItemProxy */ = {
			isa = PBXContainerItemProxy;
			containerPortal = 6DD45F36E2726FC5B55CACCA /* Project object */;
			proxyType = 1;
			remoteGlobalIDString = DB0C6253335BE662A63F41B9;
			remoteInfo = CarMirror;
		};
/* End PBXContainerItemProxy section */

/* Begin PBXCopyFilesBuildPhase section */
		31826D219A19FBED09C9541E /* Embed Broadcast Extension */ = {
			isa = PBXCopyFilesBuildPhase;
			buildActionMask = 2147483647;
			dstPath = "";
			dstSubfolderSpec = 13;
			files = (
				CE0BF6799B3216B84AEBEC5A /* CarMirrorBroadcast.appex in Embed Broadcast Extension */,
			);
			name = "Embed Broadcast Extension";
			runOnlyForDeploymentPostprocessing = 0;
		};
		81B13DD2F8EFDC73BC30AF73 /* Copy Cast privacy manifest */ = {
			isa = PBXCopyFilesBuildPhase;
			buildActionMask = 2147483647;
			dstPath = GoogleCastPrivacy.bundle;
			dstSubfolderSpec = 7;
			files = (
				E2839140E3EB5B7454A3DEA9 /* PrivacyInfo.xcprivacy in Copy Cast privacy manifest */,
			);
			name = "Copy Cast privacy manifest";
			runOnlyForDeploymentPostprocessing = 0;
		};
		9F0E55B6B95F16446D7864F8 /* Copy Cast SDK resources */ = {
			isa = PBXCopyFilesBuildPhase;
			buildActionMask = 2147483647;
			dstPath = "";
			dstSubfolderSpec = 7;
			files = (
				447B73F45C960BBF4894409E /* GoogleCastCoreResources.bundle in Copy Cast SDK resources */,
				C32C885565156A58AB5B2714 /* GoogleCastUIResources.bundle in Copy Cast SDK resources */,
				25562C234FBA22057FEB9C58 /* GoogleCastOptionalUIResources.bundle in Copy Cast SDK resources */,
				8BE4E345941C542492C398F3 /* GoogleSansRegular.bundle in Copy Cast SDK resources */,
				14B52FC6D2093B1BE1213F21 /* GoogleSansMedium.bundle in Copy Cast SDK resources */,
				423DF0893E354E9AAA596E9A /* GoogleSansBold.bundle in Copy Cast SDK resources */,
				27117EDC48D1645BDBFECC92 /* MaterialDialogs.bundle in Copy Cast SDK resources */,
			);
			name = "Copy Cast SDK resources";
			runOnlyForDeploymentPostprocessing = 0;
		};
/* End PBXCopyFilesBuildPhase section */

/* Begin PBXFileReference section */
		0497989DB3110FD8F642CDCD /* LocalStreamServer.swift */ = {isa = PBXFileReference; includeInIndex = 1; lastKnownFileType = sourcecode.swift; path = LocalStreamServer.swift; sourceTree = "<group>"; };
		04EAB65015EBBBFBA33A1FA9 /* uk */ = {isa = PBXFileReference; includeInIndex = 1; lastKnownFileType = text.plist.strings; name = uk; path = Resources/uk.lproj/Localizable.strings; sourceTree = "<group>"; };
		05C3288AEE210BCC71EAA233 /* PersonalMedia.swift */ = {isa = PBXFileReference; includeInIndex = 1; lastKnownFileType = sourcecode.swift; path = PersonalMedia.swift; sourceTree = "<group>"; };
		065C0CB1578CC200E9B27345 /* HLSBuffer.swift */ = {isa = PBXFileReference; includeInIndex = 1; lastKnownFileType = sourcecode.swift; path = HLSBuffer.swift; sourceTree = "<group>"; };
		0A63F70296DBCACA9BF83835 /* ja */ = {isa = PBXFileReference; includeInIndex = 1; lastKnownFileType = text.plist.strings; name = ja; path = Resources/ja.lproj/Localizable.strings; sourceTree = "<group>"; };
		0AF873ACE8CE90B6EC32406C /* es */ = {isa = PBXFileReference; includeInIndex = 1; lastKnownFileType = text.plist.strings; name = es; path = Resources/es.lproj/Localizable.strings; sourceTree = "<group>"; };
		0DDF13724AE1A130A94B34FD /* MediaSharingUITests.swift */ = {isa = PBXFileReference; includeInIndex = 1; lastKnownFileType = sourcecode.swift; name = MediaSharingUITests.swift; path = Tests/UI/MediaSharingUITests.swift; sourceTree = "<group>"; };
		1006A7B485240CAD8E8BD8F9 /* CaptionSettingsView.swift */ = {isa = PBXFileReference; includeInIndex = 1; lastKnownFileType = sourcecode.swift; path = CaptionSettingsView.swift; sourceTree = "<group>"; };
		1290E078A907F5C847B3F135 /* ProductUITests.swift */ = {isa = PBXFileReference; includeInIndex = 1; lastKnownFileType = sourcecode.swift; name = ProductUITests.swift; path = Tests/UI/ProductUITests.swift; sourceTree = "<group>"; };
		139C850DE7F484EE51D01680 /* th */ = {isa = PBXFileReference; includeInIndex = 1; lastKnownFileType = text.plist.strings; name = th; path = Resources/th.lproj/Localizable.strings; sourceTree = "<group>"; };
		157DC5E7603710D4CFA9AB6D /* pl */ = {isa = PBXFileReference; includeInIndex = 1; lastKnownFileType = text.plist.strings; name = pl; path = Resources/pl.lproj/Localizable.strings; sourceTree = "<group>"; };
		165A13ED679E66680B0F25E1 /* pt-BR */ = {isa = PBXFileReference; includeInIndex = 1; lastKnownFileType = text.plist.strings; name = "pt-BR"; path = "Resources/pt-BR.lproj/Localizable.strings"; sourceTree = "<group>"; };
		1794C1E02659B0FB5163C267 /* sv */ = {isa = PBXFileReference; includeInIndex = 1; lastKnownFileType = text.plist.strings; name = sv; path = Resources/sv.lproj/Localizable.strings; sourceTree = "<group>"; };
		17E54D5E8B38A424BC102B3B /* StoreKitIntegrationTests.swift */ = {isa = PBXFileReference; includeInIndex = 1; lastKnownFileType = sourcecode.swift; name = StoreKitIntegrationTests.swift; path = Tests/App/StoreKitIntegrationTests.swift; sourceTree = "<group>"; };
		1BD138F2771677E0266A634A /* MirivoRootView.swift */ = {isa = PBXFileReference; includeInIndex = 1; lastKnownFileType = sourcecode.swift; path = MirivoRootView.swift; sourceTree = "<group>"; };
		1C631F318501B0C07C56F9DC /* MediaByteRange.swift */ = {isa = PBXFileReference; includeInIndex = 1; lastKnownFileType = sourcecode.swift; path = MediaByteRange.swift; sourceTree = "<group>"; };
		20A6FC640DEC8B88E8868824 /* GoogleSansBold.bundle */ = {isa = PBXFileReference; includeInIndex = 1; lastKnownFileType = "wrapper.plug-in"; name = GoogleSansBold.bundle; path = GoogleCast.framework/GoogleSansBold.bundle; sourceTree = BUILT_PRODUCTS_DIR; };
		21EE53074467A560ADEA56A1 /* CastPlayback.swift */ = {isa = PBXFileReference; includeInIndex = 1; lastKnownFileType = sourcecode.swift; path = CastPlayback.swift; sourceTree = "<group>"; };
		236E1BC038141A8CAE325968 /* CompatibilityPlayback.swift */ = {isa = PBXFileReference; includeInIndex = 1; lastKnownFileType = sourcecode.swift; path = CompatibilityPlayback.swift; sourceTree = "<group>"; };
		2EB2D411294AC2E0C3835903 /* en */ = {isa = PBXFileReference; includeInIndex = 1; lastKnownFileType = text.plist.strings; name = en; path = Resources/en.lproj/InfoPlist.strings; sourceTree = "<group>"; };
		38554FD01770243E4348F70A /* ar */ = {isa = PBXFileReference; includeInIndex = 1; lastKnownFileType = text.plist.strings; name = ar; path = Resources/ar.lproj/InfoPlist.strings; sourceTree = "<group>"; };
		3A78EDCBFDDC857C7DC5212F /* TVDiscovery.swift */ = {isa = PBXFileReference; includeInIndex = 1; lastKnownFileType = sourcecode.swift; path = TVDiscovery.swift; sourceTree = "<group>"; };
		3AB525DAF5F30915AA083910 /* MirrorSettingsView.swift */ = {isa = PBXFileReference; includeInIndex = 1; lastKnownFileType = sourcecode.swift; path = MirrorSettingsView.swift; sourceTree = "<group>"; };
		3C1FB5C8609002B12EEEE658 /* MirivoUITests.xctest */ = {isa = PBXFileReference; explicitFileType = wrapper.cfbundle; includeInIndex = 0; path = MirivoUITests.xctest; sourceTree = BUILT_PRODUCTS_DIR; };
		3C618B3AD809935308634E62 /* MirivoTests.xctest */ = {isa = PBXFileReference; explicitFileType = wrapper.cfbundle; includeInIndex = 0; path = MirivoTests.xctest; sourceTree = BUILT_PRODUCTS_DIR; };
		3FFF856AF321A4E5EA0FDDCC /* AppServicesTests.swift */ = {isa = PBXFileReference; includeInIndex = 1; lastKnownFileType = sourcecode.swift; name = AppServicesTests.swift; path = Tests/App/AppServicesTests.swift; sourceTree = "<group>"; };
		4115CD7ACB9CF6A0A13D372B /* LiveCaptionTranscriber.swift */ = {isa = PBXFileReference; includeInIndex = 1; lastKnownFileType = sourcecode.swift; path = LiveCaptionTranscriber.swift; sourceTree = "<group>"; };
		4240F813800F81CCABC19AF2 /* nl */ = {isa = PBXFileReference; includeInIndex = 1; lastKnownFileType = text.plist.strings; name = nl; path = Resources/nl.lproj/InfoPlist.strings; sourceTree = "<group>"; };
		4289BA2ED4D7B8BC553A3144 /* vi */ = {isa = PBXFileReference; includeInIndex = 1; lastKnownFileType = text.plist.strings; name = vi; path = Resources/vi.lproj/Localizable.strings; sourceTree = "<group>"; };
		46186E205D66B89EE0E7F97E /* id */ = {isa = PBXFileReference; includeInIndex = 1; lastKnownFileType = text.plist.strings; name = id; path = Resources/id.lproj/Localizable.strings; sourceTree = "<group>"; };
		46DB0617E12769D0EBF3981D /* zh-Hans */ = {isa = PBXFileReference; includeInIndex = 1; lastKnownFileType = text.plist.strings; name = "zh-Hans"; path = "Resources/zh-Hans.lproj/InfoPlist.strings"; sourceTree = "<group>"; };
		46FCE71F0743D7DC9135097E /* PushRegistration.swift */ = {isa = PBXFileReference; includeInIndex = 1; lastKnownFileType = sourcecode.swift; path = PushRegistration.swift; sourceTree = "<group>"; };
		4700D28B61D71AF4E75DB84C /* Assets.xcassets */ = {isa = PBXFileReference; includeInIndex = 1; lastKnownFileType = folder.assetcatalog; name = Assets.xcassets; path = Resources/Assets.xcassets; sourceTree = "<group>"; };
		47866555EB62CCE628F48AF5 /* PersonalMediaServer.swift */ = {isa = PBXFileReference; includeInIndex = 1; lastKnownFileType = sourcecode.swift; path = PersonalMediaServer.swift; sourceTree = "<group>"; };
		4D2BD4B234B87621B8CD8561 /* AppUpdatePolicy.swift */ = {isa = PBXFileReference; includeInIndex = 1; lastKnownFileType = sourcecode.swift; path = AppUpdatePolicy.swift; sourceTree = "<group>"; };
		523B44B1D293EDE29B6C4486 /* NotificationStore.swift */ = {isa = PBXFileReference; includeInIndex = 1; lastKnownFileType = sourcecode.swift; path = NotificationStore.swift; sourceTree = "<group>"; };
		54A96FD3A1E9A03C46AD4A18 /* fr */ = {isa = PBXFileReference; includeInIndex = 1; lastKnownFileType = text.plist.strings; name = fr; path = Resources/fr.lproj/Localizable.strings; sourceTree = "<group>"; };
		587452A1E82A671592DBE7EF /* id */ = {isa = PBXFileReference; includeInIndex = 1; lastKnownFileType = text.plist.strings; name = id; path = Resources/id.lproj/InfoPlist.strings; sourceTree = "<group>"; };
		5CC3E8D49030BE33A19AC84A /* de */ = {isa = PBXFileReference; includeInIndex = 1; lastKnownFileType = text.plist.strings; name = de; path = Resources/de.lproj/InfoPlist.strings; sourceTree = "<group>"; };
		5DB7F759BDCF25D093DDE9AE /* Mirivo.storekit */ = {isa = PBXFileReference; includeInIndex = 1; name = Mirivo.storekit; path = Tests/App/Mirivo.storekit; sourceTree = "<group>"; };
		5E3CD2142BFA547D5B5A4DC6 /* ProView.swift */ = {isa = PBXFileReference; includeInIndex = 1; lastKnownFileType = sourcecode.swift; path = ProView.swift; sourceTree = "<group>"; };
		610878FCBE158600214055DC /* ru */ = {isa = PBXFileReference; includeInIndex = 1; lastKnownFileType = text.plist.strings; name = ru; path = Resources/ru.lproj/Localizable.strings; sourceTree = "<group>"; };
		63566D09AF4EC148327AA757 /* fr */ = {isa = PBXFileReference; includeInIndex = 1; lastKnownFileType = text.plist.strings; name = fr; path = Resources/fr.lproj/InfoPlist.strings; sourceTree = "<group>"; };
		682CC944330DBE4CDA049F1D /* ko */ = {isa = PBXFileReference; includeInIndex = 1; lastKnownFileType = text.plist.strings; name = ko; path = Resources/ko.lproj/Localizable.strings; sourceTree = "<group>"; };
		695D18E78587A62A4C757B0A /* FirebaseServices.swift */ = {isa = PBXFileReference; includeInIndex = 1; lastKnownFileType = sourcecode.swift; path = FirebaseServices.swift; sourceTree = "<group>"; };
		69CC0D3515AD1D63D34135EF /* GoogleCastCoreResources.bundle */ = {isa = PBXFileReference; includeInIndex = 1; lastKnownFileType = "wrapper.plug-in"; name = GoogleCastCoreResources.bundle; path = GoogleCast.framework/GoogleCastCoreResources.bundle; sourceTree = BUILT_PRODUCTS_DIR; };
		6A29DF5B07D709B9AC2E15A6 /* pt-BR */ = {isa = PBXFileReference; includeInIndex = 1; lastKnownFileType = text.plist.strings; name = "pt-BR"; path = "Resources/pt-BR.lproj/InfoPlist.strings"; sourceTree = "<group>"; };
		6CCC3469B9921444EA8559A0 /* uk */ = {isa = PBXFileReference; includeInIndex = 1; lastKnownFileType = text.plist.strings; name = uk; path = Resources/uk.lproj/InfoPlist.strings; sourceTree = "<group>"; };
		72358219878184F80D431B04 /* vi */ = {isa = PBXFileReference; includeInIndex = 1; lastKnownFileType = text.plist.strings; name = vi; path = Resources/vi.lproj/InfoPlist.strings; sourceTree = "<group>"; };
		75317F6BE00DF2DABF380FFF /* MirrorStyle.swift */ = {isa = PBXFileReference; includeInIndex = 1; lastKnownFileType = sourcecode.swift; path = MirrorStyle.swift; sourceTree = "<group>"; };
		772D147D3ECB02C5F393B314 /* th */ = {isa = PBXFileReference; includeInIndex = 1; lastKnownFileType = text.plist.strings; name = th; path = Resources/th.lproj/InfoPlist.strings; sourceTree = "<group>"; };
		787046BD7F1A20B94421966A /* AppLanguage.swift */ = {isa = PBXFileReference; includeInIndex = 1; lastKnownFileType = sourcecode.swift; path = AppLanguage.swift; sourceTree = "<group>"; };
		7D5938A97D59D6913A09B93B /* StreamHTTPRouter.swift */ = {isa = PBXFileReference; includeInIndex = 1; lastKnownFileType = sourcecode.swift; path = StreamHTTPRouter.swift; sourceTree = "<group>"; };
		7F0483BFAB45937B9EABFCE4 /* MediaPlaybackPresentation.swift */ = {isa = PBXFileReference; includeInIndex = 1; lastKnownFileType = sourcecode.swift; path = MediaPlaybackPresentation.swift; sourceTree = "<group>"; };
		81822991F9A562367471798A /* GoogleSansRegular.bundle */ = {isa = PBXFileReference; includeInIndex = 1; lastKnownFileType = "wrapper.plug-in"; name = GoogleSansRegular.bundle; path = GoogleCast.framework/GoogleSansRegular.bundle; sourceTree = BUILT_PRODUCTS_DIR; };
		825FD54AE7D3E782CEE7E792 /* LibraryView.swift */ = {isa = PBXFileReference; includeInIndex = 1; lastKnownFileType = sourcecode.swift; path = LibraryView.swift; sourceTree = "<group>"; };
		85E494CD535EF0727A797A4F /* nl */ = {isa = PBXFileReference; includeInIndex = 1; lastKnownFileType = text.plist.strings; name = nl; path = Resources/nl.lproj/Localizable.strings; sourceTree = "<group>"; };
		87CBD591BD61B512A78650B2 /* MirrorModel.swift */ = {isa = PBXFileReference; includeInIndex = 1; lastKnownFileType = sourcecode.swift; path = MirrorModel.swift; sourceTree = "<group>"; };
		87D3EAA2AFB239E65065D973 /* MirivoEntryView.swift */ = {isa = PBXFileReference; includeInIndex = 1; lastKnownFileType = sourcecode.swift; path = MirivoEntryView.swift; sourceTree = "<group>"; };
		87E9FE9B6D90AAB41D2AE589 /* Diagnostics.swift */ = {isa = PBXFileReference; includeInIndex = 1; lastKnownFileType = sourcecode.swift; path = Diagnostics.swift; sourceTree = "<group>"; };
		8A0DD61C668E4531EBEE5DE0 /* ConnectionProbe.mp4 */ = {isa = PBXFileReference; includeInIndex = 1; name = ConnectionProbe.mp4; path = Resources/ConnectionProbe.mp4; sourceTree = "<group>"; };
		8A10A505A7378F1593187885 /* he */ = {isa = PBXFileReference; includeInIndex = 1; lastKnownFileType = text.plist.strings; name = he; path = Resources/he.lproj/Localizable.strings; sourceTree = "<group>"; };
		8B248F2F9E9A17FD86B0BDC5 /* PCMUtilities.swift */ = {isa = PBXFileReference; includeInIndex = 1; lastKnownFileType = sourcecode.swift; path = PCMUtilities.swift; sourceTree = "<group>"; };
		8B420E696B5AE25804665DF3 /* CaptionRenderer.swift */ = {isa = PBXFileReference; includeInIndex = 1; lastKnownFileType = sourcecode.swift; path = CaptionRenderer.swift; sourceTree = "<group>"; };
		8C57C788C36B13507299CD78 /* ar */ = {isa = PBXFileReference; includeInIndex = 1; lastKnownFileType = text.plist.strings; name = ar; path = Resources/ar.lproj/Localizable.strings; sourceTree = "<group>"; };
		8C6CFB82569E3E762C4A23BC /* Preferences.swift */ = {isa = PBXFileReference; includeInIndex = 1; lastKnownFileType = sourcecode.swift; path = Preferences.swift; sourceTree = "<group>"; };
		8D454D37DE99ECFD71E30007 /* Foundation.framework */ = {isa = PBXFileReference; lastKnownFileType = wrapper.framework; name = Foundation.framework; path = Platforms/iPhoneOS.platform/Developer/SDKs/iPhoneOS18.0.sdk/System/Library/Frameworks/Foundation.framework; sourceTree = DEVELOPER_DIR; };
		8FC1A0405961F6E21B40E4BD /* PersonalMediaIntegrationTests.swift */ = {isa = PBXFileReference; includeInIndex = 1; lastKnownFileType = sourcecode.swift; name = PersonalMediaIntegrationTests.swift; path = Tests/App/PersonalMediaIntegrationTests.swift; sourceTree = "<group>"; };
		903106E8A0203BE3CFF42F5E /* AppUpdateStore.swift */ = {isa = PBXFileReference; includeInIndex = 1; lastKnownFileType = sourcecode.swift; path = AppUpdateStore.swift; sourceTree = "<group>"; };
		9141B016614B9CFF558CBCDE /* zh-Hans */ = {isa = PBXFileReference; includeInIndex = 1; lastKnownFileType = text.plist.strings; name = "zh-Hans"; path = "Resources/zh-Hans.lproj/Localizable.strings"; sourceTree = "<group>"; };
		94E4E4446C8E871F9F2B67D0 /* GoogleService-Info.plist */ = {isa = PBXFileReference; includeInIndex = 1; lastKnownFileType = text.plist.xml; name = "GoogleService-Info.plist"; path = "Config/GoogleService-Info.plist"; sourceTree = "<group>"; };
		95A95DC1B1520DC4CDB4B6BA /* he */ = {isa = PBXFileReference; includeInIndex = 1; lastKnownFileType = text.plist.strings; name = he; path = Resources/he.lproj/InfoPlist.strings; sourceTree = "<group>"; };
		95C0D0C6E43F5A25A3716B2D /* PurchaseStore.swift */ = {isa = PBXFileReference; includeInIndex = 1; lastKnownFileType = sourcecode.swift; path = PurchaseStore.swift; sourceTree = "<group>"; };
		9702A4AD50F27133B50818AD /* ExternalDisplaySceneDelegate.swift */ = {isa = PBXFileReference; includeInIndex = 1; lastKnownFileType = sourcecode.swift; path = ExternalDisplaySceneDelegate.swift; sourceTree = "<group>"; };
		99D56C3462578F99EABF004D /* ru */ = {isa = PBXFileReference; includeInIndex = 1; lastKnownFileType = text.plist.strings; name = ru; path = Resources/ru.lproj/InfoPlist.strings; sourceTree = "<group>"; };
		9CC27384A207CF04E76A644C /* CarMirrorApp.swift */ = {isa = PBXFileReference; includeInIndex = 1; lastKnownFileType = sourcecode.swift; path = CarMirrorApp.swift; sourceTree = "<group>"; };
		9E17D39F1F6C75063752168C /* MirrorHomeView.swift */ = {isa = PBXFileReference; includeInIndex = 1; lastKnownFileType = sourcecode.swift; path = MirrorHomeView.swift; sourceTree = "<group>"; };
		9E821D3730A7DF9F03594C1F /* ja */ = {isa = PBXFileReference; includeInIndex = 1; lastKnownFileType = text.plist.strings; name = ja; path = Resources/ja.lproj/InfoPlist.strings; sourceTree = "<group>"; };
		9FDE7CF99F3A1DCD9735A8CF /* ProductPolicy.swift */ = {isa = PBXFileReference; includeInIndex = 1; lastKnownFileType = sourcecode.swift; path = ProductPolicy.swift; sourceTree = "<group>"; };
		A223875FD763E4D38A3B6F70 /* ScreenStreamEncoder.swift */ = {isa = PBXFileReference; includeInIndex = 1; lastKnownFileType = sourcecode.swift; path = ScreenStreamEncoder.swift; sourceTree = "<group>"; };
		A495B4F17F132168381EC7B2 /* AudioTimeline.swift */ = {isa = PBXFileReference; includeInIndex = 1; lastKnownFileType = sourcecode.swift; path = AudioTimeline.swift; sourceTree = "<group>"; };
		A66660AFE381DD319C917399 /* PrivacyInfo.xcprivacy */ = {isa = PBXFileReference; includeInIndex = 1; name = PrivacyInfo.xcprivacy; path = GoogleCast.framework/PrivacyInfo.xcprivacy; sourceTree = BUILT_PRODUCTS_DIR; };
		A9C7EDFBDC705AA7B027031E /* it */ = {isa = PBXFileReference; includeInIndex = 1; lastKnownFileType = text.plist.strings; name = it; path = Resources/it.lproj/Localizable.strings; sourceTree = "<group>"; };
		AA13A3A7D638E6DEAAD5C8DE /* ko */ = {isa = PBXFileReference; includeInIndex = 1; lastKnownFileType = text.plist.strings; name = ko; path = Resources/ko.lproj/InfoPlist.strings; sourceTree = "<group>"; };
		AB145282A77AD063F4182460 /* GoogleCastUIResources.bundle */ = {isa = PBXFileReference; includeInIndex = 1; lastKnownFileType = "wrapper.plug-in"; name = GoogleCastUIResources.bundle; path = GoogleCast.framework/GoogleCastUIResources.bundle; sourceTree = BUILT_PRODUCTS_DIR; };
		AB3F745153019983BA3FD738 /* TVConnectionView.swift */ = {isa = PBXFileReference; includeInIndex = 1; lastKnownFileType = sourcecode.swift; path = TVConnectionView.swift; sourceTree = "<group>"; };
		ABD0E1EBF50E2E9AB49A64D3 /* PlaybackController.swift */ = {isa = PBXFileReference; includeInIndex = 1; lastKnownFileType = sourcecode.swift; path = PlaybackController.swift; sourceTree = "<group>"; };
		B42C3608C8D7CCD00AC12E52 /* hi */ = {isa = PBXFileReference; includeInIndex = 1; lastKnownFileType = text.plist.strings; name = hi; path = Resources/hi.lproj/InfoPlist.strings; sourceTree = "<group>"; };
		B8161C96F35D7B41D61D3DEA /* GoogleSansMedium.bundle */ = {isa = PBXFileReference; includeInIndex = 1; lastKnownFileType = "wrapper.plug-in"; name = GoogleSansMedium.bundle; path = GoogleCast.framework/GoogleSansMedium.bundle; sourceTree = BUILT_PRODUCTS_DIR; };
		BA76B3B4B36C3BC49D21AE13 /* GoogleCastOptionalUIResources.bundle */ = {isa = PBXFileReference; includeInIndex = 1; lastKnownFileType = "wrapper.plug-in"; name = GoogleCastOptionalUIResources.bundle; path = GoogleCast.framework/GoogleCastOptionalUIResources.bundle; sourceTree = BUILT_PRODUCTS_DIR; };
		BC97CF672929747757C43F62 /* Base.xcconfig */ = {isa = PBXFileReference; includeInIndex = 1; lastKnownFileType = text.xcconfig; name = Base.xcconfig; path = Config/Base.xcconfig; sourceTree = "<group>"; };
		BD31D138DE5E176D782C1A16 /* Notices */ = {isa = PBXFileReference; includeInIndex = 1; lastKnownFileType = folder; name = Notices; path = Resources/Notices; sourceTree = "<group>"; };
		C050961C0FF04F9E5E316E19 /* it */ = {isa = PBXFileReference; includeInIndex = 1; lastKnownFileType = text.plist.strings; name = it; path = Resources/it.lproj/InfoPlist.strings; sourceTree = "<group>"; };
		C451229E9B2F64AE86F6C56E /* pl */ = {isa = PBXFileReference; includeInIndex = 1; lastKnownFileType = text.plist.strings; name = pl; path = Resources/pl.lproj/InfoPlist.strings; sourceTree = "<group>"; };
		C83343150B97ADF84EDAAFC3 /* SystemControls.swift */ = {isa = PBXFileReference; includeInIndex = 1; lastKnownFileType = sourcecode.swift; path = SystemControls.swift; sourceTree = "<group>"; };
		CCDFD08F086D71EF7F89670C /* SampleHandler.swift */ = {isa = PBXFileReference; includeInIndex = 1; lastKnownFileType = sourcecode.swift; path = SampleHandler.swift; sourceTree = "<group>"; };
		CF176CDEDF6C90EC55AE84F4 /* MirrorSessionState.swift */ = {isa = PBXFileReference; includeInIndex = 1; lastKnownFileType = sourcecode.swift; path = MirrorSessionState.swift; sourceTree = "<group>"; };
		D08C0924EEC7A511E76078D6 /* tr */ = {isa = PBXFileReference; includeInIndex = 1; lastKnownFileType = text.plist.strings; name = tr; path = Resources/tr.lproj/Localizable.strings; sourceTree = "<group>"; };
		D08E6DF8ED5E32736B0C84A0 /* CarMirrorBroadcast.appex */ = {isa = PBXFileReference; explicitFileType = "wrapper.app-extension"; includeInIndex = 0; path = CarMirrorBroadcast.appex; sourceTree = BUILT_PRODUCTS_DIR; };
		D1582D1C372DF3729F4EE241 /* CaptureStatus.swift */ = {isa = PBXFileReference; includeInIndex = 1; lastKnownFileType = sourcecode.swift; path = CaptureStatus.swift; sourceTree = "<group>"; };
		D1DD174C5A82BD486EF07254 /* zh-Hant */ = {isa = PBXFileReference; includeInIndex = 1; lastKnownFileType = text.plist.strings; name = "zh-Hant"; path = "Resources/zh-Hant.lproj/Localizable.strings"; sourceTree = "<group>"; };
		D3466A34A145C08E3B32944C /* tr */ = {isa = PBXFileReference; includeInIndex = 1; lastKnownFileType = text.plist.strings; name = tr; path = Resources/tr.lproj/InfoPlist.strings; sourceTree = "<group>"; };
		D3FFCC09E0EC9B50B271A2FF /* ProEntitlements.swift */ = {isa = PBXFileReference; includeInIndex = 1; lastKnownFileType = sourcecode.swift; path = ProEntitlements.swift; sourceTree = "<group>"; };
		D45142CA7F68E46FB8ABE531 /* BrandIdentity.swift */ = {isa = PBXFileReference; includeInIndex = 1; lastKnownFileType = sourcecode.swift; path = BrandIdentity.swift; sourceTree = "<group>"; };
		D59E2188FDE2E668FD4A2323 /* AppServicesUITests.swift */ = {isa = PBXFileReference; includeInIndex = 1; lastKnownFileType = sourcecode.swift; name = AppServicesUITests.swift; path = Tests/UI/AppServicesUITests.swift; sourceTree = "<group>"; };
		D7A8E4BF743E94F8CFFE0197 /* sv */ = {isa = PBXFileReference; includeInIndex = 1; lastKnownFileType = text.plist.strings; name = sv; path = Resources/sv.lproj/InfoPlist.strings; sourceTree = "<group>"; };
		DB9F39748C0338B798ED65CE /* PlayerTests.swift */ = {isa = PBXFileReference; includeInIndex = 1; lastKnownFileType = sourcecode.swift; name = PlayerTests.swift; path = Tests/App/PlayerTests.swift; sourceTree = "<group>"; };
		E2582CA012F86023833A39E6 /* BroadcastSessionStore.swift */ = {isa = PBXFileReference; includeInIndex = 1; lastKnownFileType = sourcecode.swift; path = BroadcastSessionStore.swift; sourceTree = "<group>"; };
		E2FED04070E82A8510991F65 /* LanguageSettingsView.swift */ = {isa = PBXFileReference; includeInIndex = 1; lastKnownFileType = sourcecode.swift; path = LanguageSettingsView.swift; sourceTree = "<group>"; };
		E49BA0B808FBA933A757CF23 /* en */ = {isa = PBXFileReference; includeInIndex = 1; lastKnownFileType = text.plist.strings; name = en; path = Resources/en.lproj/Localizable.strings; sourceTree = "<group>"; };
		E544085388C70F21054F0366 /* hi */ = {isa = PBXFileReference; includeInIndex = 1; lastKnownFileType = text.plist.strings; name = hi; path = Resources/hi.lproj/Localizable.strings; sourceTree = "<group>"; };
		E6836CA8BAC084EBE3E28DC1 /* es */ = {isa = PBXFileReference; includeInIndex = 1; lastKnownFileType = text.plist.strings; name = es; path = Resources/es.lproj/InfoPlist.strings; sourceTree = "<group>"; };
		E73F1875B1A37A0849D090B5 /* PrivacyInfo.xcprivacy */ = {isa = PBXFileReference; includeInIndex = 1; name = PrivacyInfo.xcprivacy; path = Resources/PrivacyInfo.xcprivacy; sourceTree = "<group>"; };
		E8C62948157C316902053870 /* NotificationSettingsView.swift */ = {isa = PBXFileReference; includeInIndex = 1; lastKnownFileType = sourcecode.swift; path = NotificationSettingsView.swift; sourceTree = "<group>"; };
		ED66F3170A125869565F40AD /* SessionDiagnostics.swift */ = {isa = PBXFileReference; includeInIndex = 1; lastKnownFileType = sourcecode.swift; path = SessionDiagnostics.swift; sourceTree = "<group>"; };
		EF6C924F50B8303DC45957B3 /* TVPlaybackTests.swift */ = {isa = PBXFileReference; includeInIndex = 1; lastKnownFileType = sourcecode.swift; name = TVPlaybackTests.swift; path = Tests/App/TVPlaybackTests.swift; sourceTree = "<group>"; };
		F14AE7000EADE05CA59E51FB /* MediaSharingView.swift */ = {isa = PBXFileReference; includeInIndex = 1; lastKnownFileType = sourcecode.swift; path = MediaSharingView.swift; sourceTree = "<group>"; };
		F1A9DDED96F5D7EE537AA95B /* CarMirror.app */ = {isa = PBXFileReference; explicitFileType = wrapper.application; includeInIndex = 0; path = CarMirror.app; sourceTree = BUILT_PRODUCTS_DIR; };
		F2CDC9C23EEEC6FBCCF5BC9A /* MaterialDialogs.bundle */ = {isa = PBXFileReference; includeInIndex = 1; lastKnownFileType = "wrapper.plug-in"; name = MaterialDialogs.bundle; path = GoogleCast.framework/MaterialDialogs.bundle; sourceTree = BUILT_PRODUCTS_DIR; };
		F308AC809D35F7146947123F /* de */ = {isa = PBXFileReference; includeInIndex = 1; lastKnownFileType = text.plist.strings; name = de; path = Resources/de.lproj/Localizable.strings; sourceTree = "<group>"; };
		F92DB0AD085454D56724C9E5 /* InlineVideo.mkv */ = {isa = PBXFileReference; includeInIndex = 1; name = InlineVideo.mkv; path = Tests/Fixtures/InlineVideo.mkv; sourceTree = "<group>"; };
		FB2A145AC8D58E238F6790CD /* MediaLibrary.swift */ = {isa = PBXFileReference; includeInIndex = 1; lastKnownFileType = sourcecode.swift; path = MediaLibrary.swift; sourceTree = "<group>"; };
		FCA4D5D17A1701DA8238FE48 /* RequiredUpdateView.swift */ = {isa = PBXFileReference; includeInIndex = 1; lastKnownFileType = sourcecode.swift; path = RequiredUpdateView.swift; sourceTree = "<group>"; };
		FD06D7F461A0A60EB3DF3263 /* zh-Hant */ = {isa = PBXFileReference; includeInIndex = 1; lastKnownFileType = text.plist.strings; name = "zh-Hant"; path = "Resources/zh-Hant.lproj/InfoPlist.strings"; sourceTree = "<group>"; };
		FD673ABA76992E2F20B9A6A4 /* SourceLibrary.swift */ = {isa = PBXFileReference; includeInIndex = 1; lastKnownFileType = sourcecode.swift; path = SourceLibrary.swift; sourceTree = "<group>"; };
		FEFF2CBC49F8B8092E1CC711 /* ThirdPartyNoticesView.swift */ = {isa = PBXFileReference; includeInIndex = 1; lastKnownFileType = sourcecode.swift; path = ThirdPartyNoticesView.swift; sourceTree = "<group>"; };
/* End PBXFileReference section */

/* Begin PBXFrameworksBuildPhase section */
		2A3DED5E460B097344056377 /* Frameworks */ = {
			isa = PBXFrameworksBuildPhase;
			buildActionMask = 2147483647;
			files = (
				9D9E7E55F41A6FEBE89152B8 /* Foundation.framework in Frameworks */,
			);
			runOnlyForDeploymentPostprocessing = 0;
		};
		3E809A86742FB6DD1D989FA9 /* Frameworks */ = {
			isa = PBXFrameworksBuildPhase;
			buildActionMask = 2147483647;
			files = (
				0D5C604887FA5CD995075702 /* Foundation.framework in Frameworks */,
			);
			runOnlyForDeploymentPostprocessing = 0;
		};
		40E6CF33137C7839ACF38BC0 /* Frameworks */ = {
			isa = PBXFrameworksBuildPhase;
			buildActionMask = 2147483647;
			files = (
				72C1299184A21949B498EF15 /* Foundation.framework in Frameworks */,
				DE0D858C91E5876B6B06825A /* VLCKit in Frameworks */,
				D90F424347B933794D6ECD03 /* RevenueCat in Frameworks */,
				145D2563C631F23E9F49891C /* FirebaseCore in Frameworks */,
				BA19B5F41981FB4680473BCC /* FirebaseRemoteConfig in Frameworks */,
				6E2F6841432932FF4BC45F3C /* FirebaseMessaging in Frameworks */,
				74D5B53B0F355914718F38EF /* FirebaseAuth in Frameworks */,
				A8FBDEF94C194B17A55838EF /* FirebaseFunctions in Frameworks */,
				99A62BADE62E39D806070573 /* FirebaseAppCheck in Frameworks */,
				2576F52964973E0EC39B3833 /* FirebaseAnalyticsCore in Frameworks */,
				2D11F68A3345D4F7FE977F65 /* GoogleCast in Frameworks */,
			);
			runOnlyForDeploymentPostprocessing = 0;
		};
		C8C5FFE1EE40A1A4CCD365E1 /* Frameworks */ = {
			isa = PBXFrameworksBuildPhase;
			buildActionMask = 2147483647;
			files = (
				20758F50B6F09DCA2FD7C90C /* Foundation.framework in Frameworks */,
			);
			runOnlyForDeploymentPostprocessing = 0;
		};
/* End PBXFrameworksBuildPhase section */

/* Begin PBXGroup section */
		06E08BDE029C3E5364B846BF /* Media */ = {
			isa = PBXGroup;
			children = (
				8B420E696B5AE25804665DF3 /* CaptionRenderer.swift */,
				0497989DB3110FD8F642CDCD /* LocalStreamServer.swift */,
				8B248F2F9E9A17FD86B0BDC5 /* PCMUtilities.swift */,
				A223875FD763E4D38A3B6F70 /* ScreenStreamEncoder.swift */,
			);
			name = Media;
			path = Sources/Media;
			sourceTree = "<group>";
		};
		1DC5215B1E49FBB72C21C921 = {
			isa = PBXGroup;
			children = (
				2BFC7A92F842BFFF6ADAD2A1 /* Products */,
				F4E3A6E4DB85646269D07FD8 /* Frameworks */,
				BC97CF672929747757C43F62 /* Base.xcconfig */,
				94E4E4446C8E871F9F2B67D0 /* GoogleService-Info.plist */,
				B3B811AA7DF8A173489369D6 /* Core */,
				D834793CABBE50DC92E8995C /* Shared */,
				3CEEA3ED087F155181E5839D /* App */,
				06E08BDE029C3E5364B846BF /* Media */,
				F0D5FB0B5EAE8DB1B91B3A2E /* Broadcast */,
				E73F1875B1A37A0849D090B5 /* PrivacyInfo.xcprivacy */,
				4700D28B61D71AF4E75DB84C /* Assets.xcassets */,
				8A0DD61C668E4531EBEE5DE0 /* ConnectionProbe.mp4 */,
				BD31D138DE5E176D782C1A16 /* Notices */,
				F37A3020A949100E2A75EB5B /* Localizable.strings */,
				CB32B97378C090A9206ED191 /* InfoPlist.strings */,
				3FFF856AF321A4E5EA0FDDCC /* AppServicesTests.swift */,
				8FC1A0405961F6E21B40E4BD /* PersonalMediaIntegrationTests.swift */,
				DB9F39748C0338B798ED65CE /* PlayerTests.swift */,
				17E54D5E8B38A424BC102B3B /* StoreKitIntegrationTests.swift */,
				EF6C924F50B8303DC45957B3 /* TVPlaybackTests.swift */,
				D59E2188FDE2E668FD4A2323 /* AppServicesUITests.swift */,
				0DDF13724AE1A130A94B34FD /* MediaSharingUITests.swift */,
				1290E078A907F5C847B3F135 /* ProductUITests.swift */,
				5DB7F759BDCF25D093DDE9AE /* Mirivo.storekit */,
				F92DB0AD085454D56724C9E5 /* InlineVideo.mkv */,
				69CC0D3515AD1D63D34135EF /* GoogleCastCoreResources.bundle */,
				AB145282A77AD063F4182460 /* GoogleCastUIResources.bundle */,
				BA76B3B4B36C3BC49D21AE13 /* GoogleCastOptionalUIResources.bundle */,
				81822991F9A562367471798A /* GoogleSansRegular.bundle */,
				B8161C96F35D7B41D61D3DEA /* GoogleSansMedium.bundle */,
				20A6FC640DEC8B88E8868824 /* GoogleSansBold.bundle */,
				F2CDC9C23EEEC6FBCCF5BC9A /* MaterialDialogs.bundle */,
				A66660AFE381DD319C917399 /* PrivacyInfo.xcprivacy */,
			);
			sourceTree = "<group>";
		};
		24CE9E1B559934CD1DC9569A /* iOS */ = {
			isa = PBXGroup;
			children = (
				8D454D37DE99ECFD71E30007 /* Foundation.framework */,
			);
			name = iOS;
			sourceTree = "<group>";
		};
		2BFC7A92F842BFFF6ADAD2A1 /* Products */ = {
			isa = PBXGroup;
			children = (
				F1A9DDED96F5D7EE537AA95B /* CarMirror.app */,
				D08E6DF8ED5E32736B0C84A0 /* CarMirrorBroadcast.appex */,
				3C618B3AD809935308634E62 /* MirivoTests.xctest */,
				3C1FB5C8609002B12EEEE658 /* MirivoUITests.xctest */,
			);
			name = Products;
			sourceTree = "<group>";
		};
		3CEEA3ED087F155181E5839D /* App */ = {
			isa = PBXGroup;
			children = (
				903106E8A0203BE3CFF42F5E /* AppUpdateStore.swift */,
				1006A7B485240CAD8E8BD8F9 /* CaptionSettingsView.swift */,
				9CC27384A207CF04E76A644C /* CarMirrorApp.swift */,
				21EE53074467A560ADEA56A1 /* CastPlayback.swift */,
				236E1BC038141A8CAE325968 /* CompatibilityPlayback.swift */,
				9702A4AD50F27133B50818AD /* ExternalDisplaySceneDelegate.swift */,
				695D18E78587A62A4C757B0A /* FirebaseServices.swift */,
				E2FED04070E82A8510991F65 /* LanguageSettingsView.swift */,
				825FD54AE7D3E782CEE7E792 /* LibraryView.swift */,
				F14AE7000EADE05CA59E51FB /* MediaSharingView.swift */,
				87D3EAA2AFB239E65065D973 /* MirivoEntryView.swift */,
				1BD138F2771677E0266A634A /* MirivoRootView.swift */,
				9E17D39F1F6C75063752168C /* MirrorHomeView.swift */,
				87CBD591BD61B512A78650B2 /* MirrorModel.swift */,
				3AB525DAF5F30915AA083910 /* MirrorSettingsView.swift */,
				75317F6BE00DF2DABF380FFF /* MirrorStyle.swift */,
				E8C62948157C316902053870 /* NotificationSettingsView.swift */,
				523B44B1D293EDE29B6C4486 /* NotificationStore.swift */,
				05C3288AEE210BCC71EAA233 /* PersonalMedia.swift */,
				47866555EB62CCE628F48AF5 /* PersonalMediaServer.swift */,
				ABD0E1EBF50E2E9AB49A64D3 /* PlaybackController.swift */,
				5E3CD2142BFA547D5B5A4DC6 /* ProView.swift */,
				95C0D0C6E43F5A25A3716B2D /* PurchaseStore.swift */,
				46FCE71F0743D7DC9135097E /* PushRegistration.swift */,
				FCA4D5D17A1701DA8238FE48 /* RequiredUpdateView.swift */,
				FD673ABA76992E2F20B9A6A4 /* SourceLibrary.swift */,
				C83343150B97ADF84EDAAFC3 /* SystemControls.swift */,
				AB3F745153019983BA3FD738 /* TVConnectionView.swift */,
				3A78EDCBFDDC857C7DC5212F /* TVDiscovery.swift */,
				FEFF2CBC49F8B8092E1CC711 /* ThirdPartyNoticesView.swift */,
			);
			name = App;
			path = Sources/App;
			sourceTree = "<group>";
		};
		B3B811AA7DF8A173489369D6 /* Core */ = {
			isa = PBXGroup;
			children = (
				787046BD7F1A20B94421966A /* AppLanguage.swift */,
				4D2BD4B234B87621B8CD8561 /* AppUpdatePolicy.swift */,
				A495B4F17F132168381EC7B2 /* AudioTimeline.swift */,
				D1582D1C372DF3729F4EE241 /* CaptureStatus.swift */,
				87E9FE9B6D90AAB41D2AE589 /* Diagnostics.swift */,
				065C0CB1578CC200E9B27345 /* HLSBuffer.swift */,
				1C631F318501B0C07C56F9DC /* MediaByteRange.swift */,
				FB2A145AC8D58E238F6790CD /* MediaLibrary.swift */,
				7F0483BFAB45937B9EABFCE4 /* MediaPlaybackPresentation.swift */,
				CF176CDEDF6C90EC55AE84F4 /* MirrorSessionState.swift */,
				9FDE7CF99F3A1DCD9735A8CF /* ProductPolicy.swift */,
				7D5938A97D59D6913A09B93B /* StreamHTTPRouter.swift */,
			);
			name = Core;
			path = Sources/Core;
			sourceTree = "<group>";
		};
		D834793CABBE50DC92E8995C /* Shared */ = {
			isa = PBXGroup;
			children = (
				D45142CA7F68E46FB8ABE531 /* BrandIdentity.swift */,
				E2582CA012F86023833A39E6 /* BroadcastSessionStore.swift */,
				8C6CFB82569E3E762C4A23BC /* Preferences.swift */,
				D3FFCC09E0EC9B50B271A2FF /* ProEntitlements.swift */,
				ED66F3170A125869565F40AD /* SessionDiagnostics.swift */,
			);
			name = Shared;
			path = Sources/Shared;
			sourceTree = "<group>";
		};
		F0D5FB0B5EAE8DB1B91B3A2E /* Broadcast */ = {
			isa = PBXGroup;
			children = (
				4115CD7ACB9CF6A0A13D372B /* LiveCaptionTranscriber.swift */,
				CCDFD08F086D71EF7F89670C /* SampleHandler.swift */,
			);
			name = Broadcast;
			path = Sources/Broadcast;
			sourceTree = "<group>";
		};
		F4E3A6E4DB85646269D07FD8 /* Frameworks */ = {
			isa = PBXGroup;
			children = (
				24CE9E1B559934CD1DC9569A /* iOS */,
			);
			name = Frameworks;
			sourceTree = "<group>";
		};
/* End PBXGroup section */

/* Begin PBXNativeTarget section */
		B3848C4B0452EF8A61F98779 /* MirivoUITests */ = {
			isa = PBXNativeTarget;
			buildConfigurationList = 71781719665F06F8CA40A447 /* Build configuration list for PBXNativeTarget "MirivoUITests" */;
			buildPhases = (
				99DC2536E63ACFC79BDF9152 /* Sources */,
				3E809A86742FB6DD1D989FA9 /* Frameworks */,
				90B444ED6AAA641934D79BA6 /* Resources */,
			);
			buildRules = (
			);
			dependencies = (
				9AA2A57CB1545184940EFE57 /* PBXTargetDependency */,
			);
			name = MirivoUITests;
			productName = MirivoUITests;
			productReference = 3C1FB5C8609002B12EEEE658 /* MirivoUITests.xctest */;
			productType = "com.apple.product-type.bundle.ui-testing";
		};
		BBC4EBCB166466A58FD5356D /* CarMirrorBroadcast */ = {
			isa = PBXNativeTarget;
			buildConfigurationList = B06CFCDAEAF348C06409AD33 /* Build configuration list for PBXNativeTarget "CarMirrorBroadcast" */;
			buildPhases = (
				3DA6AD33BBBD5EA89760936C /* Sources */,
				2A3DED5E460B097344056377 /* Frameworks */,
				A7E1D0B1D5D710A8A911EC67 /* Resources */,
			);
			buildRules = (
			);
			dependencies = (
			);
			name = CarMirrorBroadcast;
			productName = CarMirrorBroadcast;
			productReference = D08E6DF8ED5E32736B0C84A0 /* CarMirrorBroadcast.appex */;
			productType = "com.apple.product-type.app-extension";
		};
		DB0C6253335BE662A63F41B9 /* CarMirror */ = {
			isa = PBXNativeTarget;
			buildConfigurationList = 1219038488B5FBC68EE121FB /* Build configuration list for PBXNativeTarget "CarMirror" */;
			buildPhases = (
				7B9DB0DCFB95B4A97C150601 /* Sources */,
				40E6CF33137C7839ACF38BC0 /* Frameworks */,
				D1B1FBAE55F962B37390E8C9 /* Resources */,
				31826D219A19FBED09C9541E /* Embed Broadcast Extension */,
				9F0E55B6B95F16446D7864F8 /* Copy Cast SDK resources */,
				81B13DD2F8EFDC73BC30AF73 /* Copy Cast privacy manifest */,
			);
			buildRules = (
			);
			dependencies = (
				51A1DAB5E2D43CF9348EC26D /* PBXTargetDependency */,
			);
			name = CarMirror;
			packageProductDependencies = (
				BADED5D07145DC3C196B0CB7 /* VLCKit */,
				A945294AF8D841F64A9C319E /* RevenueCat */,
				A053C1312CC6F998A956BDB8 /* FirebaseCore */,
				07E294FD337D09BB5CE7E031 /* FirebaseRemoteConfig */,
				7DACC8FC588C75A0A432921E /* FirebaseMessaging */,
				5CA813C5FC533AEEA53438F2 /* FirebaseAuth */,
				A52466E0D650D4D00837E5CA /* FirebaseFunctions */,
				3FBF0ADB18B2325991BE03C8 /* FirebaseAppCheck */,
				3B4F86625654F84E84CE71FB /* FirebaseAnalyticsCore */,
				26017F0CE09C1ECEF5E57F0F /* GoogleCast */,
			);
			productName = CarMirror;
			productReference = F1A9DDED96F5D7EE537AA95B /* CarMirror.app */;
			productType = "com.apple.product-type.application";
		};
		DF8D8CB862519D977FEE74CD /* MirivoTests */ = {
			isa = PBXNativeTarget;
			buildConfigurationList = 9C17B15C05FD3A891AA1FBEE /* Build configuration list for PBXNativeTarget "MirivoTests" */;
			buildPhases = (
				04863850DE38EC62141C2D4F /* Sources */,
				C8C5FFE1EE40A1A4CCD365E1 /* Frameworks */,
				040E1667382B8514DDB0D8C1 /* Resources */,
			);
			buildRules = (
			);
			dependencies = (
				7C4DA00CD11939D461057E03 /* PBXTargetDependency */,
			);
			name = MirivoTests;
			productName = MirivoTests;
			productReference = 3C618B3AD809935308634E62 /* MirivoTests.xctest */;
			productType = "com.apple.product-type.bundle.unit-test";
		};
/* End PBXNativeTarget section */

/* Begin PBXProject section */
		6DD45F36E2726FC5B55CACCA /* Project object */ = {
			isa = PBXProject;
			attributes = {
				LastSwiftUpdateCheck = 1600;
				LastUpgradeCheck = 2700;
			};
			buildConfigurationList = 688E4459956952E9ED071B05 /* Build configuration list for PBXProject "CarMirror" */;
			compatibilityVersion = "Xcode 3.2";
			developmentRegion = tr;
			hasScannedForEncodings = 0;
			knownRegions = (
				tr,
				en,
				"zh-Hans",
				"zh-Hant",
				ja,
				ko,
				fr,
				de,
				es,
				it,
				"pt-BR",
				ru,
				nl,
				pl,
				sv,
				uk,
				ar,
				he,
				th,
				vi,
				id,
				hi,
				Base,
			);
			mainGroup = 1DC5215B1E49FBB72C21C921;
			minimizedProjectReferenceProxies = 0;
			packageReferences = (
				FD77F3C050CFEA6E29B41510 /* XCRemoteSwiftPackageReference "vlckit" */,
				FDE418C92EFD5E09D8EC5E50 /* XCRemoteSwiftPackageReference "purchases-ios" */,
				17E5668F9B724D8471DF47D0 /* XCRemoteSwiftPackageReference "firebase-ios-sdk" */,
				832AD6ABE824A0EF52F8693C /* XCLocalSwiftPackageReference "GoogleCast" */,
			);
			preferredProjectObjectVersion = 77;
			productRefGroup = 2BFC7A92F842BFFF6ADAD2A1 /* Products */;
			projectDirPath = "";
			projectRoot = "";
			targets = (
				DB0C6253335BE662A63F41B9 /* CarMirror */,
				BBC4EBCB166466A58FD5356D /* CarMirrorBroadcast */,
				DF8D8CB862519D977FEE74CD /* MirivoTests */,
				B3848C4B0452EF8A61F98779 /* MirivoUITests */,
			);
		};
/* End PBXProject section */

/* Begin PBXResourcesBuildPhase section */
		040E1667382B8514DDB0D8C1 /* Resources */ = {
			isa = PBXResourcesBuildPhase;
			buildActionMask = 2147483647;
			files = (
				4F3D1C2414D5E1080866C282 /* Mirivo.storekit in Resources */,
				F570CEB4E196DA269ADC92C6 /* InlineVideo.mkv in Resources */,
			);
			runOnlyForDeploymentPostprocessing = 0;
		};
		90B444ED6AAA641934D79BA6 /* Resources */ = {
			isa = PBXResourcesBuildPhase;
			buildActionMask = 2147483647;
			files = (
			);
			runOnlyForDeploymentPostprocessing = 0;
		};
		A7E1D0B1D5D710A8A911EC67 /* Resources */ = {
			isa = PBXResourcesBuildPhase;
			buildActionMask = 2147483647;
			files = (
				D4CBCA0F6C1682A5C2EB35E1 /* PrivacyInfo.xcprivacy in Resources */,
				81EF36ED572F7934F6331B2B /* Localizable.strings in Resources */,
				1D0A79EBE581B9A6A64512B5 /* InfoPlist.strings in Resources */,
			);
			runOnlyForDeploymentPostprocessing = 0;
		};
		D1B1FBAE55F962B37390E8C9 /* Resources */ = {
			isa = PBXResourcesBuildPhase;
			buildActionMask = 2147483647;
			files = (
				E033ACB97454B39BA8AF0067 /* GoogleService-Info.plist in Resources */,
				B584CC835A0CD92E056A282A /* PrivacyInfo.xcprivacy in Resources */,
				BEEF787B92629ABA2F7F90FC /* Assets.xcassets in Resources */,
				6C82372B0449837D3793FCA3 /* ConnectionProbe.mp4 in Resources */,
				7469312474370CFF112FA9F8 /* Notices in Resources */,
				0C00A41FA0B2F308F6A0E716 /* Localizable.strings in Resources */,
				A6970F79D2F27B44226ABFB6 /* InfoPlist.strings in Resources */,
			);
			runOnlyForDeploymentPostprocessing = 0;
		};
/* End PBXResourcesBuildPhase section */

/* Begin PBXSourcesBuildPhase section */
		04863850DE38EC62141C2D4F /* Sources */ = {
			isa = PBXSourcesBuildPhase;
			buildActionMask = 2147483647;
			files = (
				98BD2B3205F44F9B7CD94E8C /* AppServicesTests.swift in Sources */,
				93157948E3C22F41F0C3DDE5 /* PersonalMediaIntegrationTests.swift in Sources */,
				A4FFC75E2AE1BA2E6E3F8FA0 /* PlayerTests.swift in Sources */,
				F0A1F5AF3636550631763325 /* StoreKitIntegrationTests.swift in Sources */,
				1BC1067F754DAB6EDFA35313 /* TVPlaybackTests.swift in Sources */,
			);
			runOnlyForDeploymentPostprocessing = 0;
		};
		3DA6AD33BBBD5EA89760936C /* Sources */ = {
			isa = PBXSourcesBuildPhase;
			buildActionMask = 2147483647;
			files = (
				8D33F4EAA399684054A7727D /* AppLanguage.swift in Sources */,
				C6F5BF07905EAAB93A53F2B9 /* AppUpdatePolicy.swift in Sources */,
				5CBC013F2F79DC8DB5D72653 /* AudioTimeline.swift in Sources */,
				8447CB51C6AC6BFF3ABA910D /* CaptureStatus.swift in Sources */,
				DB8326EF100B88513640288A /* Diagnostics.swift in Sources */,
				58792016A32A933939C98DE0 /* HLSBuffer.swift in Sources */,
				D675F7106417E57B4F242268 /* MediaByteRange.swift in Sources */,
				FE704DDD0C8175BC0420BE4D /* MediaLibrary.swift in Sources */,
				AE7586412925804E0D65087D /* MediaPlaybackPresentation.swift in Sources */,
				ED2CA347E2F76C686611DE3E /* MirrorSessionState.swift in Sources */,
				217AC66AE9F84A258F360448 /* ProductPolicy.swift in Sources */,
				006215D69E864D667BE2659E /* StreamHTTPRouter.swift in Sources */,
				062AFB06EB81CA403E768CBD /* BrandIdentity.swift in Sources */,
				99D87A23E58FA3D42C560AC1 /* BroadcastSessionStore.swift in Sources */,
				83DE3A1CA611B3A60A9C8D4F /* Preferences.swift in Sources */,
				E29DA906E182FD220FB9719F /* ProEntitlements.swift in Sources */,
				68D82D94DEE11BE5A40F2F59 /* SessionDiagnostics.swift in Sources */,
				2915164D2882D81C1830E7A4 /* CaptionRenderer.swift in Sources */,
				F990ACA268F06EE45D25B158 /* LocalStreamServer.swift in Sources */,
				10AD737383941EFDA99E4D25 /* PCMUtilities.swift in Sources */,
				E97D8074607F594D641BB573 /* ScreenStreamEncoder.swift in Sources */,
				7942F99AD60894BE4173ED4A /* LiveCaptionTranscriber.swift in Sources */,
				2F7F047237A9D0B1BADCE6F9 /* SampleHandler.swift in Sources */,
			);
			runOnlyForDeploymentPostprocessing = 0;
		};
		7B9DB0DCFB95B4A97C150601 /* Sources */ = {
			isa = PBXSourcesBuildPhase;
			buildActionMask = 2147483647;
			files = (
				1B3E7A4CBBC1C34F62E4CA4E /* AppLanguage.swift in Sources */,
				7BD91A08C7921C9F3C1E98DF /* AppUpdatePolicy.swift in Sources */,
				690A81578A4DBF96DD8EBEAB /* AudioTimeline.swift in Sources */,
				59250381DDD15DEBE9488094 /* CaptureStatus.swift in Sources */,
				EBABA16D5CF3DE060075E9C4 /* Diagnostics.swift in Sources */,
				368488AED34FCCB443AB3466 /* HLSBuffer.swift in Sources */,
				B805546FAD82D822581265E0 /* MediaByteRange.swift in Sources */,
				795A74E432EF0013333A6A3C /* MediaLibrary.swift in Sources */,
				BA47F5EBE0FB89DC453CD0A3 /* MediaPlaybackPresentation.swift in Sources */,
				90834CE646B4F302A31679E8 /* MirrorSessionState.swift in Sources */,
				593946CCB053A5A8D5C87F94 /* ProductPolicy.swift in Sources */,
				67B74D603D7604C5B5F9313D /* StreamHTTPRouter.swift in Sources */,
				4A0889E3D783E66887003F02 /* BrandIdentity.swift in Sources */,
				C1E50487B6774D0F594D1004 /* BroadcastSessionStore.swift in Sources */,
				29E31FE1926268BC1782964C /* Preferences.swift in Sources */,
				A025A5A0DB41B45D1DEC3435 /* ProEntitlements.swift in Sources */,
				4DF190941AC4B10E8F63C262 /* SessionDiagnostics.swift in Sources */,
				9E568C12DFF88F449B3A8778 /* AppUpdateStore.swift in Sources */,
				48D12C0B87AE15A0F250CEE5 /* CaptionSettingsView.swift in Sources */,
				636029A8F492862A8E9F1F5E /* CarMirrorApp.swift in Sources */,
				13FED8D8637A47434806DE43 /* CastPlayback.swift in Sources */,
				483C3C3A7439473C281EC001 /* CompatibilityPlayback.swift in Sources */,
				DAB949AE6E23B30FD978CE99 /* ExternalDisplaySceneDelegate.swift in Sources */,
				46B2B21FF775B260CDFFD0EA /* FirebaseServices.swift in Sources */,
				05D993BEF1AB2092A9739941 /* LanguageSettingsView.swift in Sources */,
				E8B9EA8D6553ED7E7FD9B357 /* LibraryView.swift in Sources */,
				A00663FB722B7ED5225DCB63 /* MediaSharingView.swift in Sources */,
				2955DB7E8ED2AC1EC25E7169 /* MirivoEntryView.swift in Sources */,
				17E6908676C3390E7D331A97 /* MirivoRootView.swift in Sources */,
				D927D51FE5A45FB99AC4CF56 /* MirrorHomeView.swift in Sources */,
				C716F5C77A1836C1B4AAE227 /* MirrorModel.swift in Sources */,
				E69BEC7C85E695CC201243CD /* MirrorSettingsView.swift in Sources */,
				3F0336C934E7FA3902406B79 /* MirrorStyle.swift in Sources */,
				B6CFA1563EE84FBA3C5DB1D6 /* NotificationSettingsView.swift in Sources */,
				5F0CC84BB38D66BC61052EC2 /* NotificationStore.swift in Sources */,
				F9604A7873D6EAA75D75F076 /* PersonalMedia.swift in Sources */,
				84CFB12C01F50BE21DB57063 /* PersonalMediaServer.swift in Sources */,
				31CEC2509C36DAFD8E2E6858 /* PlaybackController.swift in Sources */,
				ADF3D5B7A8ECA6C203110E83 /* ProView.swift in Sources */,
				ADF6437F69538D8DC0FB6E88 /* PurchaseStore.swift in Sources */,
				34CD342378EC8881A3372D79 /* PushRegistration.swift in Sources */,
				B3D591B1A375053440D0ABE7 /* RequiredUpdateView.swift in Sources */,
				C252B3BED5FA370F18C0BDCB /* SourceLibrary.swift in Sources */,
				875D8358C94C509CBD8DD1BD /* SystemControls.swift in Sources */,
				155ACA0306E85D5ACFE7872C /* TVConnectionView.swift in Sources */,
				A6147C6CF1737DA53B841CEB /* TVDiscovery.swift in Sources */,
				9921F145CCAA93633D6B856B /* ThirdPartyNoticesView.swift in Sources */,
			);
			runOnlyForDeploymentPostprocessing = 0;
		};
		99DC2536E63ACFC79BDF9152 /* Sources */ = {
			isa = PBXSourcesBuildPhase;
			buildActionMask = 2147483647;
			files = (
				F88E616E0856458447F55F4F /* AppServicesUITests.swift in Sources */,
				72EE0791F7B84D54365869A2 /* MediaSharingUITests.swift in Sources */,
				5264B0B0D11EA9207BD73BF7 /* ProductUITests.swift in Sources */,
			);
			runOnlyForDeploymentPostprocessing = 0;
		};
/* End PBXSourcesBuildPhase section */

/* Begin PBXTargetDependency section */
		51A1DAB5E2D43CF9348EC26D /* PBXTargetDependency */ = {
			isa = PBXTargetDependency;
			name = CarMirrorBroadcast;
			target = BBC4EBCB166466A58FD5356D /* CarMirrorBroadcast */;
			targetProxy = BCFFD7B777BB5FA0A0F2510D /* PBXContainerItemProxy */;
		};
		7C4DA00CD11939D461057E03 /* PBXTargetDependency */ = {
			isa = PBXTargetDependency;
			name = CarMirror;
			target = DB0C6253335BE662A63F41B9 /* CarMirror */;
			targetProxy = 100065F26CF14C0C0662FC6B /* PBXContainerItemProxy */;
		};
		9AA2A57CB1545184940EFE57 /* PBXTargetDependency */ = {
			isa = PBXTargetDependency;
			name = CarMirror;
			target = DB0C6253335BE662A63F41B9 /* CarMirror */;
			targetProxy = EAF86D90B3DDB039C4A9556C /* PBXContainerItemProxy */;
		};
/* End PBXTargetDependency section */

/* Begin PBXVariantGroup section */
		CB32B97378C090A9206ED191 /* InfoPlist.strings */ = {
			isa = PBXVariantGroup;
			children = (
				D3466A34A145C08E3B32944C /* tr */,
				2EB2D411294AC2E0C3835903 /* en */,
				46DB0617E12769D0EBF3981D /* zh-Hans */,
				FD06D7F461A0A60EB3DF3263 /* zh-Hant */,
				9E821D3730A7DF9F03594C1F /* ja */,
				AA13A3A7D638E6DEAAD5C8DE /* ko */,
				63566D09AF4EC148327AA757 /* fr */,
				5CC3E8D49030BE33A19AC84A /* de */,
				E6836CA8BAC084EBE3E28DC1 /* es */,
				C050961C0FF04F9E5E316E19 /* it */,
				6A29DF5B07D709B9AC2E15A6 /* pt-BR */,
				99D56C3462578F99EABF004D /* ru */,
				4240F813800F81CCABC19AF2 /* nl */,
				C451229E9B2F64AE86F6C56E /* pl */,
				D7A8E4BF743E94F8CFFE0197 /* sv */,
				6CCC3469B9921444EA8559A0 /* uk */,
				38554FD01770243E4348F70A /* ar */,
				95A95DC1B1520DC4CDB4B6BA /* he */,
				772D147D3ECB02C5F393B314 /* th */,
				72358219878184F80D431B04 /* vi */,
				587452A1E82A671592DBE7EF /* id */,
				B42C3608C8D7CCD00AC12E52 /* hi */,
			);
			name = InfoPlist.strings;
			sourceTree = "<group>";
		};
		F37A3020A949100E2A75EB5B /* Localizable.strings */ = {
			isa = PBXVariantGroup;
			children = (
				D08C0924EEC7A511E76078D6 /* tr */,
				E49BA0B808FBA933A757CF23 /* en */,
				9141B016614B9CFF558CBCDE /* zh-Hans */,
				D1DD174C5A82BD486EF07254 /* zh-Hant */,
				0A63F70296DBCACA9BF83835 /* ja */,
				682CC944330DBE4CDA049F1D /* ko */,
				54A96FD3A1E9A03C46AD4A18 /* fr */,
				F308AC809D35F7146947123F /* de */,
				0AF873ACE8CE90B6EC32406C /* es */,
				A9C7EDFBDC705AA7B027031E /* it */,
				165A13ED679E66680B0F25E1 /* pt-BR */,
				610878FCBE158600214055DC /* ru */,
				85E494CD535EF0727A797A4F /* nl */,
				157DC5E7603710D4CFA9AB6D /* pl */,
				1794C1E02659B0FB5163C267 /* sv */,
				04EAB65015EBBBFBA33A1FA9 /* uk */,
				8C57C788C36B13507299CD78 /* ar */,
				8A10A505A7378F1593187885 /* he */,
				139C850DE7F484EE51D01680 /* th */,
				4289BA2ED4D7B8BC553A3144 /* vi */,
				46186E205D66B89EE0E7F97E /* id */,
				E544085388C70F21054F0366 /* hi */,
			);
			name = Localizable.strings;
			sourceTree = "<group>";
		};
/* End PBXVariantGroup section */

/* Begin XCBuildConfiguration section */
		05A5174AB8EBF1D228195AE9 /* Release */ = {
			isa = XCBuildConfiguration;
			buildSettings = {
				ALWAYS_SEARCH_USER_PATHS = NO;
				CLANG_ANALYZER_NONNULL = YES;
				CLANG_ANALYZER_NUMBER_OBJECT_CONVERSION = YES_AGGRESSIVE;
				CLANG_CXX_LANGUAGE_STANDARD = "gnu++14";
				CLANG_CXX_LIBRARY = "libc++";
				CLANG_ENABLE_MODULES = YES;
				CLANG_ENABLE_OBJC_ARC = YES;
				CLANG_ENABLE_OBJC_WEAK = YES;
				CLANG_WARN_BLOCK_CAPTURE_AUTORELEASING = YES;
				CLANG_WARN_BOOL_CONVERSION = YES;
				CLANG_WARN_COMMA = YES;
				CLANG_WARN_CONSTANT_CONVERSION = YES;
				CLANG_WARN_DEPRECATED_OBJC_IMPLEMENTATIONS = YES;
				CLANG_WARN_DIRECT_OBJC_ISA_USAGE = YES_ERROR;
				CLANG_WARN_DOCUMENTATION_COMMENTS = YES;
				CLANG_WARN_EMPTY_BODY = YES;
				CLANG_WARN_ENUM_CONVERSION = YES;
				CLANG_WARN_INFINITE_RECURSION = YES;
				CLANG_WARN_INT_CONVERSION = YES;
				CLANG_WARN_NON_LITERAL_NULL_CONVERSION = YES;
				CLANG_WARN_OBJC_IMPLICIT_RETAIN_SELF = YES;
				CLANG_WARN_OBJC_LITERAL_CONVERSION = YES;
				CLANG_WARN_OBJC_ROOT_CLASS = YES_ERROR;
				CLANG_WARN_QUOTED_INCLUDE_IN_FRAMEWORK_HEADER = YES;
				CLANG_WARN_RANGE_LOOP_ANALYSIS = YES;
				CLANG_WARN_STRICT_PROTOTYPES = YES;
				CLANG_WARN_SUSPICIOUS_MOVE = YES;
				CLANG_WARN_UNGUARDED_AVAILABILITY = YES_AGGRESSIVE;
				CLANG_WARN_UNREACHABLE_CODE = YES;
				CLANG_WARN__DUPLICATE_METHOD_MATCH = YES;
				COPY_PHASE_STRIP = NO;
				DEBUG_INFORMATION_FORMAT = "dwarf-with-dsym";
				ENABLE_NS_ASSERTIONS = NO;
				ENABLE_STRICT_OBJC_MSGSEND = YES;
				GCC_C_LANGUAGE_STANDARD = gnu11;
				GCC_NO_COMMON_BLOCKS = YES;
				GCC_WARN_64_TO_32_BIT_CONVERSION = YES;
				GCC_WARN_ABOUT_RETURN_TYPE = YES_ERROR;
				GCC_WARN_UNDECLARED_SELECTOR = YES;
				GCC_WARN_UNINITIALIZED_AUTOS = YES_AGGRESSIVE;
				GCC_WARN_UNUSED_FUNCTION = YES;
				GCC_WARN_UNUSED_VARIABLE = YES;
				MTL_ENABLE_DEBUG_INFO = NO;
				MTL_FAST_MATH = YES;
				PRODUCT_NAME = "$(TARGET_NAME)";
				SWIFT_COMPILATION_MODE = wholemodule;
				SWIFT_OPTIMIZATION_LEVEL = "-O";
				SWIFT_VERSION = 5.0;
			};
			name = Release;
		};
		0C64793946C355CB27D0C3AD /* Release */ = {
			isa = XCBuildConfiguration;
			baseConfigurationReference = BC97CF672929747757C43F62 /* Base.xcconfig */;
			buildSettings = {
				BUNDLE_LOADER = "$(TEST_HOST)";
				CLANG_ENABLE_OBJC_WEAK = NO;
				CODE_SIGN_ENTITLEMENTS = "";
				GENERATE_INFOPLIST_FILE = YES;
				IPHONEOS_DEPLOYMENT_TARGET = 18.0;
				PRODUCT_BUNDLE_IDENTIFIER = "$(MIRROR_BUNDLE_ID).MirivoTests";
				SDKROOT = iphoneos;
				SUPPORTED_PLATFORMS = "iphoneos iphonesimulator";
				SWIFT_VERSION = 5.0;
				TARGETED_DEVICE_FAMILY = 1;
				TEST_HOST = "$(BUILT_PRODUCTS_DIR)/CarMirror.app/CarMirror";
				VALIDATE_PRODUCT = YES;
			};
			name = Release;
		};
		288442F5D0C2C2CC7E8824A5 /* Release */ = {
			isa = XCBuildConfiguration;
			baseConfigurationReference = BC97CF672929747757C43F62 /* Base.xcconfig */;
			buildSettings = {
				ASSETCATALOG_COMPILER_APPICON_NAME = AppIcon;
				ASSETCATALOG_COMPILER_GLOBAL_ACCENT_COLOR_NAME = AccentColor;
				CLANG_ENABLE_OBJC_WEAK = NO;
				CODE_SIGN_ENTITLEMENTS = Config/App.entitlements;
				GENERATE_INFOPLIST_FILE = NO;
				INFOPLIST_FILE = "Config/App-Info.plist";
				IPHONEOS_DEPLOYMENT_TARGET = 18.0;
				LD_RUNPATH_SEARCH_PATHS = "$(inherited) @executable_path/Frameworks @executable_path/../../Frameworks";
				OTHER_LDFLAGS = (
					"$(inherited)",
					"-ObjC",
					"-lc++",
				);
				PRODUCT_BUNDLE_IDENTIFIER = "$(MIRROR_BUNDLE_ID)";
				SDKROOT = iphoneos;
				SUPPORTED_PLATFORMS = "iphoneos iphonesimulator";
				SUPPORTS_MACCATALYST = NO;
				SUPPORTS_MAC_DESIGNED_FOR_IPHONE_IPAD = NO;
				SWIFT_VERSION = 5.0;
				TARGETED_DEVICE_FAMILY = 1;
				VALIDATE_PRODUCT = YES;
			};
			name = Release;
		};
		29EA28FB54234FD64925F058 /* Debug */ = {
			isa = XCBuildConfiguration;
			baseConfigurationReference = BC97CF672929747757C43F62 /* Base.xcconfig */;
			buildSettings = {
				CLANG_ENABLE_OBJC_WEAK = NO;
				CODE_SIGN_ENTITLEMENTS = "";
				GENERATE_INFOPLIST_FILE = YES;
				IPHONEOS_DEPLOYMENT_TARGET = 18.0;
				PRODUCT_BUNDLE_IDENTIFIER = "$(MIRROR_BUNDLE_ID).MirivoUITests";
				SDKROOT = iphoneos;
				SUPPORTED_PLATFORMS = "iphoneos iphonesimulator";
				SWIFT_VERSION = 5.0;
				TARGETED_DEVICE_FAMILY = 1;
				TEST_TARGET_NAME = CarMirror;
			};
			name = Debug;
		};
		7BEF212CA2240C3F45F2184A /* Debug */ = {
			isa = XCBuildConfiguration;
			baseConfigurationReference = BC97CF672929747757C43F62 /* Base.xcconfig */;
			buildSettings = {
				ASSETCATALOG_COMPILER_APPICON_NAME = AppIcon;
				ASSETCATALOG_COMPILER_GLOBAL_ACCENT_COLOR_NAME = AccentColor;
				CLANG_ENABLE_OBJC_WEAK = NO;
				CODE_SIGN_ENTITLEMENTS = Config/App.entitlements;
				GCC_PREPROCESSOR_DEFINITIONS = (
					"$(inherited)",
					"DEBUG=1",
				);
				GENERATE_INFOPLIST_FILE = NO;
				INFOPLIST_FILE = "Config/App-Info.plist";
				IPHONEOS_DEPLOYMENT_TARGET = 18.0;
				LD_RUNPATH_SEARCH_PATHS = "$(inherited) @executable_path/Frameworks @executable_path/../../Frameworks";
				OTHER_LDFLAGS = (
					"$(inherited)",
					"-ObjC",
					"-lc++",
				);
				PRODUCT_BUNDLE_IDENTIFIER = "$(MIRROR_BUNDLE_ID)";
				SDKROOT = iphoneos;
				SUPPORTED_PLATFORMS = "iphoneos iphonesimulator";
				SUPPORTS_MACCATALYST = NO;
				SUPPORTS_MAC_DESIGNED_FOR_IPHONE_IPAD = NO;
				SWIFT_ACTIVE_COMPILATION_CONDITIONS = DEBUG;
				SWIFT_OPTIMIZATION_LEVEL = "-Onone";
				SWIFT_VERSION = 5.0;
				TARGETED_DEVICE_FAMILY = 1;
			};
			name = Debug;
		};
		87E8562F175E05958101E900 /* Release */ = {
			isa = XCBuildConfiguration;
			baseConfigurationReference = BC97CF672929747757C43F62 /* Base.xcconfig */;
			buildSettings = {
				CLANG_ENABLE_OBJC_WEAK = NO;
				CODE_SIGN_ENTITLEMENTS = "";
				GENERATE_INFOPLIST_FILE = YES;
				IPHONEOS_DEPLOYMENT_TARGET = 18.0;
				PRODUCT_BUNDLE_IDENTIFIER = "$(MIRROR_BUNDLE_ID).MirivoUITests";
				SDKROOT = iphoneos;
				SUPPORTED_PLATFORMS = "iphoneos iphonesimulator";
				SWIFT_VERSION = 5.0;
				TARGETED_DEVICE_FAMILY = 1;
				TEST_TARGET_NAME = CarMirror;
				VALIDATE_PRODUCT = YES;
			};
			name = Release;
		};
		98A6DAC79B13D6B53604FAB3 /* Debug */ = {
			isa = XCBuildConfiguration;
			baseConfigurationReference = BC97CF672929747757C43F62 /* Base.xcconfig */;
			buildSettings = {
				APPLICATION_EXTENSION_API_ONLY = YES;
				CLANG_ENABLE_OBJC_WEAK = NO;
				CODE_SIGN_ENTITLEMENTS = Config/Broadcast.entitlements;
				GCC_PREPROCESSOR_DEFINITIONS = (
					"$(inherited)",
					"DEBUG=1",
				);
				GENERATE_INFOPLIST_FILE = NO;
				INFOPLIST_FILE = "Config/Broadcast-Info.plist";
				IPHONEOS_DEPLOYMENT_TARGET = 18.0;
				LD_RUNPATH_SEARCH_PATHS = "$(inherited) @executable_path/Frameworks @executable_path/../../Frameworks";
				PRODUCT_BUNDLE_IDENTIFIER = "$(MIRROR_BUNDLE_ID).broadcast";
				SDKROOT = iphoneos;
				SKIP_INSTALL = YES;
				SUPPORTED_PLATFORMS = "iphoneos iphonesimulator";
				SUPPORTS_MACCATALYST = NO;
				SUPPORTS_MAC_DESIGNED_FOR_IPHONE_IPAD = NO;
				SWIFT_ACTIVE_COMPILATION_CONDITIONS = DEBUG;
				SWIFT_OPTIMIZATION_LEVEL = "-Onone";
				SWIFT_VERSION = 5.0;
				TARGETED_DEVICE_FAMILY = 1;
			};
			name = Debug;
		};
		BAD55B401FF5FDDAAC980F9A /* Debug */ = {
			isa = XCBuildConfiguration;
			baseConfigurationReference = BC97CF672929747757C43F62 /* Base.xcconfig */;
			buildSettings = {
				BUNDLE_LOADER = "$(TEST_HOST)";
				CLANG_ENABLE_OBJC_WEAK = NO;
				CODE_SIGN_ENTITLEMENTS = "";
				GENERATE_INFOPLIST_FILE = YES;
				IPHONEOS_DEPLOYMENT_TARGET = 18.0;
				PRODUCT_BUNDLE_IDENTIFIER = "$(MIRROR_BUNDLE_ID).MirivoTests";
				SDKROOT = iphoneos;
				SUPPORTED_PLATFORMS = "iphoneos iphonesimulator";
				SWIFT_VERSION = 5.0;
				TARGETED_DEVICE_FAMILY = 1;
				TEST_HOST = "$(BUILT_PRODUCTS_DIR)/CarMirror.app/CarMirror";
			};
			name = Debug;
		};
		EE498CD90859718A0C2B6827 /* Debug */ = {
			isa = XCBuildConfiguration;
			buildSettings = {
				ALWAYS_SEARCH_USER_PATHS = NO;
				CLANG_ANALYZER_NONNULL = YES;
				CLANG_ANALYZER_NUMBER_OBJECT_CONVERSION = YES_AGGRESSIVE;
				CLANG_CXX_LANGUAGE_STANDARD = "gnu++14";
				CLANG_CXX_LIBRARY = "libc++";
				CLANG_ENABLE_MODULES = YES;
				CLANG_ENABLE_OBJC_ARC = YES;
				CLANG_ENABLE_OBJC_WEAK = YES;
				CLANG_WARN_BLOCK_CAPTURE_AUTORELEASING = YES;
				CLANG_WARN_BOOL_CONVERSION = YES;
				CLANG_WARN_COMMA = YES;
				CLANG_WARN_CONSTANT_CONVERSION = YES;
				CLANG_WARN_DEPRECATED_OBJC_IMPLEMENTATIONS = YES;
				CLANG_WARN_DIRECT_OBJC_ISA_USAGE = YES_ERROR;
				CLANG_WARN_DOCUMENTATION_COMMENTS = YES;
				CLANG_WARN_EMPTY_BODY = YES;
				CLANG_WARN_ENUM_CONVERSION = YES;
				CLANG_WARN_INFINITE_RECURSION = YES;
				CLANG_WARN_INT_CONVERSION = YES;
				CLANG_WARN_NON_LITERAL_NULL_CONVERSION = YES;
				CLANG_WARN_OBJC_IMPLICIT_RETAIN_SELF = YES;
				CLANG_WARN_OBJC_LITERAL_CONVERSION = YES;
				CLANG_WARN_OBJC_ROOT_CLASS = YES_ERROR;
				CLANG_WARN_QUOTED_INCLUDE_IN_FRAMEWORK_HEADER = YES;
				CLANG_WARN_RANGE_LOOP_ANALYSIS = YES;
				CLANG_WARN_STRICT_PROTOTYPES = YES;
				CLANG_WARN_SUSPICIOUS_MOVE = YES;
				CLANG_WARN_UNGUARDED_AVAILABILITY = YES_AGGRESSIVE;
				CLANG_WARN_UNREACHABLE_CODE = YES;
				CLANG_WARN__DUPLICATE_METHOD_MATCH = YES;
				COPY_PHASE_STRIP = NO;
				DEBUG_INFORMATION_FORMAT = dwarf;
				ENABLE_STRICT_OBJC_MSGSEND = YES;
				ENABLE_TESTABILITY = YES;
				GCC_C_LANGUAGE_STANDARD = gnu11;
				GCC_DYNAMIC_NO_PIC = NO;
				GCC_NO_COMMON_BLOCKS = YES;
				GCC_OPTIMIZATION_LEVEL = 0;
				GCC_PREPROCESSOR_DEFINITIONS = (
					"DEBUG=1",
					"$(inherited)",
				);
				GCC_WARN_64_TO_32_BIT_CONVERSION = YES;
				GCC_WARN_ABOUT_RETURN_TYPE = YES_ERROR;
				GCC_WARN_UNDECLARED_SELECTOR = YES;
				GCC_WARN_UNINITIALIZED_AUTOS = YES_AGGRESSIVE;
				GCC_WARN_UNUSED_FUNCTION = YES;
				GCC_WARN_UNUSED_VARIABLE = YES;
				MTL_ENABLE_DEBUG_INFO = INCLUDE_SOURCE;
				MTL_FAST_MATH = YES;
				ONLY_ACTIVE_ARCH = YES;
				PRODUCT_NAME = "$(TARGET_NAME)";
				SWIFT_ACTIVE_COMPILATION_CONDITIONS = DEBUG;
				SWIFT_OPTIMIZATION_LEVEL = "-Onone";
				SWIFT_VERSION = 5.0;
			};
			name = Debug;
		};
		F9B924DAF339EB16CC7FC1C1 /* Release */ = {
			isa = XCBuildConfiguration;
			baseConfigurationReference = BC97CF672929747757C43F62 /* Base.xcconfig */;
			buildSettings = {
				APPLICATION_EXTENSION_API_ONLY = YES;
				CLANG_ENABLE_OBJC_WEAK = NO;
				CODE_SIGN_ENTITLEMENTS = Config/Broadcast.entitlements;
				GENERATE_INFOPLIST_FILE = NO;
				INFOPLIST_FILE = "Config/Broadcast-Info.plist";
				IPHONEOS_DEPLOYMENT_TARGET = 18.0;
				LD_RUNPATH_SEARCH_PATHS = "$(inherited) @executable_path/Frameworks @executable_path/../../Frameworks";
				PRODUCT_BUNDLE_IDENTIFIER = "$(MIRROR_BUNDLE_ID).broadcast";
				SDKROOT = iphoneos;
				SKIP_INSTALL = YES;
				SUPPORTED_PLATFORMS = "iphoneos iphonesimulator";
				SUPPORTS_MACCATALYST = NO;
				SUPPORTS_MAC_DESIGNED_FOR_IPHONE_IPAD = NO;
				SWIFT_VERSION = 5.0;
				TARGETED_DEVICE_FAMILY = 1;
				VALIDATE_PRODUCT = YES;
			};
			name = Release;
		};
/* End XCBuildConfiguration section */

/* Begin XCConfigurationList section */
		1219038488B5FBC68EE121FB /* Build configuration list for PBXNativeTarget "CarMirror" */ = {
			isa = XCConfigurationList;
			buildConfigurations = (
				288442F5D0C2C2CC7E8824A5 /* Release */,
				7BEF212CA2240C3F45F2184A /* Debug */,
			);
			defaultConfigurationIsVisible = 0;
			defaultConfigurationName = Release;
		};
		688E4459956952E9ED071B05 /* Build configuration list for PBXProject "CarMirror" */ = {
			isa = XCConfigurationList;
			buildConfigurations = (
				EE498CD90859718A0C2B6827 /* Debug */,
				05A5174AB8EBF1D228195AE9 /* Release */,
			);
			defaultConfigurationIsVisible = 0;
			defaultConfigurationName = Release;
		};
		71781719665F06F8CA40A447 /* Build configuration list for PBXNativeTarget "MirivoUITests" */ = {
			isa = XCConfigurationList;
			buildConfigurations = (
				87E8562F175E05958101E900 /* Release */,
				29EA28FB54234FD64925F058 /* Debug */,
			);
			defaultConfigurationIsVisible = 0;
			defaultConfigurationName = Release;
		};
		9C17B15C05FD3A891AA1FBEE /* Build configuration list for PBXNativeTarget "MirivoTests" */ = {
			isa = XCConfigurationList;
			buildConfigurations = (
				0C64793946C355CB27D0C3AD /* Release */,
				BAD55B401FF5FDDAAC980F9A /* Debug */,
			);
			defaultConfigurationIsVisible = 0;
			defaultConfigurationName = Release;
		};
		B06CFCDAEAF348C06409AD33 /* Build configuration list for PBXNativeTarget "CarMirrorBroadcast" */ = {
			isa = XCConfigurationList;
			buildConfigurations = (
				F9B924DAF339EB16CC7FC1C1 /* Release */,
				98A6DAC79B13D6B53604FAB3 /* Debug */,
			);
			defaultConfigurationIsVisible = 0;
			defaultConfigurationName = Release;
		};
/* End XCConfigurationList section */

/* Begin XCLocalSwiftPackageReference section */
		832AD6ABE824A0EF52F8693C /* XCLocalSwiftPackageReference "GoogleCast" */ = {
			isa = XCLocalSwiftPackageReference;
			relativePath = Dependencies/GoogleCast;
		};
/* End XCLocalSwiftPackageReference section */

/* Begin XCRemoteSwiftPackageReference section */
		17E5668F9B724D8471DF47D0 /* XCRemoteSwiftPackageReference "firebase-ios-sdk" */ = {
			isa = XCRemoteSwiftPackageReference;
			repositoryURL = "https://github.com/firebase/firebase-ios-sdk.git";
			requirement = {
				kind = exactVersion;
				version = 12.19.2;
			};
		};
		FD77F3C050CFEA6E29B41510 /* XCRemoteSwiftPackageReference "vlckit" */ = {
			isa = XCRemoteSwiftPackageReference;
			repositoryURL = "https://github.com/videolan/vlckit.git";
			requirement = {
				kind = revision;
				revision = 2e0868f5ed40fe59cd92f377645fdcc260c6e759;
			};
		};
		FDE418C92EFD5E09D8EC5E50 /* XCRemoteSwiftPackageReference "purchases-ios" */ = {
			isa = XCRemoteSwiftPackageReference;
			repositoryURL = "https://github.com/RevenueCat/purchases-ios.git";
			requirement = {
				kind = upToNextMajorVersion;
				minimumVersion = 5.43.0;
			};
		};
/* End XCRemoteSwiftPackageReference section */

/* Begin XCSwiftPackageProductDependency section */
		07E294FD337D09BB5CE7E031 /* FirebaseRemoteConfig */ = {
			isa = XCSwiftPackageProductDependency;
			package = 17E5668F9B724D8471DF47D0 /* XCRemoteSwiftPackageReference "firebase-ios-sdk" */;
			productName = FirebaseRemoteConfig;
		};
		26017F0CE09C1ECEF5E57F0F /* GoogleCast */ = {
			isa = XCSwiftPackageProductDependency;
			package = 832AD6ABE824A0EF52F8693C /* XCLocalSwiftPackageReference "GoogleCast" */;
			productName = GoogleCast;
		};
		3B4F86625654F84E84CE71FB /* FirebaseAnalyticsCore */ = {
			isa = XCSwiftPackageProductDependency;
			package = 17E5668F9B724D8471DF47D0 /* XCRemoteSwiftPackageReference "firebase-ios-sdk" */;
			productName = FirebaseAnalyticsCore;
		};
		3FBF0ADB18B2325991BE03C8 /* FirebaseAppCheck */ = {
			isa = XCSwiftPackageProductDependency;
			package = 17E5668F9B724D8471DF47D0 /* XCRemoteSwiftPackageReference "firebase-ios-sdk" */;
			productName = FirebaseAppCheck;
		};
		5CA813C5FC533AEEA53438F2 /* FirebaseAuth */ = {
			isa = XCSwiftPackageProductDependency;
			package = 17E5668F9B724D8471DF47D0 /* XCRemoteSwiftPackageReference "firebase-ios-sdk" */;
			productName = FirebaseAuth;
		};
		7DACC8FC588C75A0A432921E /* FirebaseMessaging */ = {
			isa = XCSwiftPackageProductDependency;
			package = 17E5668F9B724D8471DF47D0 /* XCRemoteSwiftPackageReference "firebase-ios-sdk" */;
			productName = FirebaseMessaging;
		};
		A053C1312CC6F998A956BDB8 /* FirebaseCore */ = {
			isa = XCSwiftPackageProductDependency;
			package = 17E5668F9B724D8471DF47D0 /* XCRemoteSwiftPackageReference "firebase-ios-sdk" */;
			productName = FirebaseCore;
		};
		A52466E0D650D4D00837E5CA /* FirebaseFunctions */ = {
			isa = XCSwiftPackageProductDependency;
			package = 17E5668F9B724D8471DF47D0 /* XCRemoteSwiftPackageReference "firebase-ios-sdk" */;
			productName = FirebaseFunctions;
		};
		A945294AF8D841F64A9C319E /* RevenueCat */ = {
			isa = XCSwiftPackageProductDependency;
			package = FDE418C92EFD5E09D8EC5E50 /* XCRemoteSwiftPackageReference "purchases-ios" */;
			productName = RevenueCat;
		};
		BADED5D07145DC3C196B0CB7 /* VLCKit */ = {
			isa = XCSwiftPackageProductDependency;
			package = FD77F3C050CFEA6E29B41510 /* XCRemoteSwiftPackageReference "vlckit" */;
			productName = VLCKit;
		};
/* End XCSwiftPackageProductDependency section */
	};
	rootObject = 6DD45F36E2726FC5B55CACCA /* Project object */;
}
