// !$*UTF8*$!
{
	archiveVersion = 1;
	classes = {
	};
	objectVersion = 46;
	objects = {

/* Begin PBXBuildFile section */
		12A0E994E6C7F565F8270816 /* ProView.swift in Sources */ = {isa = PBXBuildFile; fileRef = BAC39EF47D707029A26C73B2 /* ProView.swift */; };
		14E03C1BDA706CCA46116AC8 /* CarMirrorBroadcast.appex in Embed Broadcast Extension */ = {isa = PBXBuildFile; fileRef = A992F95857AA4D1E1583324E /* CarMirrorBroadcast.appex */; settings = {ATTRIBUTES = (RemoveHeadersOnCopy, ); }; };
		1CA0CC523A5D7C6043512EBC /* CaptionRenderer.swift in Sources */ = {isa = PBXBuildFile; fileRef = FED8E76EE61A6D8E17B5D39D /* CaptionRenderer.swift */; };
		1EE8EBBE4822FAAD30E8DBB2 /* InfoPlist.strings in Resources */ = {isa = PBXBuildFile; fileRef = CD1204C783DD0CEEB86147DC /* InfoPlist.strings */; };
		1F934BE6EC15793D84E8291F /* ExternalDisplaySceneDelegate.swift in Sources */ = {isa = PBXBuildFile; fileRef = 5E36AF278DCE6E18329BDEF9 /* ExternalDisplaySceneDelegate.swift */; };
		20D4A5E2699B6DCB8FD412F5 /* InfoPlist.strings in Resources */ = {isa = PBXBuildFile; fileRef = CD1204C783DD0CEEB86147DC /* InfoPlist.strings */; };
		23517B9BE8C0F1198CDCC09A /* Diagnostics.swift in Sources */ = {isa = PBXBuildFile; fileRef = 0D6A148412E6CA46998E52A4 /* Diagnostics.swift */; };
		275029A54F6E827B76E36E3E /* MirrorSessionState.swift in Sources */ = {isa = PBXBuildFile; fileRef = D84988579F4506E9A9157BAC /* MirrorSessionState.swift */; };
		297029226B02557C513F82F9 /* MirivoRootView.swift in Sources */ = {isa = PBXBuildFile; fileRef = A4210111E20EC00F35E5C0F1 /* MirivoRootView.swift */; };
		2A4AF712FB496F798864D747 /* PurchaseStore.swift in Sources */ = {isa = PBXBuildFile; fileRef = 0601FB9C482223C5065F2A7E /* PurchaseStore.swift */; };
		2FA9B594BDFB3578F0CDB994 /* MirrorModel.swift in Sources */ = {isa = PBXBuildFile; fileRef = 0954BF796E465BB2D1C40C3E /* MirrorModel.swift */; };
		301F0704158C821DD9646A12 /* LocalStreamServer.swift in Sources */ = {isa = PBXBuildFile; fileRef = 0EDA6E6394AD0B7A45596344 /* LocalStreamServer.swift */; };
		3032F660BD29B4755BE8308E /* PlaybackController.swift in Sources */ = {isa = PBXBuildFile; fileRef = 25C800C3324E0ED7097787AE /* PlaybackController.swift */; };
		32C41FDC3BEB3495C533C2B7 /* CaptionSettingsView.swift in Sources */ = {isa = PBXBuildFile; fileRef = E35C072C306112382226FF39 /* CaptionSettingsView.swift */; };
		34E7F6545CD77820031B1691 /* MirrorHomeView.swift in Sources */ = {isa = PBXBuildFile; fileRef = A40039DAE1CDADB8888B34BA /* MirrorHomeView.swift */; };
		3808139F9A822792B93836D4 /* MediaLibrary.swift in Sources */ = {isa = PBXBuildFile; fileRef = EE6FD136BA9C9C4AD9BC0DF3 /* MediaLibrary.swift */; };
		3C2C7227623231D78713954D /* BrandIdentity.swift in Sources */ = {isa = PBXBuildFile; fileRef = 1EBB47B839DEEA6948A5529D /* BrandIdentity.swift */; };
		3D4CA45E97D59711D46F6890 /* AudioTimeline.swift in Sources */ = {isa = PBXBuildFile; fileRef = 385755CFE22B8E4F5EF2A6FD /* AudioTimeline.swift */; };
		43EC2D14CAEB7088685A8A7B /* CaptureStatus.swift in Sources */ = {isa = PBXBuildFile; fileRef = DB28689F2BBA503B452AAF74 /* CaptureStatus.swift */; };
		4651EC440804F9877CBE1AA6 /* HLSBuffer.swift in Sources */ = {isa = PBXBuildFile; fileRef = 65E954C24A25EDBB4C571DF2 /* HLSBuffer.swift */; };
		4A415096F7585F4DB14312DB /* PCMUtilities.swift in Sources */ = {isa = PBXBuildFile; fileRef = 373D14069C6E86FC57A4FADE /* PCMUtilities.swift */; };
		56847810718B682A40F2FFFB /* ProductPolicy.swift in Sources */ = {isa = PBXBuildFile; fileRef = 88A65EB9A3A1C4E558633589 /* ProductPolicy.swift */; };
		56F2C17B49EC6E5FCFD165F1 /* HLSBuffer.swift in Sources */ = {isa = PBXBuildFile; fileRef = 65E954C24A25EDBB4C571DF2 /* HLSBuffer.swift */; };
		570D8D32DEAD607A32F587AA /* MirivoEntryView.swift in Sources */ = {isa = PBXBuildFile; fileRef = DB4A3B0997E7DF397F0056F2 /* MirivoEntryView.swift */; };
		5E94959836E1086FFEB8DE2D /* BroadcastSessionStore.swift in Sources */ = {isa = PBXBuildFile; fileRef = F5F9844C281CA1008AAF8431 /* BroadcastSessionStore.swift */; };
		5F9BA6928F3E79909DA36BF1 /* ConnectionProbe.mp4 in Resources */ = {isa = PBXBuildFile; fileRef = BCB59001CAECE403021A2C6C /* ConnectionProbe.mp4 */; };
		660B6AF26F5D5CFD58B743E6 /* PrivacyInfo.xcprivacy in Resources */ = {isa = PBXBuildFile; fileRef = 6CA09C75DE9596C9B5D1970B /* PrivacyInfo.xcprivacy */; };
		66B1B2DD6CDD0F06C021F9A1 /* ProEntitlements.swift in Sources */ = {isa = PBXBuildFile; fileRef = A70751749412DEAA9D3339DE /* ProEntitlements.swift */; };
		67B67568C182AB02F68F0655 /* MirrorStyle.swift in Sources */ = {isa = PBXBuildFile; fileRef = D971E2C71ED8DA3F12A848CA /* MirrorStyle.swift */; };
		6ADCB14947D6F459CF7CCD52 /* SessionDiagnostics.swift in Sources */ = {isa = PBXBuildFile; fileRef = EE44AB5FCC501230385D2F11 /* SessionDiagnostics.swift */; };
		729BB814490E30CB0B3F19BC /* StreamHTTPRouter.swift in Sources */ = {isa = PBXBuildFile; fileRef = 541019999358E8A28A4D11FE /* StreamHTTPRouter.swift */; };
		745E806F182424E483636D1C /* CarMirrorApp.swift in Sources */ = {isa = PBXBuildFile; fileRef = D1940D7AC7C6BF0D0D04660D /* CarMirrorApp.swift */; };
		76B784F0CF4100369512DD26 /* LibraryView.swift in Sources */ = {isa = PBXBuildFile; fileRef = EF61AB41F456F48564A92CBB /* LibraryView.swift */; };
		7F6D8B4939A20200CB60F921 /* Preferences.swift in Sources */ = {isa = PBXBuildFile; fileRef = 80504CBF548D239E843AD1D6 /* Preferences.swift */; };
		85A493DEC1CF4E36AE242BC0 /* SessionDiagnostics.swift in Sources */ = {isa = PBXBuildFile; fileRef = EE44AB5FCC501230385D2F11 /* SessionDiagnostics.swift */; };
		89188A9AD4C2003516969FF7 /* Foundation.framework in Frameworks */ = {isa = PBXBuildFile; fileRef = 8F9B6D1ED74932F140CD7985 /* Foundation.framework */; };
		89FD9CDFED79EDFC575358E9 /* Preferences.swift in Sources */ = {isa = PBXBuildFile; fileRef = 80504CBF548D239E843AD1D6 /* Preferences.swift */; };
		8A1F2900E06665500AC7C185 /* StreamHTTPRouter.swift in Sources */ = {isa = PBXBuildFile; fileRef = 541019999358E8A28A4D11FE /* StreamHTTPRouter.swift */; };
		8D8EC6A41E1050F42F3D5A95 /* ProductUITests.swift in Sources */ = {isa = PBXBuildFile; fileRef = C20FD2356BEF2B6CBB9C331D /* ProductUITests.swift */; };
		8DF974F51D0554AAE2EC97AF /* BroadcastSessionStore.swift in Sources */ = {isa = PBXBuildFile; fileRef = F5F9844C281CA1008AAF8431 /* BroadcastSessionStore.swift */; };
		90A9F68068B67264EB16A9B5 /* PrivacyInfo.xcprivacy in Resources */ = {isa = PBXBuildFile; fileRef = 6CA09C75DE9596C9B5D1970B /* PrivacyInfo.xcprivacy */; };
		97AF066BA46DB1307E1F007D /* ProEntitlements.swift in Sources */ = {isa = PBXBuildFile; fileRef = A70751749412DEAA9D3339DE /* ProEntitlements.swift */; };
		99210831CEFA1938CAB0A372 /* LegalDocumentView.swift in Sources */ = {isa = PBXBuildFile; fileRef = 7E873A376FFBE001FB40D145 /* LegalDocumentView.swift */; };
		9C41E32731640BCFC59D8662 /* Diagnostics.swift in Sources */ = {isa = PBXBuildFile; fileRef = 0D6A148412E6CA46998E52A4 /* Diagnostics.swift */; };
		A66344E4B380253CBE56EDF7 /* MediaLibrary.swift in Sources */ = {isa = PBXBuildFile; fileRef = EE6FD136BA9C9C4AD9BC0DF3 /* MediaLibrary.swift */; };
		A6F6E7AF45F6736B381B8011 /* Foundation.framework in Frameworks */ = {isa = PBXBuildFile; fileRef = 8F9B6D1ED74932F140CD7985 /* Foundation.framework */; };
		ACBED7DEDF3EDE079DB0C60D /* BrandIdentity.swift in Sources */ = {isa = PBXBuildFile; fileRef = 1EBB47B839DEEA6948A5529D /* BrandIdentity.swift */; };
		ADEB219205D69EDB85A0AC84 /* LiveCaptionTranscriber.swift in Sources */ = {isa = PBXBuildFile; fileRef = 863103129563B0479DF31C81 /* LiveCaptionTranscriber.swift */; };
		AE2A5C1EEB1757AA4395887A /* SourceLibrary.swift in Sources */ = {isa = PBXBuildFile; fileRef = 642EFB4B5E5F64F00974B10F /* SourceLibrary.swift */; };
		B1CA57B774F86DCE41B72E1C /* ScreenStreamEncoder.swift in Sources */ = {isa = PBXBuildFile; fileRef = C6A417A818950C3BE080734E /* ScreenStreamEncoder.swift */; };
		B458F6AE75549EC5C4AC9806 /* Legal in Resources */ = {isa = PBXBuildFile; fileRef = B93E4B452F42805CD78D3E15 /* Legal */; };
		B9931E66A5EB9BE8AA419816 /* MirrorSessionState.swift in Sources */ = {isa = PBXBuildFile; fileRef = D84988579F4506E9A9157BAC /* MirrorSessionState.swift */; };
		BDA92F73EFB5B41692716F03 /* MirrorSettingsView.swift in Sources */ = {isa = PBXBuildFile; fileRef = DAAA64DEE08368C7A20056AD /* MirrorSettingsView.swift */; };
		C021BBF4C455BFD190630304 /* AudioTimeline.swift in Sources */ = {isa = PBXBuildFile; fileRef = 385755CFE22B8E4F5EF2A6FD /* AudioTimeline.swift */; };
		C149FFE4E5BFFF9C2B86B66B /* SampleHandler.swift in Sources */ = {isa = PBXBuildFile; fileRef = C5884E36FE587C566B414A7E /* SampleHandler.swift */; };
		C23076CA81BA6014D4028497 /* CaptureStatus.swift in Sources */ = {isa = PBXBuildFile; fileRef = DB28689F2BBA503B452AAF74 /* CaptureStatus.swift */; };
		C29567F213D3774D7B9BD0A1 /* Assets.xcassets in Resources */ = {isa = PBXBuildFile; fileRef = 345374DCA81BC4ECAE0F2A2F /* Assets.xcassets */; };
		C2EE21568C2092BD7F355FC6 /* Mirivo.storekit in Resources */ = {isa = PBXBuildFile; fileRef = 239FCEDB140AAAD07C413209 /* Mirivo.storekit */; };
		C6D4473A157F41C45E36B700 /* Localizable.strings in Resources */ = {isa = PBXBuildFile; fileRef = 722C8227C9ED1CCA46EA0483 /* Localizable.strings */; };
		D7361E47E1EBF5CB514E0111 /* Foundation.framework in Frameworks */ = {isa = PBXBuildFile; fileRef = 8F9B6D1ED74932F140CD7985 /* Foundation.framework */; };
		D748743E41FB3183BB423DD2 /* ProductPolicy.swift in Sources */ = {isa = PBXBuildFile; fileRef = 88A65EB9A3A1C4E558633589 /* ProductPolicy.swift */; };
		E15063A4FF6EB2A9421B4B86 /* SystemControls.swift in Sources */ = {isa = PBXBuildFile; fileRef = 777C31017351D5D968A1CAD6 /* SystemControls.swift */; };
		F079C9189F8623C73192B4AA /* CarPlaySceneDelegate.swift in Sources */ = {isa = PBXBuildFile; fileRef = 04AA19AD995F698E0CB871BC /* CarPlaySceneDelegate.swift */; };
		F10A7CD296BF43F8584027BC /* StoreKitIntegrationTests.swift in Sources */ = {isa = PBXBuildFile; fileRef = 5A542B886A593D25F138A17F /* StoreKitIntegrationTests.swift */; };
		F1E5C393325D7B06B7F0D88D /* Localizable.strings in Resources */ = {isa = PBXBuildFile; fileRef = 722C8227C9ED1CCA46EA0483 /* Localizable.strings */; };
		FC9363F5FC6E649B54145EDF /* Foundation.framework in Frameworks */ = {isa = PBXBuildFile; fileRef = 8F9B6D1ED74932F140CD7985 /* Foundation.framework */; };
/* End PBXBuildFile section */

/* Begin PBXContainerItemProxy section */
		72EC6BBBA675D04983B3C86A /* PBXContainerItemProxy */ = {
			isa = PBXContainerItemProxy;
			containerPortal = 605BC93D847186C5B20D5918 /* Project object */;
			proxyType = 1;
			remoteGlobalIDString = 74C9233906D7EB0FE97C3D10;
			remoteInfo = CarMirror;
		};
		A0D05E74F73F07433670D64C /* PBXContainerItemProxy */ = {
			isa = PBXContainerItemProxy;
			containerPortal = 605BC93D847186C5B20D5918 /* Project object */;
			proxyType = 1;
			remoteGlobalIDString = AD95EECCF8C8F9B50CDB5CB8;
			remoteInfo = CarMirrorBroadcast;
		};
		B602DBB69F674752BBF674D4 /* PBXContainerItemProxy */ = {
			isa = PBXContainerItemProxy;
			containerPortal = 605BC93D847186C5B20D5918 /* Project object */;
			proxyType = 1;
			remoteGlobalIDString = 74C9233906D7EB0FE97C3D10;
			remoteInfo = CarMirror;
		};
/* End PBXContainerItemProxy section */

/* Begin PBXCopyFilesBuildPhase section */
		7A37C18529715B2F0C878442 /* Embed Broadcast Extension */ = {
			isa = PBXCopyFilesBuildPhase;
			buildActionMask = 2147483647;
			dstPath = "";
			dstSubfolderSpec = 13;
			files = (
				14E03C1BDA706CCA46116AC8 /* CarMirrorBroadcast.appex in Embed Broadcast Extension */,
			);
			name = "Embed Broadcast Extension";
			runOnlyForDeploymentPostprocessing = 0;
		};
/* End PBXCopyFilesBuildPhase section */

/* Begin PBXFileReference section */
		04AA19AD995F698E0CB871BC /* CarPlaySceneDelegate.swift */ = {isa = PBXFileReference; includeInIndex = 1; lastKnownFileType = sourcecode.swift; path = CarPlaySceneDelegate.swift; sourceTree = "<group>"; };
		0601FB9C482223C5065F2A7E /* PurchaseStore.swift */ = {isa = PBXFileReference; includeInIndex = 1; lastKnownFileType = sourcecode.swift; path = PurchaseStore.swift; sourceTree = "<group>"; };
		0954BF796E465BB2D1C40C3E /* MirrorModel.swift */ = {isa = PBXFileReference; includeInIndex = 1; lastKnownFileType = sourcecode.swift; path = MirrorModel.swift; sourceTree = "<group>"; };
		0983B30BE2DA59F246301BF5 /* en */ = {isa = PBXFileReference; includeInIndex = 1; lastKnownFileType = text.plist.strings; name = en; path = Resources/en.lproj/InfoPlist.strings; sourceTree = "<group>"; };
		0D6A148412E6CA46998E52A4 /* Diagnostics.swift */ = {isa = PBXFileReference; includeInIndex = 1; lastKnownFileType = sourcecode.swift; path = Diagnostics.swift; sourceTree = "<group>"; };
		0DCAF80EC13D53C4D0661B63 /* tr */ = {isa = PBXFileReference; includeInIndex = 1; lastKnownFileType = text.plist.strings; name = tr; path = Resources/tr.lproj/Localizable.strings; sourceTree = "<group>"; };
		0EDA6E6394AD0B7A45596344 /* LocalStreamServer.swift */ = {isa = PBXFileReference; includeInIndex = 1; lastKnownFileType = sourcecode.swift; path = LocalStreamServer.swift; sourceTree = "<group>"; };
		1EBB47B839DEEA6948A5529D /* BrandIdentity.swift */ = {isa = PBXFileReference; includeInIndex = 1; lastKnownFileType = sourcecode.swift; path = BrandIdentity.swift; sourceTree = "<group>"; };
		239FCEDB140AAAD07C413209 /* Mirivo.storekit */ = {isa = PBXFileReference; includeInIndex = 1; name = Mirivo.storekit; path = Tests/App/Mirivo.storekit; sourceTree = "<group>"; };
		25C800C3324E0ED7097787AE /* PlaybackController.swift */ = {isa = PBXFileReference; includeInIndex = 1; lastKnownFileType = sourcecode.swift; path = PlaybackController.swift; sourceTree = "<group>"; };
		345374DCA81BC4ECAE0F2A2F /* Assets.xcassets */ = {isa = PBXFileReference; includeInIndex = 1; lastKnownFileType = folder.assetcatalog; name = Assets.xcassets; path = Resources/Assets.xcassets; sourceTree = "<group>"; };
		373D14069C6E86FC57A4FADE /* PCMUtilities.swift */ = {isa = PBXFileReference; includeInIndex = 1; lastKnownFileType = sourcecode.swift; path = PCMUtilities.swift; sourceTree = "<group>"; };
		385755CFE22B8E4F5EF2A6FD /* AudioTimeline.swift */ = {isa = PBXFileReference; includeInIndex = 1; lastKnownFileType = sourcecode.swift; path = AudioTimeline.swift; sourceTree = "<group>"; };
		541019999358E8A28A4D11FE /* StreamHTTPRouter.swift */ = {isa = PBXFileReference; includeInIndex = 1; lastKnownFileType = sourcecode.swift; path = StreamHTTPRouter.swift; sourceTree = "<group>"; };
		5A542B886A593D25F138A17F /* StoreKitIntegrationTests.swift */ = {isa = PBXFileReference; includeInIndex = 1; lastKnownFileType = sourcecode.swift; name = StoreKitIntegrationTests.swift; path = Tests/App/StoreKitIntegrationTests.swift; sourceTree = "<group>"; };
		5E36AF278DCE6E18329BDEF9 /* ExternalDisplaySceneDelegate.swift */ = {isa = PBXFileReference; includeInIndex = 1; lastKnownFileType = sourcecode.swift; path = ExternalDisplaySceneDelegate.swift; sourceTree = "<group>"; };
		642EFB4B5E5F64F00974B10F /* SourceLibrary.swift */ = {isa = PBXFileReference; includeInIndex = 1; lastKnownFileType = sourcecode.swift; path = SourceLibrary.swift; sourceTree = "<group>"; };
		65E954C24A25EDBB4C571DF2 /* HLSBuffer.swift */ = {isa = PBXFileReference; includeInIndex = 1; lastKnownFileType = sourcecode.swift; path = HLSBuffer.swift; sourceTree = "<group>"; };
		6CA09C75DE9596C9B5D1970B /* PrivacyInfo.xcprivacy */ = {isa = PBXFileReference; includeInIndex = 1; name = PrivacyInfo.xcprivacy; path = Resources/PrivacyInfo.xcprivacy; sourceTree = "<group>"; };
		777C31017351D5D968A1CAD6 /* SystemControls.swift */ = {isa = PBXFileReference; includeInIndex = 1; lastKnownFileType = sourcecode.swift; path = SystemControls.swift; sourceTree = "<group>"; };
		7E873A376FFBE001FB40D145 /* LegalDocumentView.swift */ = {isa = PBXFileReference; includeInIndex = 1; lastKnownFileType = sourcecode.swift; path = LegalDocumentView.swift; sourceTree = "<group>"; };
		80504CBF548D239E843AD1D6 /* Preferences.swift */ = {isa = PBXFileReference; includeInIndex = 1; lastKnownFileType = sourcecode.swift; path = Preferences.swift; sourceTree = "<group>"; };
		841FBC55482D61992DCCFE0C /* CarMirror.app */ = {isa = PBXFileReference; explicitFileType = wrapper.application; includeInIndex = 0; path = CarMirror.app; sourceTree = BUILT_PRODUCTS_DIR; };
		863103129563B0479DF31C81 /* LiveCaptionTranscriber.swift */ = {isa = PBXFileReference; includeInIndex = 1; lastKnownFileType = sourcecode.swift; path = LiveCaptionTranscriber.swift; sourceTree = "<group>"; };
		88A65EB9A3A1C4E558633589 /* ProductPolicy.swift */ = {isa = PBXFileReference; includeInIndex = 1; lastKnownFileType = sourcecode.swift; path = ProductPolicy.swift; sourceTree = "<group>"; };
		8F9B6D1ED74932F140CD7985 /* Foundation.framework */ = {isa = PBXFileReference; lastKnownFileType = wrapper.framework; name = Foundation.framework; path = Platforms/iPhoneOS.platform/Developer/SDKs/iPhoneOS18.0.sdk/System/Library/Frameworks/Foundation.framework; sourceTree = DEVELOPER_DIR; };
		90D8BEC378D39A56C4D6C508 /* MirivoUITests.xctest */ = {isa = PBXFileReference; explicitFileType = wrapper.cfbundle; includeInIndex = 0; path = MirivoUITests.xctest; sourceTree = BUILT_PRODUCTS_DIR; };
		A40039DAE1CDADB8888B34BA /* MirrorHomeView.swift */ = {isa = PBXFileReference; includeInIndex = 1; lastKnownFileType = sourcecode.swift; path = MirrorHomeView.swift; sourceTree = "<group>"; };
		A4210111E20EC00F35E5C0F1 /* MirivoRootView.swift */ = {isa = PBXFileReference; includeInIndex = 1; lastKnownFileType = sourcecode.swift; path = MirivoRootView.swift; sourceTree = "<group>"; };
		A70751749412DEAA9D3339DE /* ProEntitlements.swift */ = {isa = PBXFileReference; includeInIndex = 1; lastKnownFileType = sourcecode.swift; path = ProEntitlements.swift; sourceTree = "<group>"; };
		A992F95857AA4D1E1583324E /* CarMirrorBroadcast.appex */ = {isa = PBXFileReference; explicitFileType = "wrapper.app-extension"; includeInIndex = 0; path = CarMirrorBroadcast.appex; sourceTree = BUILT_PRODUCTS_DIR; };
		AF76DC337B9DAD9292D645DC /* en */ = {isa = PBXFileReference; includeInIndex = 1; lastKnownFileType = text.plist.strings; name = en; path = Resources/en.lproj/Localizable.strings; sourceTree = "<group>"; };
		B1F588E1A9C77B192205A7B6 /* Base.xcconfig */ = {isa = PBXFileReference; includeInIndex = 1; lastKnownFileType = text.xcconfig; name = Base.xcconfig; path = Config/Base.xcconfig; sourceTree = "<group>"; };
		B93E4B452F42805CD78D3E15 /* Legal */ = {isa = PBXFileReference; includeInIndex = 1; lastKnownFileType = folder; name = Legal; path = Resources/Legal; sourceTree = "<group>"; };
		BAC39EF47D707029A26C73B2 /* ProView.swift */ = {isa = PBXFileReference; includeInIndex = 1; lastKnownFileType = sourcecode.swift; path = ProView.swift; sourceTree = "<group>"; };
		BCB59001CAECE403021A2C6C /* ConnectionProbe.mp4 */ = {isa = PBXFileReference; includeInIndex = 1; name = ConnectionProbe.mp4; path = Resources/ConnectionProbe.mp4; sourceTree = "<group>"; };
		C20FD2356BEF2B6CBB9C331D /* ProductUITests.swift */ = {isa = PBXFileReference; includeInIndex = 1; lastKnownFileType = sourcecode.swift; name = ProductUITests.swift; path = Tests/UI/ProductUITests.swift; sourceTree = "<group>"; };
		C3849348C2E4E83FF60311C2 /* tr */ = {isa = PBXFileReference; includeInIndex = 1; lastKnownFileType = text.plist.strings; name = tr; path = Resources/tr.lproj/InfoPlist.strings; sourceTree = "<group>"; };
		C5884E36FE587C566B414A7E /* SampleHandler.swift */ = {isa = PBXFileReference; includeInIndex = 1; lastKnownFileType = sourcecode.swift; path = SampleHandler.swift; sourceTree = "<group>"; };
		C6A417A818950C3BE080734E /* ScreenStreamEncoder.swift */ = {isa = PBXFileReference; includeInIndex = 1; lastKnownFileType = sourcecode.swift; path = ScreenStreamEncoder.swift; sourceTree = "<group>"; };
		C87EBCB24C3ABE511E984875 /* MirivoTests.xctest */ = {isa = PBXFileReference; explicitFileType = wrapper.cfbundle; includeInIndex = 0; path = MirivoTests.xctest; sourceTree = BUILT_PRODUCTS_DIR; };
		D1940D7AC7C6BF0D0D04660D /* CarMirrorApp.swift */ = {isa = PBXFileReference; includeInIndex = 1; lastKnownFileType = sourcecode.swift; path = CarMirrorApp.swift; sourceTree = "<group>"; };
		D84988579F4506E9A9157BAC /* MirrorSessionState.swift */ = {isa = PBXFileReference; includeInIndex = 1; lastKnownFileType = sourcecode.swift; path = MirrorSessionState.swift; sourceTree = "<group>"; };
		D971E2C71ED8DA3F12A848CA /* MirrorStyle.swift */ = {isa = PBXFileReference; includeInIndex = 1; lastKnownFileType = sourcecode.swift; path = MirrorStyle.swift; sourceTree = "<group>"; };
		DAAA64DEE08368C7A20056AD /* MirrorSettingsView.swift */ = {isa = PBXFileReference; includeInIndex = 1; lastKnownFileType = sourcecode.swift; path = MirrorSettingsView.swift; sourceTree = "<group>"; };
		DB28689F2BBA503B452AAF74 /* CaptureStatus.swift */ = {isa = PBXFileReference; includeInIndex = 1; lastKnownFileType = sourcecode.swift; path = CaptureStatus.swift; sourceTree = "<group>"; };
		DB4A3B0997E7DF397F0056F2 /* MirivoEntryView.swift */ = {isa = PBXFileReference; includeInIndex = 1; lastKnownFileType = sourcecode.swift; path = MirivoEntryView.swift; sourceTree = "<group>"; };
		E35C072C306112382226FF39 /* CaptionSettingsView.swift */ = {isa = PBXFileReference; includeInIndex = 1; lastKnownFileType = sourcecode.swift; path = CaptionSettingsView.swift; sourceTree = "<group>"; };
		EE44AB5FCC501230385D2F11 /* SessionDiagnostics.swift */ = {isa = PBXFileReference; includeInIndex = 1; lastKnownFileType = sourcecode.swift; path = SessionDiagnostics.swift; sourceTree = "<group>"; };
		EE6FD136BA9C9C4AD9BC0DF3 /* MediaLibrary.swift */ = {isa = PBXFileReference; includeInIndex = 1; lastKnownFileType = sourcecode.swift; path = MediaLibrary.swift; sourceTree = "<group>"; };
		EF61AB41F456F48564A92CBB /* LibraryView.swift */ = {isa = PBXFileReference; includeInIndex = 1; lastKnownFileType = sourcecode.swift; path = LibraryView.swift; sourceTree = "<group>"; };
		F5F9844C281CA1008AAF8431 /* BroadcastSessionStore.swift */ = {isa = PBXFileReference; includeInIndex = 1; lastKnownFileType = sourcecode.swift; path = BroadcastSessionStore.swift; sourceTree = "<group>"; };
		FED8E76EE61A6D8E17B5D39D /* CaptionRenderer.swift */ = {isa = PBXFileReference; includeInIndex = 1; lastKnownFileType = sourcecode.swift; path = CaptionRenderer.swift; sourceTree = "<group>"; };
/* End PBXFileReference section */

/* Begin PBXFrameworksBuildPhase section */
		0C3E17BDE19797D3C4A41503 /* Frameworks */ = {
			isa = PBXFrameworksBuildPhase;
			buildActionMask = 2147483647;
			files = (
				FC9363F5FC6E649B54145EDF /* Foundation.framework in Frameworks */,
			);
			runOnlyForDeploymentPostprocessing = 0;
		};
		24CD08723F030E435341BE25 /* Frameworks */ = {
			isa = PBXFrameworksBuildPhase;
			buildActionMask = 2147483647;
			files = (
				89188A9AD4C2003516969FF7 /* Foundation.framework in Frameworks */,
			);
			runOnlyForDeploymentPostprocessing = 0;
		};
		30EA0E754EDFA075E0759352 /* Frameworks */ = {
			isa = PBXFrameworksBuildPhase;
			buildActionMask = 2147483647;
			files = (
				D7361E47E1EBF5CB514E0111 /* Foundation.framework in Frameworks */,
			);
			runOnlyForDeploymentPostprocessing = 0;
		};
		4B6B116C8581116D7DFC48F2 /* Frameworks */ = {
			isa = PBXFrameworksBuildPhase;
			buildActionMask = 2147483647;
			files = (
				A6F6E7AF45F6736B381B8011 /* Foundation.framework in Frameworks */,
			);
			runOnlyForDeploymentPostprocessing = 0;
		};
/* End PBXFrameworksBuildPhase section */

/* Begin PBXGroup section */
		2CBB5003DC446EE16F5FE8BA /* Shared */ = {
			isa = PBXGroup;
			children = (
				1EBB47B839DEEA6948A5529D /* BrandIdentity.swift */,
				F5F9844C281CA1008AAF8431 /* BroadcastSessionStore.swift */,
				80504CBF548D239E843AD1D6 /* Preferences.swift */,
				A70751749412DEAA9D3339DE /* ProEntitlements.swift */,
				EE44AB5FCC501230385D2F11 /* SessionDiagnostics.swift */,
			);
			name = Shared;
			path = Sources/Shared;
			sourceTree = "<group>";
		};
		45A4E56CF55B4E7C4B3A5291 /* iOS */ = {
			isa = PBXGroup;
			children = (
				8F9B6D1ED74932F140CD7985 /* Foundation.framework */,
			);
			name = iOS;
			sourceTree = "<group>";
		};
		4F3D7C7C8028532360D58F5A /* App */ = {
			isa = PBXGroup;
			children = (
				E35C072C306112382226FF39 /* CaptionSettingsView.swift */,
				D1940D7AC7C6BF0D0D04660D /* CarMirrorApp.swift */,
				04AA19AD995F698E0CB871BC /* CarPlaySceneDelegate.swift */,
				5E36AF278DCE6E18329BDEF9 /* ExternalDisplaySceneDelegate.swift */,
				7E873A376FFBE001FB40D145 /* LegalDocumentView.swift */,
				EF61AB41F456F48564A92CBB /* LibraryView.swift */,
				DB4A3B0997E7DF397F0056F2 /* MirivoEntryView.swift */,
				A4210111E20EC00F35E5C0F1 /* MirivoRootView.swift */,
				A40039DAE1CDADB8888B34BA /* MirrorHomeView.swift */,
				0954BF796E465BB2D1C40C3E /* MirrorModel.swift */,
				DAAA64DEE08368C7A20056AD /* MirrorSettingsView.swift */,
				D971E2C71ED8DA3F12A848CA /* MirrorStyle.swift */,
				25C800C3324E0ED7097787AE /* PlaybackController.swift */,
				BAC39EF47D707029A26C73B2 /* ProView.swift */,
				0601FB9C482223C5065F2A7E /* PurchaseStore.swift */,
				642EFB4B5E5F64F00974B10F /* SourceLibrary.swift */,
				777C31017351D5D968A1CAD6 /* SystemControls.swift */,
			);
			name = App;
			path = Sources/App;
			sourceTree = "<group>";
		};
		643F3DAD126918CF00D9E5D0 /* Broadcast */ = {
			isa = PBXGroup;
			children = (
				863103129563B0479DF31C81 /* LiveCaptionTranscriber.swift */,
				C5884E36FE587C566B414A7E /* SampleHandler.swift */,
			);
			name = Broadcast;
			path = Sources/Broadcast;
			sourceTree = "<group>";
		};
		7BFC65E77F421D26A51232F0 /* Core */ = {
			isa = PBXGroup;
			children = (
				385755CFE22B8E4F5EF2A6FD /* AudioTimeline.swift */,
				DB28689F2BBA503B452AAF74 /* CaptureStatus.swift */,
				0D6A148412E6CA46998E52A4 /* Diagnostics.swift */,
				65E954C24A25EDBB4C571DF2 /* HLSBuffer.swift */,
				EE6FD136BA9C9C4AD9BC0DF3 /* MediaLibrary.swift */,
				D84988579F4506E9A9157BAC /* MirrorSessionState.swift */,
				88A65EB9A3A1C4E558633589 /* ProductPolicy.swift */,
				541019999358E8A28A4D11FE /* StreamHTTPRouter.swift */,
			);
			name = Core;
			path = Sources/Core;
			sourceTree = "<group>";
		};
		7EECE796373724C36086B0FB = {
			isa = PBXGroup;
			children = (
				AE9A9075D63051442AE8E77D /* Products */,
				A0964941A2C36A17AE852C08 /* Frameworks */,
				B1F588E1A9C77B192205A7B6 /* Base.xcconfig */,
				7BFC65E77F421D26A51232F0 /* Core */,
				2CBB5003DC446EE16F5FE8BA /* Shared */,
				4F3D7C7C8028532360D58F5A /* App */,
				A8C4B521490362259716D310 /* Media */,
				643F3DAD126918CF00D9E5D0 /* Broadcast */,
				6CA09C75DE9596C9B5D1970B /* PrivacyInfo.xcprivacy */,
				345374DCA81BC4ECAE0F2A2F /* Assets.xcassets */,
				BCB59001CAECE403021A2C6C /* ConnectionProbe.mp4 */,
				B93E4B452F42805CD78D3E15 /* Legal */,
				722C8227C9ED1CCA46EA0483 /* Localizable.strings */,
				CD1204C783DD0CEEB86147DC /* InfoPlist.strings */,
				5A542B886A593D25F138A17F /* StoreKitIntegrationTests.swift */,
				C20FD2356BEF2B6CBB9C331D /* ProductUITests.swift */,
				239FCEDB140AAAD07C413209 /* Mirivo.storekit */,
			);
			sourceTree = "<group>";
		};
		A0964941A2C36A17AE852C08 /* Frameworks */ = {
			isa = PBXGroup;
			children = (
				45A4E56CF55B4E7C4B3A5291 /* iOS */,
			);
			name = Frameworks;
			sourceTree = "<group>";
		};
		A8C4B521490362259716D310 /* Media */ = {
			isa = PBXGroup;
			children = (
				FED8E76EE61A6D8E17B5D39D /* CaptionRenderer.swift */,
				0EDA6E6394AD0B7A45596344 /* LocalStreamServer.swift */,
				373D14069C6E86FC57A4FADE /* PCMUtilities.swift */,
				C6A417A818950C3BE080734E /* ScreenStreamEncoder.swift */,
			);
			name = Media;
			path = Sources/Media;
			sourceTree = "<group>";
		};
		AE9A9075D63051442AE8E77D /* Products */ = {
			isa = PBXGroup;
			children = (
				841FBC55482D61992DCCFE0C /* CarMirror.app */,
				A992F95857AA4D1E1583324E /* CarMirrorBroadcast.appex */,
				C87EBCB24C3ABE511E984875 /* MirivoTests.xctest */,
				90D8BEC378D39A56C4D6C508 /* MirivoUITests.xctest */,
			);
			name = Products;
			sourceTree = "<group>";
		};
/* End PBXGroup section */

/* Begin PBXNativeTarget section */
		74C9233906D7EB0FE97C3D10 /* CarMirror */ = {
			isa = PBXNativeTarget;
			buildConfigurationList = B453C5B2B0C4AF5CC7D7D940 /* Build configuration list for PBXNativeTarget "CarMirror" */;
			buildPhases = (
				1C4F79F40E4A5B5A4B1D5652 /* Sources */,
				4B6B116C8581116D7DFC48F2 /* Frameworks */,
				5995AA32414A21D159F96CB2 /* Resources */,
				7A37C18529715B2F0C878442 /* Embed Broadcast Extension */,
			);
			buildRules = (
			);
			dependencies = (
				40F8666240ADA39F6BFE63F1 /* PBXTargetDependency */,
			);
			name = CarMirror;
			productName = CarMirror;
			productReference = 841FBC55482D61992DCCFE0C /* CarMirror.app */;
			productType = "com.apple.product-type.application";
		};
		883E9C6F8E9E211519CF6518 /* MirivoUITests */ = {
			isa = PBXNativeTarget;
			buildConfigurationList = 7459EFF90C102F1AAB49CFC0 /* Build configuration list for PBXNativeTarget "MirivoUITests" */;
			buildPhases = (
				F7BAAAC369C97D6905423282 /* Sources */,
				24CD08723F030E435341BE25 /* Frameworks */,
				62D4BC9B208EF5669281D35B /* Resources */,
			);
			buildRules = (
			);
			dependencies = (
				05522AB0DCF53C87639FCC96 /* PBXTargetDependency */,
			);
			name = MirivoUITests;
			productName = MirivoUITests;
			productReference = 90D8BEC378D39A56C4D6C508 /* MirivoUITests.xctest */;
			productType = "com.apple.product-type.bundle.ui-testing";
		};
		AD95EECCF8C8F9B50CDB5CB8 /* CarMirrorBroadcast */ = {
			isa = PBXNativeTarget;
			buildConfigurationList = A8E75599D0B9B1F73C8F1884 /* Build configuration list for PBXNativeTarget "CarMirrorBroadcast" */;
			buildPhases = (
				FF8B4E42B86179BFA68CDE87 /* Sources */,
				30EA0E754EDFA075E0759352 /* Frameworks */,
				75D0BDC3E2CC3BCA20E6D17C /* Resources */,
			);
			buildRules = (
			);
			dependencies = (
			);
			name = CarMirrorBroadcast;
			productName = CarMirrorBroadcast;
			productReference = A992F95857AA4D1E1583324E /* CarMirrorBroadcast.appex */;
			productType = "com.apple.product-type.app-extension";
		};
		FFBED8BC71E7F8A28A16847B /* MirivoTests */ = {
			isa = PBXNativeTarget;
			buildConfigurationList = FA47D8AEFCAF6A25E0FBBDA5 /* Build configuration list for PBXNativeTarget "MirivoTests" */;
			buildPhases = (
				386BBA74076407DC135B92AC /* Sources */,
				0C3E17BDE19797D3C4A41503 /* Frameworks */,
				500EF33ADC49ACDEED1E59FB /* Resources */,
			);
			buildRules = (
			);
			dependencies = (
				0BB6207A9F461BA3A05F6441 /* PBXTargetDependency */,
			);
			name = MirivoTests;
			productName = MirivoTests;
			productReference = C87EBCB24C3ABE511E984875 /* MirivoTests.xctest */;
			productType = "com.apple.product-type.bundle.unit-test";
		};
/* End PBXNativeTarget section */

/* Begin PBXProject section */
		605BC93D847186C5B20D5918 /* Project object */ = {
			isa = PBXProject;
			attributes = {
				LastSwiftUpdateCheck = 1600;
				LastUpgradeCheck = 2700;
			};
			buildConfigurationList = 0FCB408490E32BE4CE9ABFA7 /* Build configuration list for PBXProject "CarMirror" */;
			compatibilityVersion = "Xcode 3.2";
			developmentRegion = tr;
			hasScannedForEncodings = 0;
			knownRegions = (
				tr,
				en,
				Base,
			);
			mainGroup = 7EECE796373724C36086B0FB;
			minimizedProjectReferenceProxies = 0;
			preferredProjectObjectVersion = 77;
			productRefGroup = AE9A9075D63051442AE8E77D /* Products */;
			projectDirPath = "";
			projectRoot = "";
			targets = (
				74C9233906D7EB0FE97C3D10 /* CarMirror */,
				AD95EECCF8C8F9B50CDB5CB8 /* CarMirrorBroadcast */,
				FFBED8BC71E7F8A28A16847B /* MirivoTests */,
				883E9C6F8E9E211519CF6518 /* MirivoUITests */,
			);
		};
/* End PBXProject section */

/* Begin PBXResourcesBuildPhase section */
		500EF33ADC49ACDEED1E59FB /* Resources */ = {
			isa = PBXResourcesBuildPhase;
			buildActionMask = 2147483647;
			files = (
				C2EE21568C2092BD7F355FC6 /* Mirivo.storekit in Resources */,
			);
			runOnlyForDeploymentPostprocessing = 0;
		};
		5995AA32414A21D159F96CB2 /* Resources */ = {
			isa = PBXResourcesBuildPhase;
			buildActionMask = 2147483647;
			files = (
				660B6AF26F5D5CFD58B743E6 /* PrivacyInfo.xcprivacy in Resources */,
				C29567F213D3774D7B9BD0A1 /* Assets.xcassets in Resources */,
				5F9BA6928F3E79909DA36BF1 /* ConnectionProbe.mp4 in Resources */,
				B458F6AE75549EC5C4AC9806 /* Legal in Resources */,
				C6D4473A157F41C45E36B700 /* Localizable.strings in Resources */,
				20D4A5E2699B6DCB8FD412F5 /* InfoPlist.strings in Resources */,
			);
			runOnlyForDeploymentPostprocessing = 0;
		};
		62D4BC9B208EF5669281D35B /* Resources */ = {
			isa = PBXResourcesBuildPhase;
			buildActionMask = 2147483647;
			files = (
			);
			runOnlyForDeploymentPostprocessing = 0;
		};
		75D0BDC3E2CC3BCA20E6D17C /* Resources */ = {
			isa = PBXResourcesBuildPhase;
			buildActionMask = 2147483647;
			files = (
				90A9F68068B67264EB16A9B5 /* PrivacyInfo.xcprivacy in Resources */,
				F1E5C393325D7B06B7F0D88D /* Localizable.strings in Resources */,
				1EE8EBBE4822FAAD30E8DBB2 /* InfoPlist.strings in Resources */,
			);
			runOnlyForDeploymentPostprocessing = 0;
		};
/* End PBXResourcesBuildPhase section */

/* Begin PBXSourcesBuildPhase section */
		1C4F79F40E4A5B5A4B1D5652 /* Sources */ = {
			isa = PBXSourcesBuildPhase;
			buildActionMask = 2147483647;
			files = (
				3D4CA45E97D59711D46F6890 /* AudioTimeline.swift in Sources */,
				43EC2D14CAEB7088685A8A7B /* CaptureStatus.swift in Sources */,
				23517B9BE8C0F1198CDCC09A /* Diagnostics.swift in Sources */,
				4651EC440804F9877CBE1AA6 /* HLSBuffer.swift in Sources */,
				3808139F9A822792B93836D4 /* MediaLibrary.swift in Sources */,
				B9931E66A5EB9BE8AA419816 /* MirrorSessionState.swift in Sources */,
				56847810718B682A40F2FFFB /* ProductPolicy.swift in Sources */,
				8A1F2900E06665500AC7C185 /* StreamHTTPRouter.swift in Sources */,
				3C2C7227623231D78713954D /* BrandIdentity.swift in Sources */,
				5E94959836E1086FFEB8DE2D /* BroadcastSessionStore.swift in Sources */,
				89FD9CDFED79EDFC575358E9 /* Preferences.swift in Sources */,
				66B1B2DD6CDD0F06C021F9A1 /* ProEntitlements.swift in Sources */,
				85A493DEC1CF4E36AE242BC0 /* SessionDiagnostics.swift in Sources */,
				32C41FDC3BEB3495C533C2B7 /* CaptionSettingsView.swift in Sources */,
				745E806F182424E483636D1C /* CarMirrorApp.swift in Sources */,
				F079C9189F8623C73192B4AA /* CarPlaySceneDelegate.swift in Sources */,
				1F934BE6EC15793D84E8291F /* ExternalDisplaySceneDelegate.swift in Sources */,
				99210831CEFA1938CAB0A372 /* LegalDocumentView.swift in Sources */,
				76B784F0CF4100369512DD26 /* LibraryView.swift in Sources */,
				570D8D32DEAD607A32F587AA /* MirivoEntryView.swift in Sources */,
				297029226B02557C513F82F9 /* MirivoRootView.swift in Sources */,
				34E7F6545CD77820031B1691 /* MirrorHomeView.swift in Sources */,
				2FA9B594BDFB3578F0CDB994 /* MirrorModel.swift in Sources */,
				BDA92F73EFB5B41692716F03 /* MirrorSettingsView.swift in Sources */,
				67B67568C182AB02F68F0655 /* MirrorStyle.swift in Sources */,
				3032F660BD29B4755BE8308E /* PlaybackController.swift in Sources */,
				12A0E994E6C7F565F8270816 /* ProView.swift in Sources */,
				2A4AF712FB496F798864D747 /* PurchaseStore.swift in Sources */,
				AE2A5C1EEB1757AA4395887A /* SourceLibrary.swift in Sources */,
				E15063A4FF6EB2A9421B4B86 /* SystemControls.swift in Sources */,
			);
			runOnlyForDeploymentPostprocessing = 0;
		};
		386BBA74076407DC135B92AC /* Sources */ = {
			isa = PBXSourcesBuildPhase;
			buildActionMask = 2147483647;
			files = (
				F10A7CD296BF43F8584027BC /* StoreKitIntegrationTests.swift in Sources */,
			);
			runOnlyForDeploymentPostprocessing = 0;
		};
		F7BAAAC369C97D6905423282 /* Sources */ = {
			isa = PBXSourcesBuildPhase;
			buildActionMask = 2147483647;
			files = (
				8D8EC6A41E1050F42F3D5A95 /* ProductUITests.swift in Sources */,
			);
			runOnlyForDeploymentPostprocessing = 0;
		};
		FF8B4E42B86179BFA68CDE87 /* Sources */ = {
			isa = PBXSourcesBuildPhase;
			buildActionMask = 2147483647;
			files = (
				C021BBF4C455BFD190630304 /* AudioTimeline.swift in Sources */,
				C23076CA81BA6014D4028497 /* CaptureStatus.swift in Sources */,
				9C41E32731640BCFC59D8662 /* Diagnostics.swift in Sources */,
				56F2C17B49EC6E5FCFD165F1 /* HLSBuffer.swift in Sources */,
				A66344E4B380253CBE56EDF7 /* MediaLibrary.swift in Sources */,
				275029A54F6E827B76E36E3E /* MirrorSessionState.swift in Sources */,
				D748743E41FB3183BB423DD2 /* ProductPolicy.swift in Sources */,
				729BB814490E30CB0B3F19BC /* StreamHTTPRouter.swift in Sources */,
				ACBED7DEDF3EDE079DB0C60D /* BrandIdentity.swift in Sources */,
				8DF974F51D0554AAE2EC97AF /* BroadcastSessionStore.swift in Sources */,
				7F6D8B4939A20200CB60F921 /* Preferences.swift in Sources */,
				97AF066BA46DB1307E1F007D /* ProEntitlements.swift in Sources */,
				6ADCB14947D6F459CF7CCD52 /* SessionDiagnostics.swift in Sources */,
				1CA0CC523A5D7C6043512EBC /* CaptionRenderer.swift in Sources */,
				301F0704158C821DD9646A12 /* LocalStreamServer.swift in Sources */,
				4A415096F7585F4DB14312DB /* PCMUtilities.swift in Sources */,
				B1CA57B774F86DCE41B72E1C /* ScreenStreamEncoder.swift in Sources */,
				ADEB219205D69EDB85A0AC84 /* LiveCaptionTranscriber.swift in Sources */,
				C149FFE4E5BFFF9C2B86B66B /* SampleHandler.swift in Sources */,
			);
			runOnlyForDeploymentPostprocessing = 0;
		};
/* End PBXSourcesBuildPhase section */

/* Begin PBXTargetDependency section */
		05522AB0DCF53C87639FCC96 /* PBXTargetDependency */ = {
			isa = PBXTargetDependency;
			name = CarMirror;
			target = 74C9233906D7EB0FE97C3D10 /* CarMirror */;
			targetProxy = B602DBB69F674752BBF674D4 /* PBXContainerItemProxy */;
		};
		0BB6207A9F461BA3A05F6441 /* PBXTargetDependency */ = {
			isa = PBXTargetDependency;
			name = CarMirror;
			target = 74C9233906D7EB0FE97C3D10 /* CarMirror */;
			targetProxy = 72EC6BBBA675D04983B3C86A /* PBXContainerItemProxy */;
		};
		40F8666240ADA39F6BFE63F1 /* PBXTargetDependency */ = {
			isa = PBXTargetDependency;
			name = CarMirrorBroadcast;
			target = AD95EECCF8C8F9B50CDB5CB8 /* CarMirrorBroadcast */;
			targetProxy = A0D05E74F73F07433670D64C /* PBXContainerItemProxy */;
		};
/* End PBXTargetDependency section */

/* Begin PBXVariantGroup section */
		722C8227C9ED1CCA46EA0483 /* Localizable.strings */ = {
			isa = PBXVariantGroup;
			children = (
				0DCAF80EC13D53C4D0661B63 /* tr */,
				AF76DC337B9DAD9292D645DC /* en */,
			);
			name = Localizable.strings;
			sourceTree = "<group>";
		};
		CD1204C783DD0CEEB86147DC /* InfoPlist.strings */ = {
			isa = PBXVariantGroup;
			children = (
				C3849348C2E4E83FF60311C2 /* tr */,
				0983B30BE2DA59F246301BF5 /* en */,
			);
			name = InfoPlist.strings;
			sourceTree = "<group>";
		};
/* End PBXVariantGroup section */

/* Begin XCBuildConfiguration section */
		10AB8BA1B7A1251AF731EE64 /* Debug */ = {
			isa = XCBuildConfiguration;
			baseConfigurationReference = B1F588E1A9C77B192205A7B6 /* Base.xcconfig */;
			buildSettings = {
				BUNDLE_LOADER = "$(TEST_HOST)";
				CLANG_ENABLE_OBJC_WEAK = NO;
				CODE_SIGN_ENTITLEMENTS = "";
				GENERATE_INFOPLIST_FILE = YES;
				IPHONEOS_DEPLOYMENT_TARGET = 18.0;
				PRODUCT_BUNDLE_IDENTIFIER = "$(MIRROR_BUNDLE_ID).MirivoTests";
				SDKROOT = iphoneos;
				SUPPORTED_PLATFORMS = "iphoneos iphonesimulator";
				SWIFT_VERSION = 5.0;
				TARGETED_DEVICE_FAMILY = 1;
				TEST_HOST = "$(BUILT_PRODUCTS_DIR)/CarMirror.app/CarMirror";
			};
			name = Debug;
		};
		1190AB1A764697909C0F8BE2 /* Release-CarPlay */ = {
			isa = XCBuildConfiguration;
			baseConfigurationReference = B1F588E1A9C77B192205A7B6 /* Base.xcconfig */;
			buildSettings = {
				APPLICATION_EXTENSION_API_ONLY = YES;
				CLANG_ENABLE_OBJC_WEAK = NO;
				CODE_SIGN_ENTITLEMENTS = Config/App.entitlements;
				GENERATE_INFOPLIST_FILE = NO;
				INFOPLIST_FILE = "Config/Broadcast-Info.plist";
				IPHONEOS_DEPLOYMENT_TARGET = 18.0;
				LD_RUNPATH_SEARCH_PATHS = "$(inherited) @executable_path/Frameworks @executable_path/../../Frameworks";
				PRODUCT_BUNDLE_IDENTIFIER = "$(MIRROR_BUNDLE_ID).broadcast";
				SDKROOT = iphoneos;
				SKIP_INSTALL = YES;
				SUPPORTED_PLATFORMS = "iphoneos iphonesimulator";
				SUPPORTS_MACCATALYST = NO;
				SUPPORTS_MAC_DESIGNED_FOR_IPHONE_IPAD = NO;
				SWIFT_VERSION = 5.0;
				TARGETED_DEVICE_FAMILY = 1;
				VALIDATE_PRODUCT = YES;
			};
			name = "Release-CarPlay";
		};
		1242DF9DFA6FF1AB86BE6E8E /* Debug-CarPlay */ = {
			isa = XCBuildConfiguration;
			buildSettings = {
				ALWAYS_SEARCH_USER_PATHS = NO;
				CLANG_ANALYZER_NONNULL = YES;
				CLANG_ANALYZER_NUMBER_OBJECT_CONVERSION = YES_AGGRESSIVE;
				CLANG_CXX_LANGUAGE_STANDARD = "gnu++14";
				CLANG_CXX_LIBRARY = "libc++";
				CLANG_ENABLE_MODULES = YES;
				CLANG_ENABLE_OBJC_ARC = YES;
				CLANG_ENABLE_OBJC_WEAK = YES;
				CLANG_WARN_BLOCK_CAPTURE_AUTORELEASING = YES;
				CLANG_WARN_BOOL_CONVERSION = YES;
				CLANG_WARN_COMMA = YES;
				CLANG_WARN_CONSTANT_CONVERSION = YES;
				CLANG_WARN_DEPRECATED_OBJC_IMPLEMENTATIONS = YES;
				CLANG_WARN_DIRECT_OBJC_ISA_USAGE = YES_ERROR;
				CLANG_WARN_DOCUMENTATION_COMMENTS = YES;
				CLANG_WARN_EMPTY_BODY = YES;
				CLANG_WARN_ENUM_CONVERSION = YES;
				CLANG_WARN_INFINITE_RECURSION = YES;
				CLANG_WARN_INT_CONVERSION = YES;
				CLANG_WARN_NON_LITERAL_NULL_CONVERSION = YES;
				CLANG_WARN_OBJC_IMPLICIT_RETAIN_SELF = YES;
				CLANG_WARN_OBJC_LITERAL_CONVERSION = YES;
				CLANG_WARN_OBJC_ROOT_CLASS = YES_ERROR;
				CLANG_WARN_QUOTED_INCLUDE_IN_FRAMEWORK_HEADER = YES;
				CLANG_WARN_RANGE_LOOP_ANALYSIS = YES;
				CLANG_WARN_STRICT_PROTOTYPES = YES;
				CLANG_WARN_SUSPICIOUS_MOVE = YES;
				CLANG_WARN_UNGUARDED_AVAILABILITY = YES_AGGRESSIVE;
				CLANG_WARN_UNREACHABLE_CODE = YES;
				CLANG_WARN__DUPLICATE_METHOD_MATCH = YES;
				COPY_PHASE_STRIP = NO;
				DEBUG_INFORMATION_FORMAT = dwarf;
				ENABLE_STRICT_OBJC_MSGSEND = YES;
				ENABLE_TESTABILITY = YES;
				GCC_C_LANGUAGE_STANDARD = gnu11;
				GCC_DYNAMIC_NO_PIC = NO;
				GCC_NO_COMMON_BLOCKS = YES;
				GCC_OPTIMIZATION_LEVEL = 0;
				GCC_PREPROCESSOR_DEFINITIONS = (
					"DEBUG=1",
					"$(inherited)",
				);
				GCC_WARN_64_TO_32_BIT_CONVERSION = YES;
				GCC_WARN_ABOUT_RETURN_TYPE = YES_ERROR;
				GCC_WARN_UNDECLARED_SELECTOR = YES;
				GCC_WARN_UNINITIALIZED_AUTOS = YES_AGGRESSIVE;
				GCC_WARN_UNUSED_FUNCTION = YES;
				GCC_WARN_UNUSED_VARIABLE = YES;
				MTL_ENABLE_DEBUG_INFO = INCLUDE_SOURCE;
				MTL_FAST_MATH = YES;
				ONLY_ACTIVE_ARCH = YES;
				PRODUCT_NAME = "$(TARGET_NAME)";
				SWIFT_ACTIVE_COMPILATION_CONDITIONS = DEBUG;
				SWIFT_OPTIMIZATION_LEVEL = "-Onone";
				SWIFT_VERSION = 5.0;
			};
			name = "Debug-CarPlay";
		};
		226F27BEA45B80DFEA0AD547 /* Debug */ = {
			isa = XCBuildConfiguration;
			baseConfigurationReference = B1F588E1A9C77B192205A7B6 /* Base.xcconfig */;
			buildSettings = {
				APPLICATION_EXTENSION_API_ONLY = YES;
				CLANG_ENABLE_OBJC_WEAK = NO;
				CODE_SIGN_ENTITLEMENTS = Config/App.entitlements;
				GCC_PREPROCESSOR_DEFINITIONS = (
					"$(inherited)",
					"DEBUG=1",
				);
				GENERATE_INFOPLIST_FILE = NO;
				INFOPLIST_FILE = "Config/Broadcast-Info.plist";
				IPHONEOS_DEPLOYMENT_TARGET = 18.0;
				LD_RUNPATH_SEARCH_PATHS = "$(inherited) @executable_path/Frameworks @executable_path/../../Frameworks";
				PRODUCT_BUNDLE_IDENTIFIER = "$(MIRROR_BUNDLE_ID).broadcast";
				SDKROOT = iphoneos;
				SKIP_INSTALL = YES;
				SUPPORTED_PLATFORMS = "iphoneos iphonesimulator";
				SUPPORTS_MACCATALYST = NO;
				SUPPORTS_MAC_DESIGNED_FOR_IPHONE_IPAD = NO;
				SWIFT_ACTIVE_COMPILATION_CONDITIONS = DEBUG;
				SWIFT_OPTIMIZATION_LEVEL = "-Onone";
				SWIFT_VERSION = 5.0;
				TARGETED_DEVICE_FAMILY = 1;
			};
			name = Debug;
		};
		2CFB5958377626D0FF7B2893 /* Debug-CarPlay */ = {
			isa = XCBuildConfiguration;
			baseConfigurationReference = B1F588E1A9C77B192205A7B6 /* Base.xcconfig */;
			buildSettings = {
				CLANG_ENABLE_OBJC_WEAK = NO;
				CODE_SIGN_ENTITLEMENTS = "";
				GENERATE_INFOPLIST_FILE = YES;
				IPHONEOS_DEPLOYMENT_TARGET = 18.0;
				PRODUCT_BUNDLE_IDENTIFIER = "$(MIRROR_BUNDLE_ID).MirivoUITests";
				SDKROOT = iphoneos;
				SUPPORTED_PLATFORMS = "iphoneos iphonesimulator";
				SWIFT_VERSION = 5.0;
				TARGETED_DEVICE_FAMILY = 1;
				TEST_TARGET_NAME = CarMirror;
			};
			name = "Debug-CarPlay";
		};
		2E81D6AF91A8A56670F87E5B /* Release */ = {
			isa = XCBuildConfiguration;
			baseConfigurationReference = B1F588E1A9C77B192205A7B6 /* Base.xcconfig */;
			buildSettings = {
				CLANG_ENABLE_OBJC_WEAK = NO;
				CODE_SIGN_ENTITLEMENTS = "";
				GENERATE_INFOPLIST_FILE = YES;
				IPHONEOS_DEPLOYMENT_TARGET = 18.0;
				PRODUCT_BUNDLE_IDENTIFIER = "$(MIRROR_BUNDLE_ID).MirivoUITests";
				SDKROOT = iphoneos;
				SUPPORTED_PLATFORMS = "iphoneos iphonesimulator";
				SWIFT_VERSION = 5.0;
				TARGETED_DEVICE_FAMILY = 1;
				TEST_TARGET_NAME = CarMirror;
				VALIDATE_PRODUCT = YES;
			};
			name = Release;
		};
		3532D25E3B2F2EE55734B526 /* Release-CarPlay */ = {
			isa = XCBuildConfiguration;
			baseConfigurationReference = B1F588E1A9C77B192205A7B6 /* Base.xcconfig */;
			buildSettings = {
				ASSETCATALOG_COMPILER_APPICON_NAME = AppIcon;
				ASSETCATALOG_COMPILER_GLOBAL_ACCENT_COLOR_NAME = AccentColor;
				CLANG_ENABLE_OBJC_WEAK = NO;
				CODE_SIGN_ENTITLEMENTS = Config/CarPlay.entitlements;
				GENERATE_INFOPLIST_FILE = NO;
				INFOPLIST_FILE = "Config/App-Info.plist";
				IPHONEOS_DEPLOYMENT_TARGET = 18.0;
				LD_RUNPATH_SEARCH_PATHS = "$(inherited) @executable_path/Frameworks @executable_path/../../Frameworks";
				PRODUCT_BUNDLE_IDENTIFIER = "$(MIRROR_BUNDLE_ID)";
				SDKROOT = iphoneos;
				SUPPORTED_PLATFORMS = "iphoneos iphonesimulator";
				SUPPORTS_MACCATALYST = NO;
				SUPPORTS_MAC_DESIGNED_FOR_IPHONE_IPAD = NO;
				SWIFT_VERSION = 5.0;
				TARGETED_DEVICE_FAMILY = 1;
				VALIDATE_PRODUCT = YES;
			};
			name = "Release-CarPlay";
		};
		3774544EE51F6B37BF7B2B06 /* Release */ = {
			isa = XCBuildConfiguration;
			baseConfigurationReference = B1F588E1A9C77B192205A7B6 /* Base.xcconfig */;
			buildSettings = {
				ASSETCATALOG_COMPILER_APPICON_NAME = AppIcon;
				ASSETCATALOG_COMPILER_GLOBAL_ACCENT_COLOR_NAME = AccentColor;
				CLANG_ENABLE_OBJC_WEAK = NO;
				CODE_SIGN_ENTITLEMENTS = Config/CarPlay.entitlements;
				GENERATE_INFOPLIST_FILE = NO;
				INFOPLIST_FILE = "Config/App-Info.plist";
				IPHONEOS_DEPLOYMENT_TARGET = 18.0;
				LD_RUNPATH_SEARCH_PATHS = "$(inherited) @executable_path/Frameworks @executable_path/../../Frameworks";
				PRODUCT_BUNDLE_IDENTIFIER = "$(MIRROR_BUNDLE_ID)";
				SDKROOT = iphoneos;
				SUPPORTED_PLATFORMS = "iphoneos iphonesimulator";
				SUPPORTS_MACCATALYST = NO;
				SUPPORTS_MAC_DESIGNED_FOR_IPHONE_IPAD = NO;
				SWIFT_VERSION = 5.0;
				TARGETED_DEVICE_FAMILY = 1;
				VALIDATE_PRODUCT = YES;
			};
			name = Release;
		};
		3AFCE5611E6E36A78B6E3879 /* Debug */ = {
			isa = XCBuildConfiguration;
			baseConfigurationReference = B1F588E1A9C77B192205A7B6 /* Base.xcconfig */;
			buildSettings = {
				CLANG_ENABLE_OBJC_WEAK = NO;
				CODE_SIGN_ENTITLEMENTS = "";
				GENERATE_INFOPLIST_FILE = YES;
				IPHONEOS_DEPLOYMENT_TARGET = 18.0;
				PRODUCT_BUNDLE_IDENTIFIER = "$(MIRROR_BUNDLE_ID).MirivoUITests";
				SDKROOT = iphoneos;
				SUPPORTED_PLATFORMS = "iphoneos iphonesimulator";
				SWIFT_VERSION = 5.0;
				TARGETED_DEVICE_FAMILY = 1;
				TEST_TARGET_NAME = CarMirror;
			};
			name = Debug;
		};
		5A771C222A036BC3EE2A0F14 /* Debug-CarPlay */ = {
			isa = XCBuildConfiguration;
			baseConfigurationReference = B1F588E1A9C77B192205A7B6 /* Base.xcconfig */;
			buildSettings = {
				BUNDLE_LOADER = "$(TEST_HOST)";
				CLANG_ENABLE_OBJC_WEAK = NO;
				CODE_SIGN_ENTITLEMENTS = "";
				GENERATE_INFOPLIST_FILE = YES;
				IPHONEOS_DEPLOYMENT_TARGET = 18.0;
				PRODUCT_BUNDLE_IDENTIFIER = "$(MIRROR_BUNDLE_ID).MirivoTests";
				SDKROOT = iphoneos;
				SUPPORTED_PLATFORMS = "iphoneos iphonesimulator";
				SWIFT_VERSION = 5.0;
				TARGETED_DEVICE_FAMILY = 1;
				TEST_HOST = "$(BUILT_PRODUCTS_DIR)/CarMirror.app/CarMirror";
			};
			name = "Debug-CarPlay";
		};
		5BC294AAAACB8AE8FDF8A0E6 /* Release */ = {
			isa = XCBuildConfiguration;
			baseConfigurationReference = B1F588E1A9C77B192205A7B6 /* Base.xcconfig */;
			buildSettings = {
				APPLICATION_EXTENSION_API_ONLY = YES;
				CLANG_ENABLE_OBJC_WEAK = NO;
				CODE_SIGN_ENTITLEMENTS = Config/App.entitlements;
				GENERATE_INFOPLIST_FILE = NO;
				INFOPLIST_FILE = "Config/Broadcast-Info.plist";
				IPHONEOS_DEPLOYMENT_TARGET = 18.0;
				LD_RUNPATH_SEARCH_PATHS = "$(inherited) @executable_path/Frameworks @executable_path/../../Frameworks";
				PRODUCT_BUNDLE_IDENTIFIER = "$(MIRROR_BUNDLE_ID).broadcast";
				SDKROOT = iphoneos;
				SKIP_INSTALL = YES;
				SUPPORTED_PLATFORMS = "iphoneos iphonesimulator";
				SUPPORTS_MACCATALYST = NO;
				SUPPORTS_MAC_DESIGNED_FOR_IPHONE_IPAD = NO;
				SWIFT_VERSION = 5.0;
				TARGETED_DEVICE_FAMILY = 1;
				VALIDATE_PRODUCT = YES;
			};
			name = Release;
		};
		72C74EF8FAFEAD41D98A17C1 /* Debug-CarPlay */ = {
			isa = XCBuildConfiguration;
			baseConfigurationReference = B1F588E1A9C77B192205A7B6 /* Base.xcconfig */;
			buildSettings = {
				APPLICATION_EXTENSION_API_ONLY = YES;
				CLANG_ENABLE_OBJC_WEAK = NO;
				CODE_SIGN_ENTITLEMENTS = Config/App.entitlements;
				GCC_PREPROCESSOR_DEFINITIONS = (
					"$(inherited)",
					"DEBUG=1",
				);
				GENERATE_INFOPLIST_FILE = NO;
				INFOPLIST_FILE = "Config/Broadcast-Info.plist";
				IPHONEOS_DEPLOYMENT_TARGET = 18.0;
				LD_RUNPATH_SEARCH_PATHS = "$(inherited) @executable_path/Frameworks @executable_path/../../Frameworks";
				PRODUCT_BUNDLE_IDENTIFIER = "$(MIRROR_BUNDLE_ID).broadcast";
				SDKROOT = iphoneos;
				SKIP_INSTALL = YES;
				SUPPORTED_PLATFORMS = "iphoneos iphonesimulator";
				SUPPORTS_MACCATALYST = NO;
				SUPPORTS_MAC_DESIGNED_FOR_IPHONE_IPAD = NO;
				SWIFT_ACTIVE_COMPILATION_CONDITIONS = DEBUG;
				SWIFT_OPTIMIZATION_LEVEL = "-Onone";
				SWIFT_VERSION = 5.0;
				TARGETED_DEVICE_FAMILY = 1;
			};
			name = "Debug-CarPlay";
		};
		743DAD67B242D9B0D8567D24 /* Debug */ = {
			isa = XCBuildConfiguration;
			baseConfigurationReference = B1F588E1A9C77B192205A7B6 /* Base.xcconfig */;
			buildSettings = {
				ASSETCATALOG_COMPILER_APPICON_NAME = AppIcon;
				ASSETCATALOG_COMPILER_GLOBAL_ACCENT_COLOR_NAME = AccentColor;
				CLANG_ENABLE_OBJC_WEAK = NO;
				CODE_SIGN_ENTITLEMENTS = Config/CarPlay.entitlements;
				GCC_PREPROCESSOR_DEFINITIONS = (
					"$(inherited)",
					"DEBUG=1",
				);
				GENERATE_INFOPLIST_FILE = NO;
				INFOPLIST_FILE = "Config/App-Info.plist";
				IPHONEOS_DEPLOYMENT_TARGET = 18.0;
				LD_RUNPATH_SEARCH_PATHS = "$(inherited) @executable_path/Frameworks @executable_path/../../Frameworks";
				PRODUCT_BUNDLE_IDENTIFIER = "$(MIRROR_BUNDLE_ID)";
				SDKROOT = iphoneos;
				SUPPORTED_PLATFORMS = "iphoneos iphonesimulator";
				SUPPORTS_MACCATALYST = NO;
				SUPPORTS_MAC_DESIGNED_FOR_IPHONE_IPAD = NO;
				SWIFT_ACTIVE_COMPILATION_CONDITIONS = DEBUG;
				SWIFT_OPTIMIZATION_LEVEL = "-Onone";
				SWIFT_VERSION = 5.0;
				TARGETED_DEVICE_FAMILY = 1;
			};
			name = Debug;
		};
		7F65F2B9644CC04462D7376D /* Release */ = {
			isa = XCBuildConfiguration;
			buildSettings = {
				ALWAYS_SEARCH_USER_PATHS = NO;
				CLANG_ANALYZER_NONNULL = YES;
				CLANG_ANALYZER_NUMBER_OBJECT_CONVERSION = YES_AGGRESSIVE;
				CLANG_CXX_LANGUAGE_STANDARD = "gnu++14";
				CLANG_CXX_LIBRARY = "libc++";
				CLANG_ENABLE_MODULES = YES;
				CLANG_ENABLE_OBJC_ARC = YES;
				CLANG_ENABLE_OBJC_WEAK = YES;
				CLANG_WARN_BLOCK_CAPTURE_AUTORELEASING = YES;
				CLANG_WARN_BOOL_CONVERSION = YES;
				CLANG_WARN_COMMA = YES;
				CLANG_WARN_CONSTANT_CONVERSION = YES;
				CLANG_WARN_DEPRECATED_OBJC_IMPLEMENTATIONS = YES;
				CLANG_WARN_DIRECT_OBJC_ISA_USAGE = YES_ERROR;
				CLANG_WARN_DOCUMENTATION_COMMENTS = YES;
				CLANG_WARN_EMPTY_BODY = YES;
				CLANG_WARN_ENUM_CONVERSION = YES;
				CLANG_WARN_INFINITE_RECURSION = YES;
				CLANG_WARN_INT_CONVERSION = YES;
				CLANG_WARN_NON_LITERAL_NULL_CONVERSION = YES;
				CLANG_WARN_OBJC_IMPLICIT_RETAIN_SELF = YES;
				CLANG_WARN_OBJC_LITERAL_CONVERSION = YES;
				CLANG_WARN_OBJC_ROOT_CLASS = YES_ERROR;
				CLANG_WARN_QUOTED_INCLUDE_IN_FRAMEWORK_HEADER = YES;
				CLANG_WARN_RANGE_LOOP_ANALYSIS = YES;
				CLANG_WARN_STRICT_PROTOTYPES = YES;
				CLANG_WARN_SUSPICIOUS_MOVE = YES;
				CLANG_WARN_UNGUARDED_AVAILABILITY = YES_AGGRESSIVE;
				CLANG_WARN_UNREACHABLE_CODE = YES;
				CLANG_WARN__DUPLICATE_METHOD_MATCH = YES;
				COPY_PHASE_STRIP = NO;
				DEBUG_INFORMATION_FORMAT = "dwarf-with-dsym";
				ENABLE_NS_ASSERTIONS = NO;
				ENABLE_STRICT_OBJC_MSGSEND = YES;
				GCC_C_LANGUAGE_STANDARD = gnu11;
				GCC_NO_COMMON_BLOCKS = YES;
				GCC_WARN_64_TO_32_BIT_CONVERSION = YES;
				GCC_WARN_ABOUT_RETURN_TYPE = YES_ERROR;
				GCC_WARN_UNDECLARED_SELECTOR = YES;
				GCC_WARN_UNINITIALIZED_AUTOS = YES_AGGRESSIVE;
				GCC_WARN_UNUSED_FUNCTION = YES;
				GCC_WARN_UNUSED_VARIABLE = YES;
				MTL_ENABLE_DEBUG_INFO = NO;
				MTL_FAST_MATH = YES;
				PRODUCT_NAME = "$(TARGET_NAME)";
				SWIFT_COMPILATION_MODE = wholemodule;
				SWIFT_OPTIMIZATION_LEVEL = "-O";
				SWIFT_VERSION = 5.0;
			};
			name = Release;
		};
		91863E56CD1F84F3BB6F1FC6 /* Debug */ = {
			isa = XCBuildConfiguration;
			buildSettings = {
				ALWAYS_SEARCH_USER_PATHS = NO;
				CLANG_ANALYZER_NONNULL = YES;
				CLANG_ANALYZER_NUMBER_OBJECT_CONVERSION = YES_AGGRESSIVE;
				CLANG_CXX_LANGUAGE_STANDARD = "gnu++14";
				CLANG_CXX_LIBRARY = "libc++";
				CLANG_ENABLE_MODULES = YES;
				CLANG_ENABLE_OBJC_ARC = YES;
				CLANG_ENABLE_OBJC_WEAK = YES;
				CLANG_WARN_BLOCK_CAPTURE_AUTORELEASING = YES;
				CLANG_WARN_BOOL_CONVERSION = YES;
				CLANG_WARN_COMMA = YES;
				CLANG_WARN_CONSTANT_CONVERSION = YES;
				CLANG_WARN_DEPRECATED_OBJC_IMPLEMENTATIONS = YES;
				CLANG_WARN_DIRECT_OBJC_ISA_USAGE = YES_ERROR;
				CLANG_WARN_DOCUMENTATION_COMMENTS = YES;
				CLANG_WARN_EMPTY_BODY = YES;
				CLANG_WARN_ENUM_CONVERSION = YES;
				CLANG_WARN_INFINITE_RECURSION = YES;
				CLANG_WARN_INT_CONVERSION = YES;
				CLANG_WARN_NON_LITERAL_NULL_CONVERSION = YES;
				CLANG_WARN_OBJC_IMPLICIT_RETAIN_SELF = YES;
				CLANG_WARN_OBJC_LITERAL_CONVERSION = YES;
				CLANG_WARN_OBJC_ROOT_CLASS = YES_ERROR;
				CLANG_WARN_QUOTED_INCLUDE_IN_FRAMEWORK_HEADER = YES;
				CLANG_WARN_RANGE_LOOP_ANALYSIS = YES;
				CLANG_WARN_STRICT_PROTOTYPES = YES;
				CLANG_WARN_SUSPICIOUS_MOVE = YES;
				CLANG_WARN_UNGUARDED_AVAILABILITY = YES_AGGRESSIVE;
				CLANG_WARN_UNREACHABLE_CODE = YES;
				CLANG_WARN__DUPLICATE_METHOD_MATCH = YES;
				COPY_PHASE_STRIP = NO;
				DEBUG_INFORMATION_FORMAT = dwarf;
				ENABLE_STRICT_OBJC_MSGSEND = YES;
				ENABLE_TESTABILITY = YES;
				GCC_C_LANGUAGE_STANDARD = gnu11;
				GCC_DYNAMIC_NO_PIC = NO;
				GCC_NO_COMMON_BLOCKS = YES;
				GCC_OPTIMIZATION_LEVEL = 0;
				GCC_PREPROCESSOR_DEFINITIONS = (
					"DEBUG=1",
					"$(inherited)",
				);
				GCC_WARN_64_TO_32_BIT_CONVERSION = YES;
				GCC_WARN_ABOUT_RETURN_TYPE = YES_ERROR;
				GCC_WARN_UNDECLARED_SELECTOR = YES;
				GCC_WARN_UNINITIALIZED_AUTOS = YES_AGGRESSIVE;
				GCC_WARN_UNUSED_FUNCTION = YES;
				GCC_WARN_UNUSED_VARIABLE = YES;
				MTL_ENABLE_DEBUG_INFO = INCLUDE_SOURCE;
				MTL_FAST_MATH = YES;
				ONLY_ACTIVE_ARCH = YES;
				PRODUCT_NAME = "$(TARGET_NAME)";
				SWIFT_ACTIVE_COMPILATION_CONDITIONS = DEBUG;
				SWIFT_OPTIMIZATION_LEVEL = "-Onone";
				SWIFT_VERSION = 5.0;
			};
			name = Debug;
		};
		B3AD50DF9EAF0123B2D5EE07 /* Release */ = {
			isa = XCBuildConfiguration;
			baseConfigurationReference = B1F588E1A9C77B192205A7B6 /* Base.xcconfig */;
			buildSettings = {
				BUNDLE_LOADER = "$(TEST_HOST)";
				CLANG_ENABLE_OBJC_WEAK = NO;
				CODE_SIGN_ENTITLEMENTS = "";
				GENERATE_INFOPLIST_FILE = YES;
				IPHONEOS_DEPLOYMENT_TARGET = 18.0;
				PRODUCT_BUNDLE_IDENTIFIER = "$(MIRROR_BUNDLE_ID).MirivoTests";
				SDKROOT = iphoneos;
				SUPPORTED_PLATFORMS = "iphoneos iphonesimulator";
				SWIFT_VERSION = 5.0;
				TARGETED_DEVICE_FAMILY = 1;
				TEST_HOST = "$(BUILT_PRODUCTS_DIR)/CarMirror.app/CarMirror";
				VALIDATE_PRODUCT = YES;
			};
			name = Release;
		};
		DB217BCD0AD7C87B3BBAC574 /* Release-CarPlay */ = {
			isa = XCBuildConfiguration;
			baseConfigurationReference = B1F588E1A9C77B192205A7B6 /* Base.xcconfig */;
			buildSettings = {
				CLANG_ENABLE_OBJC_WEAK = NO;
				CODE_SIGN_ENTITLEMENTS = "";
				GENERATE_INFOPLIST_FILE = YES;
				IPHONEOS_DEPLOYMENT_TARGET = 18.0;
				PRODUCT_BUNDLE_IDENTIFIER = "$(MIRROR_BUNDLE_ID).MirivoUITests";
				SDKROOT = iphoneos;
				SUPPORTED_PLATFORMS = "iphoneos iphonesimulator";
				SWIFT_VERSION = 5.0;
				TARGETED_DEVICE_FAMILY = 1;
				TEST_TARGET_NAME = CarMirror;
				VALIDATE_PRODUCT = YES;
			};
			name = "Release-CarPlay";
		};
		EB92865A48A5965EDFE9CC13 /* Release-CarPlay */ = {
			isa = XCBuildConfiguration;
			buildSettings = {
				ALWAYS_SEARCH_USER_PATHS = NO;
				CLANG_ANALYZER_NONNULL = YES;
				CLANG_ANALYZER_NUMBER_OBJECT_CONVERSION = YES_AGGRESSIVE;
				CLANG_CXX_LANGUAGE_STANDARD = "gnu++14";
				CLANG_CXX_LIBRARY = "libc++";
				CLANG_ENABLE_MODULES = YES;
				CLANG_ENABLE_OBJC_ARC = YES;
				CLANG_ENABLE_OBJC_WEAK = YES;
				CLANG_WARN_BLOCK_CAPTURE_AUTORELEASING = YES;
				CLANG_WARN_BOOL_CONVERSION = YES;
				CLANG_WARN_COMMA = YES;
				CLANG_WARN_CONSTANT_CONVERSION = YES;
				CLANG_WARN_DEPRECATED_OBJC_IMPLEMENTATIONS = YES;
				CLANG_WARN_DIRECT_OBJC_ISA_USAGE = YES_ERROR;
				CLANG_WARN_DOCUMENTATION_COMMENTS = YES;
				CLANG_WARN_EMPTY_BODY = YES;
				CLANG_WARN_ENUM_CONVERSION = YES;
				CLANG_WARN_INFINITE_RECURSION = YES;
				CLANG_WARN_INT_CONVERSION = YES;
				CLANG_WARN_NON_LITERAL_NULL_CONVERSION = YES;
				CLANG_WARN_OBJC_IMPLICIT_RETAIN_SELF = YES;
				CLANG_WARN_OBJC_LITERAL_CONVERSION = YES;
				CLANG_WARN_OBJC_ROOT_CLASS = YES_ERROR;
				CLANG_WARN_QUOTED_INCLUDE_IN_FRAMEWORK_HEADER = YES;
				CLANG_WARN_RANGE_LOOP_ANALYSIS = YES;
				CLANG_WARN_STRICT_PROTOTYPES = YES;
				CLANG_WARN_SUSPICIOUS_MOVE = YES;
				CLANG_WARN_UNGUARDED_AVAILABILITY = YES_AGGRESSIVE;
				CLANG_WARN_UNREACHABLE_CODE = YES;
				CLANG_WARN__DUPLICATE_METHOD_MATCH = YES;
				COPY_PHASE_STRIP = NO;
				DEBUG_INFORMATION_FORMAT = "dwarf-with-dsym";
				ENABLE_NS_ASSERTIONS = NO;
				ENABLE_STRICT_OBJC_MSGSEND = YES;
				GCC_C_LANGUAGE_STANDARD = gnu11;
				GCC_NO_COMMON_BLOCKS = YES;
				GCC_WARN_64_TO_32_BIT_CONVERSION = YES;
				GCC_WARN_ABOUT_RETURN_TYPE = YES_ERROR;
				GCC_WARN_UNDECLARED_SELECTOR = YES;
				GCC_WARN_UNINITIALIZED_AUTOS = YES_AGGRESSIVE;
				GCC_WARN_UNUSED_FUNCTION = YES;
				GCC_WARN_UNUSED_VARIABLE = YES;
				MTL_ENABLE_DEBUG_INFO = NO;
				MTL_FAST_MATH = YES;
				PRODUCT_NAME = "$(TARGET_NAME)";
				SWIFT_COMPILATION_MODE = wholemodule;
				SWIFT_OPTIMIZATION_LEVEL = "-O";
				SWIFT_VERSION = 5.0;
			};
			name = "Release-CarPlay";
		};
		F3F9FCFFBBE0073D227F5F74 /* Debug-CarPlay */ = {
			isa = XCBuildConfiguration;
			baseConfigurationReference = B1F588E1A9C77B192205A7B6 /* Base.xcconfig */;
			buildSettings = {
				ASSETCATALOG_COMPILER_APPICON_NAME = AppIcon;
				ASSETCATALOG_COMPILER_GLOBAL_ACCENT_COLOR_NAME = AccentColor;
				CLANG_ENABLE_OBJC_WEAK = NO;
				CODE_SIGN_ENTITLEMENTS = Config/CarPlay.entitlements;
				GCC_PREPROCESSOR_DEFINITIONS = (
					"$(inherited)",
					"DEBUG=1",
				);
				GENERATE_INFOPLIST_FILE = NO;
				INFOPLIST_FILE = "Config/App-Info.plist";
				IPHONEOS_DEPLOYMENT_TARGET = 18.0;
				LD_RUNPATH_SEARCH_PATHS = "$(inherited) @executable_path/Frameworks @executable_path/../../Frameworks";
				PRODUCT_BUNDLE_IDENTIFIER = "$(MIRROR_BUNDLE_ID)";
				SDKROOT = iphoneos;
				SUPPORTED_PLATFORMS = "iphoneos iphonesimulator";
				SUPPORTS_MACCATALYST = NO;
				SUPPORTS_MAC_DESIGNED_FOR_IPHONE_IPAD = NO;
				SWIFT_ACTIVE_COMPILATION_CONDITIONS = DEBUG;
				SWIFT_OPTIMIZATION_LEVEL = "-Onone";
				SWIFT_VERSION = 5.0;
				TARGETED_DEVICE_FAMILY = 1;
			};
			name = "Debug-CarPlay";
		};
		F8977C2D67C37ADE6C652FF9 /* Release-CarPlay */ = {
			isa = XCBuildConfiguration;
			baseConfigurationReference = B1F588E1A9C77B192205A7B6 /* Base.xcconfig */;
			buildSettings = {
				BUNDLE_LOADER = "$(TEST_HOST)";
				CLANG_ENABLE_OBJC_WEAK = NO;
				CODE_SIGN_ENTITLEMENTS = "";
				GENERATE_INFOPLIST_FILE = YES;
				IPHONEOS_DEPLOYMENT_TARGET = 18.0;
				PRODUCT_BUNDLE_IDENTIFIER = "$(MIRROR_BUNDLE_ID).MirivoTests";
				SDKROOT = iphoneos;
				SUPPORTED_PLATFORMS = "iphoneos iphonesimulator";
				SWIFT_VERSION = 5.0;
				TARGETED_DEVICE_FAMILY = 1;
				TEST_HOST = "$(BUILT_PRODUCTS_DIR)/CarMirror.app/CarMirror";
				VALIDATE_PRODUCT = YES;
			};
			name = "Release-CarPlay";
		};
/* End XCBuildConfiguration section */

/* Begin XCConfigurationList section */
		0FCB408490E32BE4CE9ABFA7 /* Build configuration list for PBXProject "CarMirror" */ = {
			isa = XCConfigurationList;
			buildConfigurations = (
				91863E56CD1F84F3BB6F1FC6 /* Debug */,
				7F65F2B9644CC04462D7376D /* Release */,
				1242DF9DFA6FF1AB86BE6E8E /* Debug-CarPlay */,
				EB92865A48A5965EDFE9CC13 /* Release-CarPlay */,
			);
			defaultConfigurationIsVisible = 0;
			defaultConfigurationName = Release;
		};
		7459EFF90C102F1AAB49CFC0 /* Build configuration list for PBXNativeTarget "MirivoUITests" */ = {
			isa = XCConfigurationList;
			buildConfigurations = (
				2E81D6AF91A8A56670F87E5B /* Release */,
				3AFCE5611E6E36A78B6E3879 /* Debug */,
				2CFB5958377626D0FF7B2893 /* Debug-CarPlay */,
				DB217BCD0AD7C87B3BBAC574 /* Release-CarPlay */,
			);
			defaultConfigurationIsVisible = 0;
			defaultConfigurationName = Release;
		};
		A8E75599D0B9B1F73C8F1884 /* Build configuration list for PBXNativeTarget "CarMirrorBroadcast" */ = {
			isa = XCConfigurationList;
			buildConfigurations = (
				5BC294AAAACB8AE8FDF8A0E6 /* Release */,
				226F27BEA45B80DFEA0AD547 /* Debug */,
				72C74EF8FAFEAD41D98A17C1 /* Debug-CarPlay */,
				1190AB1A764697909C0F8BE2 /* Release-CarPlay */,
			);
			defaultConfigurationIsVisible = 0;
			defaultConfigurationName = Release;
		};
		B453C5B2B0C4AF5CC7D7D940 /* Build configuration list for PBXNativeTarget "CarMirror" */ = {
			isa = XCConfigurationList;
			buildConfigurations = (
				3774544EE51F6B37BF7B2B06 /* Release */,
				743DAD67B242D9B0D8567D24 /* Debug */,
				F3F9FCFFBBE0073D227F5F74 /* Debug-CarPlay */,
				3532D25E3B2F2EE55734B526 /* Release-CarPlay */,
			);
			defaultConfigurationIsVisible = 0;
			defaultConfigurationName = Release;
		};
		FA47D8AEFCAF6A25E0FBBDA5 /* Build configuration list for PBXNativeTarget "MirivoTests" */ = {
			isa = XCConfigurationList;
			buildConfigurations = (
				B3AD50DF9EAF0123B2D5EE07 /* Release */,
				10AB8BA1B7A1251AF731EE64 /* Debug */,
				5A771C222A036BC3EE2A0F14 /* Debug-CarPlay */,
				F8977C2D67C37ADE6C652FF9 /* Release-CarPlay */,
			);
			defaultConfigurationIsVisible = 0;
			defaultConfigurationName = Release;
		};
/* End XCConfigurationList section */
	};
	rootObject = 605BC93D847186C5B20D5918 /* Project object */;
}
